
Microsoft Visual Studio Solution File, Format Version 12.00
# Visual Studio 14
VisualStudioVersion = 14.0.25123.0
MinimumVisualStudioVersion = 10.0.40219.1
Project("{2150E333-8FDC-42A3-9474-1A3956D46DE8}") = "BugHound", "BugHound", "{FE7DB7B3-B057-4FBB-915E-81BCBDD6D9F8}"
EndProject
Project("{FAE04EC0-301F-11D3-BF4B-00C04F79EFBC}") = "Plugin.XamJam.BugHound", "XamJam.BugHound\Plugin.XamJam.BugHound\Plugin.XamJam.BugHound.csproj", "{54997076-792F-4AAF-82C0-EDE69ADF38DD}"
EndProject
Project("{FAE04EC0-301F-11D3-BF4B-00C04F79EFBC}") = "Plugin.XamJam.BugHound.Abstractions", "XamJam.BugHound\Plugin.XamJam.BugHound.Abstractions\Plugin.XamJam.BugHound.Abstractions.csproj", "{4350F383-2688-4C21-9765-B12E7F95FCD1}"
EndProject
Project("{FAE04EC0-301F-11D3-BF4B-00C04F79EFBC}") = "Plugin.XamJam.BugHound.iOS", "XamJam.BugHound\Plugin.XamJam.BugHound.iOS\Plugin.XamJam.BugHound.iOS.csproj", "{9F927C5D-B675-4053-9953-FB87F95AEB11}"
EndProject
Project("{FAE04EC0-301F-11D3-BF4B-00C04F79EFBC}") = "Plugin.XamJam.BugHound.Android", "XamJam.BugHound\Plugin.XamJam.BugHound.Android\Plugin.XamJam.BugHound.Android.csproj", "{1F8440B4-E939-495E-B380-06580231D7AB}"
EndProject
Project("{FAE04EC0-301F-11D3-BF4B-00C04F79EFBC}") = "Plugin.XamJam.BugHound.WindowsPhone8", "XamJam.BugHound\Plugin.XamJam.BugHound.WindowsPhone8\Plugin.XamJam.BugHound.WindowsPhone8.csproj", "{7F0EC63D-7BAD-4BC5-8052-EC838760C398}"
EndProject
Project("{FAE04EC0-301F-11D3-BF4B-00C04F79EFBC}") = "Plugin.XamJam.BugHound.WindowsPhone81", "XamJam.BugHound\Plugin.XamJam.BugHound.WindowsPhone81\Plugin.XamJam.BugHound.WindowsPhone81.csproj", "{795CBAF9-5D92-4DE3-A334-265CCB21FF71}"
EndProject
Project("{FAE04EC0-301F-11D3-BF4B-00C04F79EFBC}") = "Plugin.XamJam.BugHound.WindowsStore", "XamJam.BugHound\Plugin.XamJam.BugHound.WindowsStore\Plugin.XamJam.BugHound.WindowsStore.csproj", "{B027C56F-8AAA-4647-8FA4-D20358C98333}"
EndProject
Project("{FAE04EC0-301F-11D3-BF4B-00C04F79EFBC}") = "Plugin.XamJam.BugHound.UWP", "XamJam.BugHound\Plugin.XamJam.BugHound.UWP\Plugin.XamJam.BugHound.UWP.csproj", "{A1006F2F-E26B-4296-8717-914364A91789}"
EndProject
Project("{2150E333-8FDC-42A3-9474-1A3956D46DE8}") = "Screen", "Screen", "{48D037E5-6E6E-4C3C-8D70-27000DBD146C}"
EndProject
Project("{FAE04EC0-301F-11D3-BF4B-00C04F79EFBC}") = "Plugin.XamJam.Screen", "XamJam.Screen\Plugin.XamJam.Screen\Plugin.XamJam.Screen.csproj", "{A6FCEF44-D2BA-42C7-B3CB-13667BCD7B54}"
EndProject
Project("{FAE04EC0-301F-11D3-BF4B-00C04F79EFBC}") = "Plugin.XamJam.Screen.Abstractions", "XamJam.Screen\Plugin.XamJam.Screen.Abstractions\Plugin.XamJam.Screen.Abstractions.csproj", "{6EDB0588-FFC5-4EF5-8A99-9E241D0F878D}"
EndProject
Project("{FAE04EC0-301F-11D3-BF4B-00C04F79EFBC}") = "Plugin.XamJam.Screen.iOS", "XamJam.Screen\Plugin.XamJam.Screen.iOS\Plugin.XamJam.Screen.iOS.csproj", "{2882AEEB-D4CD-4EB9-8A6C-6653B33681F0}"
EndProject
Project("{FAE04EC0-301F-11D3-BF4B-00C04F79EFBC}") = "Plugin.XamJam.Screen.Android", "XamJam.Screen\Plugin.XamJam.Screen.Android\Plugin.XamJam.Screen.Android.csproj", "{56A56F17-7DE1-4CA1-9617-BF32E971AC84}"
EndProject
Project("{FAE04EC0-301F-11D3-BF4B-00C04F79EFBC}") = "Plugin.XamJam.Screen.WindowsPhone8", "XamJam.Screen\Plugin.XamJam.Screen.WindowsPhone8\Plugin.XamJam.Screen.WindowsPhone8.csproj", "{5876144B-47DD-4C4E-B421-BC03F191B996}"
EndProject
Project("{FAE04EC0-301F-11D3-BF4B-00C04F79EFBC}") = "Plugin.XamJam.Screen.WindowsPhone81", "XamJam.Screen\Plugin.XamJam.Screen.WindowsPhone81\Plugin.XamJam.Screen.WindowsPhone81.csproj", "{7169373F-0B82-4E5D-9129-7CC3065B90FA}"
EndProject
Project("{FAE04EC0-301F-11D3-BF4B-00C04F79EFBC}") = "Plugin.XamJam.Screen.WindowsStore", "XamJam.Screen\Plugin.XamJam.Screen.WindowsStore\Plugin.XamJam.Screen.WindowsStore.csproj", "{ED9A4CA1-C04C-457D-9A2E-7995CCF12356}"
EndProject
Project("{FAE04EC0-301F-11D3-BF4B-00C04F79EFBC}") = "Plugin.XamJam.Screen.UWP", "XamJam.Screen\Plugin.XamJam.Screen.UWP\Plugin.XamJam.Screen.UWP.csproj", "{E34B516D-C0D8-450F-9DB0-BB6A5B04AEF1}"
EndProject
Project("{2150E333-8FDC-42A3-9474-1A3956D46DE8}") = "Common", "Common", "{FCBDE5FB-820B-4681-B70D-2128C845FD94}"
	ProjectSection(SolutionItems) = preProject
		XamJam.Screen\phoneSize.png = XamJam.Screen\phoneSize.png
		XamJam.Screen\Plugin.XamJam.Screen.nuspec = XamJam.Screen\Plugin.XamJam.Screen.nuspec
		XamJam.Screen\README.md = XamJam.Screen\README.md
	EndProjectSection
EndProject
Project("{FAE04EC0-301F-11D3-BF4B-00C04F79EFBC}") = "XamJam.Ratings", "XamJam.Ratings\XamJam.Ratings\XamJam.Ratings.csproj", "{5FFBA81C-9E4B-4292-818E-A16F31965C4B}"
EndProject
Project("{FAE04EC0-301F-11D3-BF4B-00C04F79EFBC}") = "XamJam.Nav", "XamJam.Nav\XamJam.Nav.csproj", "{829C860C-A35F-4CE6-A0AA-886EF62D0690}"
EndProject
Project("{FAE04EC0-301F-11D3-BF4B-00C04F79EFBC}") = "XamJam.Util", "XamJam.Util\XamJam.Util.csproj", "{0FEF6C58-6EFF-4B10-9EF0-ACF80FE624B6}"
EndProject
Project("{2150E333-8FDC-42A3-9474-1A3956D46DE8}") = "Pic", "Pic", "{8DFE50A4-8AD3-4067-A72D-890C1C356D44}"
EndProject
Project("{FAE04EC0-301F-11D3-BF4B-00C04F79EFBC}") = "Plugin.XamJam.Pic", "XamJam.Pic\Plugin.XamJam.Pic\Plugin.XamJam.Pic.csproj", "{B973E0AC-1D06-44BF-8BB7-167536CD5D48}"
EndProject
Project("{FAE04EC0-301F-11D3-BF4B-00C04F79EFBC}") = "Plugin.XamJam.Pic.Abstractions", "XamJam.Pic\Plugin.XamJam.Pic.Abstractions\Plugin.XamJam.Pic.Abstractions.csproj", "{1D05DB15-7576-439C-8B23-B06EE2E70F94}"
EndProject
Project("{FAE04EC0-301F-11D3-BF4B-00C04F79EFBC}") = "Plugin.XamJam.Pic.iOS", "XamJam.Pic\Plugin.XamJam.Pic.iOS\Plugin.XamJam.Pic.iOS.csproj", "{7BAFAF37-952D-45DE-AF2A-07A271334B09}"
EndProject
Project("{FAE04EC0-301F-11D3-BF4B-00C04F79EFBC}") = "Plugin.XamJam.Pic.Android", "XamJam.Pic\Plugin.XamJam.Pic.Android\Plugin.XamJam.Pic.Android.csproj", "{D986E0BF-1C9D-4F3C-9A2C-27BD877186D7}"
EndProject
Project("{FAE04EC0-301F-11D3-BF4B-00C04F79EFBC}") = "Plugin.XamJam.Pic.WindowsPhone8", "XamJam.Pic\Plugin.XamJam.Pic.WindowsPhone8\Plugin.XamJam.Pic.WindowsPhone8.csproj", "{B47242E0-CB02-45B6-B92D-B9B395FC8F9F}"
EndProject
Project("{FAE04EC0-301F-11D3-BF4B-00C04F79EFBC}") = "Plugin.XamJam.Pic.WindowsPhone81", "XamJam.Pic\Plugin.XamJam.Pic.WindowsPhone81\Plugin.XamJam.Pic.WindowsPhone81.csproj", "{B39E6926-D582-4785-BBAA-0A9C47617487}"
EndProject
Project("{FAE04EC0-301F-11D3-BF4B-00C04F79EFBC}") = "Plugin.XamJam.Pic.WindowsStore", "XamJam.Pic\Plugin.XamJam.Pic.WindowsStore\Plugin.XamJam.Pic.WindowsStore.csproj", "{1C5C1AB7-1F20-401F-8B3E-482FBF34A133}"
EndProject
Project("{FAE04EC0-301F-11D3-BF4B-00C04F79EFBC}") = "Plugin.XamJam.Pic.UWP", "XamJam.Pic\Plugin.XamJam.Pic.UWP\Plugin.XamJam.Pic.UWP.csproj", "{DE55191A-0EEE-4EF6-AE62-78292BF4B858}"
EndProject
Project("{FAE04EC0-301F-11D3-BF4B-00C04F79EFBC}") = "XamJam.PicSelector", "XamJam.PicSelector\XamJam.PicSelector.csproj", "{60D9E8FA-9B2F-440D-B12F-1378200A7C1B}"
EndProject
Project("{2150E333-8FDC-42A3-9474-1A3956D46DE8}") = "Solution Items", "Solution Items", "{6BCB4C73-F4BF-490E-A337-D1B61346AF3E}"
	ProjectSection(SolutionItems) = preProject
		README.md = README.md
	EndProjectSection
EndProject
Project("{2150E333-8FDC-42A3-9474-1A3956D46DE8}") = "Common", "Common", "{A5797728-5F62-4828-81FF-DD8D62B957A3}"
	ProjectSection(SolutionItems) = preProject
		XamJam.Pic\Plugin.XamJam.Pic.nuspec = XamJam.Pic\Plugin.XamJam.Pic.nuspec
		XamJam.Pic\README.md = XamJam.Pic\README.md
	EndProjectSection
EndProject
Global
	GlobalSection(SolutionConfigurationPlatforms) = preSolution
		AppStore|Any CPU = AppStore|Any CPU
		AppStore|ARM = AppStore|ARM
		AppStore|x64 = AppStore|x64
		AppStore|x86 = AppStore|x86
		Debug|Any CPU = Debug|Any CPU
		Debug|ARM = Debug|ARM
		Debug|x64 = Debug|x64
		Debug|x86 = Debug|x86
		Release|Any CPU = Release|Any CPU
		Release|ARM = Release|ARM
		Release|x64 = Release|x64
		Release|x86 = Release|x86
	EndGlobalSection
	GlobalSection(ProjectConfigurationPlatforms) = postSolution
		{54997076-792F-4AAF-82C0-EDE69ADF38DD}.AppStore|Any CPU.ActiveCfg = Release|Any CPU
		{54997076-792F-4AAF-82C0-EDE69ADF38DD}.AppStore|Any CPU.Build.0 = Release|Any CPU
		{54997076-792F-4AAF-82C0-EDE69ADF38DD}.AppStore|ARM.ActiveCfg = Release|Any CPU
		{54997076-792F-4AAF-82C0-EDE69ADF38DD}.AppStore|ARM.Build.0 = Release|Any CPU
		{54997076-792F-4AAF-82C0-EDE69ADF38DD}.AppStore|x64.ActiveCfg = Release|Any CPU
		{54997076-792F-4AAF-82C0-EDE69ADF38DD}.AppStore|x64.Build.0 = Release|Any CPU
		{54997076-792F-4AAF-82C0-EDE69ADF38DD}.AppStore|x86.ActiveCfg = Release|Any CPU
		{54997076-792F-4AAF-82C0-EDE69ADF38DD}.AppStore|x86.Build.0 = Release|Any CPU
		{54997076-792F-4AAF-82C0-EDE69ADF38DD}.Debug|Any CPU.ActiveCfg = Debug|Any CPU
		{54997076-792F-4AAF-82C0-EDE69ADF38DD}.Debug|Any CPU.Build.0 = Debug|Any CPU
		{54997076-792F-4AAF-82C0-EDE69ADF38DD}.Debug|ARM.ActiveCfg = Debug|Any CPU
		{54997076-792F-4AAF-82C0-EDE69ADF38DD}.Debug|ARM.Build.0 = Debug|Any CPU
		{54997076-792F-4AAF-82C0-EDE69ADF38DD}.Debug|x64.ActiveCfg = Debug|Any CPU
		{54997076-792F-4AAF-82C0-EDE69ADF38DD}.Debug|x64.Build.0 = Debug|Any CPU
		{54997076-792F-4AAF-82C0-EDE69ADF38DD}.Debug|x86.ActiveCfg = Debug|Any CPU
		{54997076-792F-4AAF-82C0-EDE69ADF38DD}.Debug|x86.Build.0 = Debug|Any CPU
		{54997076-792F-4AAF-82C0-EDE69ADF38DD}.Release|Any CPU.ActiveCfg = Release|Any CPU
		{54997076-792F-4AAF-82C0-EDE69ADF38DD}.Release|Any CPU.Build.0 = Release|Any CPU
		{54997076-792F-4AAF-82C0-EDE69ADF38DD}.Release|ARM.ActiveCfg = Release|Any CPU
		{54997076-792F-4AAF-82C0-EDE69ADF38DD}.Release|ARM.Build.0 = Release|Any CPU
		{54997076-792F-4AAF-82C0-EDE69ADF38DD}.Release|x64.ActiveCfg = Release|Any CPU
		{54997076-792F-4AAF-82C0-EDE69ADF38DD}.Release|x64.Build.0 = Release|Any CPU
		{54997076-792F-4AAF-82C0-EDE69ADF38DD}.Release|x86.ActiveCfg = Release|Any CPU
		{54997076-792F-4AAF-82C0-EDE69ADF38DD}.Release|x86.Build.0 = Release|Any CPU
		{4350F383-2688-4C21-9765-B12E7F95FCD1}.AppStore|Any CPU.ActiveCfg = Release|Any CPU
		{4350F383-2688-4C21-9765-B12E7F95FCD1}.AppStore|Any CPU.Build.0 = Release|Any CPU
		{4350F383-2688-4C21-9765-B12E7F95FCD1}.AppStore|ARM.ActiveCfg = Release|Any CPU
		{4350F383-2688-4C21-9765-B12E7F95FCD1}.AppStore|ARM.Build.0 = Release|Any CPU
		{4350F383-2688-4C21-9765-B12E7F95FCD1}.AppStore|x64.ActiveCfg = Release|Any CPU
		{4350F383-2688-4C21-9765-B12E7F95FCD1}.AppStore|x64.Build.0 = Release|Any CPU
		{4350F383-2688-4C21-9765-B12E7F95FCD1}.AppStore|x86.ActiveCfg = Release|Any CPU
		{4350F383-2688-4C21-9765-B12E7F95FCD1}.AppStore|x86.Build.0 = Release|Any CPU
		{4350F383-2688-4C21-9765-B12E7F95FCD1}.Debug|Any CPU.ActiveCfg = Debug|Any CPU
		{4350F383-2688-4C21-9765-B12E7F95FCD1}.Debug|Any CPU.Build.0 = Debug|Any CPU
		{4350F383-2688-4C21-9765-B12E7F95FCD1}.Debug|ARM.ActiveCfg = Debug|Any CPU
		{4350F383-2688-4C21-9765-B12E7F95FCD1}.Debug|ARM.Build.0 = Debug|Any CPU
		{4350F383-2688-4C21-9765-B12E7F95FCD1}.Debug|x64.ActiveCfg = Debug|Any CPU
		{4350F383-2688-4C21-9765-B12E7F95FCD1}.Debug|x64.Build.0 = Debug|Any CPU
		{4350F383-2688-4C21-9765-B12E7F95FCD1}.Debug|x86.ActiveCfg = Debug|Any CPU
		{4350F383-2688-4C21-9765-B12E7F95FCD1}.Debug|x86.Build.0 = Debug|Any CPU
		{4350F383-2688-4C21-9765-B12E7F95FCD1}.Release|Any CPU.ActiveCfg = Release|Any CPU
		{4350F383-2688-4C21-9765-B12E7F95FCD1}.Release|Any CPU.Build.0 = Release|Any CPU
		{4350F383-2688-4C21-9765-B12E7F95FCD1}.Release|ARM.ActiveCfg = Release|Any CPU
		{4350F383-2688-4C21-9765-B12E7F95FCD1}.Release|ARM.Build.0 = Release|Any CPU
		{4350F383-2688-4C21-9765-B12E7F95FCD1}.Release|x64.ActiveCfg = Release|Any CPU
		{4350F383-2688-4C21-9765-B12E7F95FCD1}.Release|x64.Build.0 = Release|Any CPU
		{4350F383-2688-4C21-9765-B12E7F95FCD1}.Release|x86.ActiveCfg = Release|Any CPU
		{4350F383-2688-4C21-9765-B12E7F95FCD1}.Release|x86.Build.0 = Release|Any CPU
		{9F927C5D-B675-4053-9953-FB87F95AEB11}.AppStore|Any CPU.ActiveCfg = Release|Any CPU
		{9F927C5D-B675-4053-9953-FB87F95AEB11}.AppStore|Any CPU.Build.0 = Release|Any CPU
		{9F927C5D-B675-4053-9953-FB87F95AEB11}.AppStore|ARM.ActiveCfg = Release|Any CPU
		{9F927C5D-B675-4053-9953-FB87F95AEB11}.AppStore|ARM.Build.0 = Release|Any CPU
		{9F927C5D-B675-4053-9953-FB87F95AEB11}.AppStore|x64.ActiveCfg = Release|Any CPU
		{9F927C5D-B675-4053-9953-FB87F95AEB11}.AppStore|x64.Build.0 = Release|Any CPU
		{9F927C5D-B675-4053-9953-FB87F95AEB11}.AppStore|x86.ActiveCfg = Release|Any CPU
		{9F927C5D-B675-4053-9953-FB87F95AEB11}.AppStore|x86.Build.0 = Release|Any CPU
		{9F927C5D-B675-4053-9953-FB87F95AEB11}.Debug|Any CPU.ActiveCfg = Debug|Any CPU
		{9F927C5D-B675-4053-9953-FB87F95AEB11}.Debug|Any CPU.Build.0 = Debug|Any CPU
		{9F927C5D-B675-4053-9953-FB87F95AEB11}.Debug|ARM.ActiveCfg = Debug|Any CPU
		{9F927C5D-B675-4053-9953-FB87F95AEB11}.Debug|ARM.Build.0 = Debug|Any CPU
		{9F927C5D-B675-4053-9953-FB87F95AEB11}.Debug|x64.ActiveCfg = Debug|Any CPU
		{9F927C5D-B675-4053-9953-FB87F95AEB11}.Debug|x64.Build.0 = Debug|Any CPU
		{9F927C5D-B675-4053-9953-FB87F95AEB11}.Debug|x86.ActiveCfg = Debug|Any CPU
		{9F927C5D-B675-4053-9953-FB87F95AEB11}.Debug|x86.Build.0 = Debug|Any CPU
		{9F927C5D-B675-4053-9953-FB87F95AEB11}.Release|Any CPU.ActiveCfg = Release|Any CPU
		{9F927C5D-B675-4053-9953-FB87F95AEB11}.Release|Any CPU.Build.0 = Release|Any CPU
		{9F927C5D-B675-4053-9953-FB87F95AEB11}.Release|ARM.ActiveCfg = Release|Any CPU
		{9F927C5D-B675-4053-9953-FB87F95AEB11}.Release|ARM.Build.0 = Release|Any CPU
		{9F927C5D-B675-4053-9953-FB87F95AEB11}.Release|x64.ActiveCfg = Release|Any CPU
		{9F927C5D-B675-4053-9953-FB87F95AEB11}.Release|x64.Build.0 = Release|Any CPU
		{9F927C5D-B675-4053-9953-FB87F95AEB11}.Release|x86.ActiveCfg = Release|Any CPU
		{9F927C5D-B675-4053-9953-FB87F95AEB11}.Release|x86.Build.0 = Release|Any CPU
		{1F8440B4-E939-495E-B380-06580231D7AB}.AppStore|Any CPU.ActiveCfg = Release|Any CPU
		{1F8440B4-E939-495E-B380-06580231D7AB}.AppStore|Any CPU.Build.0 = Release|Any CPU
		{1F8440B4-E939-495E-B380-06580231D7AB}.AppStore|ARM.ActiveCfg = Release|Any CPU
		{1F8440B4-E939-495E-B380-06580231D7AB}.AppStore|ARM.Build.0 = Release|Any CPU
		{1F8440B4-E939-495E-B380-06580231D7AB}.AppStore|x64.ActiveCfg = Release|Any CPU
		{1F8440B4-E939-495E-B380-06580231D7AB}.AppStore|x64.Build.0 = Release|Any CPU
		{1F8440B4-E939-495E-B380-06580231D7AB}.AppStore|x86.ActiveCfg = Release|Any CPU
		{1F8440B4-E939-495E-B380-06580231D7AB}.AppStore|x86.Build.0 = Release|Any CPU
		{1F8440B4-E939-495E-B380-06580231D7AB}.Debug|Any CPU.ActiveCfg = Debug|Any CPU
		{1F8440B4-E939-495E-B380-06580231D7AB}.Debug|Any CPU.Build.0 = Debug|Any CPU
		{1F8440B4-E939-495E-B380-06580231D7AB}.Debug|ARM.ActiveCfg = Debug|Any CPU
		{1F8440B4-E939-495E-B380-06580231D7AB}.Debug|ARM.Build.0 = Debug|Any CPU
		{1F8440B4-E939-495E-B380-06580231D7AB}.Debug|x64.ActiveCfg = Debug|Any CPU
		{1F8440B4-E939-495E-B380-06580231D7AB}.Debug|x64.Build.0 = Debug|Any CPU
		{1F8440B4-E939-495E-B380-06580231D7AB}.Debug|x86.ActiveCfg = Debug|Any CPU
		{1F8440B4-E939-495E-B380-06580231D7AB}.Debug|x86.Build.0 = Debug|Any CPU
		{1F8440B4-E939-495E-B380-06580231D7AB}.Release|Any CPU.ActiveCfg = Release|Any CPU
		{1F8440B4-E939-495E-B380-06580231D7AB}.Release|Any CPU.Build.0 = Release|Any CPU
		{1F8440B4-E939-495E-B380-06580231D7AB}.Release|ARM.ActiveCfg = Release|Any CPU
		{1F8440B4-E939-495E-B380-06580231D7AB}.Release|ARM.Build.0 = Release|Any CPU
		{1F8440B4-E939-495E-B380-06580231D7AB}.Release|x64.ActiveCfg = Release|Any CPU
		{1F8440B4-E939-495E-B380-06580231D7AB}.Release|x64.Build.0 = Release|Any CPU
		{1F8440B4-E939-495E-B380-06580231D7AB}.Release|x86.ActiveCfg = Release|Any CPU
		{1F8440B4-E939-495E-B380-06580231D7AB}.Release|x86.Build.0 = Release|Any CPU
		{7F0EC63D-7BAD-4BC5-8052-EC838760C398}.AppStore|Any CPU.ActiveCfg = Release|Any CPU
		{7F0EC63D-7BAD-4BC5-8052-EC838760C398}.AppStore|Any CPU.Build.0 = Release|Any CPU
		{7F0EC63D-7BAD-4BC5-8052-EC838760C398}.AppStore|ARM.ActiveCfg = Release|ARM
		{7F0EC63D-7BAD-4BC5-8052-EC838760C398}.AppStore|ARM.Build.0 = Release|ARM
		{7F0EC63D-7BAD-4BC5-8052-EC838760C398}.AppStore|x64.ActiveCfg = Release|Any CPU
		{7F0EC63D-7BAD-4BC5-8052-EC838760C398}.AppStore|x64.Build.0 = Release|Any CPU
		{7F0EC63D-7BAD-4BC5-8052-EC838760C398}.AppStore|x86.ActiveCfg = Release|x86
		{7F0EC63D-7BAD-4BC5-8052-EC838760C398}.AppStore|x86.Build.0 = Release|x86
		{7F0EC63D-7BAD-4BC5-8052-EC838760C398}.Debug|Any CPU.ActiveCfg = Debug|Any CPU
		{7F0EC63D-7BAD-4BC5-8052-EC838760C398}.Debug|Any CPU.Build.0 = Debug|Any CPU
		{7F0EC63D-7BAD-4BC5-8052-EC838760C398}.Debug|ARM.ActiveCfg = Debug|ARM
		{7F0EC63D-7BAD-4BC5-8052-EC838760C398}.Debug|ARM.Build.0 = Debug|ARM
		{7F0EC63D-7BAD-4BC5-8052-EC838760C398}.Debug|x64.ActiveCfg = Debug|Any CPU
		{7F0EC63D-7BAD-4BC5-8052-EC838760C398}.Debug|x64.Build.0 = Debug|Any CPU
		{7F0EC63D-7BAD-4BC5-8052-EC838760C398}.Debug|x86.ActiveCfg = Debug|x86
		{7F0EC63D-7BAD-4BC5-8052-EC838760C398}.Debug|x86.Build.0 = Debug|x86
		{7F0EC63D-7BAD-4BC5-8052-EC838760C398}.Release|Any CPU.ActiveCfg = Release|Any CPU
		{7F0EC63D-7BAD-4BC5-8052-EC838760C398}.Release|Any CPU.Build.0 = Release|Any CPU
		{7F0EC63D-7BAD-4BC5-8052-EC838760C398}.Release|ARM.ActiveCfg = Release|ARM
		{7F0EC63D-7BAD-4BC5-8052-EC838760C398}.Release|ARM.Build.0 = Release|ARM
		{7F0EC63D-7BAD-4BC5-8052-EC838760C398}.Release|x64.ActiveCfg = Release|Any CPU
		{7F0EC63D-7BAD-4BC5-8052-EC838760C398}.Release|x64.Build.0 = Release|Any CPU
		{7F0EC63D-7BAD-4BC5-8052-EC838760C398}.Release|x86.ActiveCfg = Release|x86
		{7F0EC63D-7BAD-4BC5-8052-EC838760C398}.Release|x86.Build.0 = Release|x86
		{795CBAF9-5D92-4DE3-A334-265CCB21FF71}.AppStore|Any CPU.ActiveCfg = Release|Any CPU
		{795CBAF9-5D92-4DE3-A334-265CCB21FF71}.AppStore|Any CPU.Build.0 = Release|Any CPU
		{795CBAF9-5D92-4DE3-A334-265CCB21FF71}.AppStore|ARM.ActiveCfg = Release|ARM
		{795CBAF9-5D92-4DE3-A334-265CCB21FF71}.AppStore|ARM.Build.0 = Release|ARM
		{795CBAF9-5D92-4DE3-A334-265CCB21FF71}.AppStore|x64.ActiveCfg = Release|Any CPU
		{795CBAF9-5D92-4DE3-A334-265CCB21FF71}.AppStore|x64.Build.0 = Release|Any CPU
		{795CBAF9-5D92-4DE3-A334-265CCB21FF71}.AppStore|x86.ActiveCfg = Release|x86
		{795CBAF9-5D92-4DE3-A334-265CCB21FF71}.AppStore|x86.Build.0 = Release|x86
		{795CBAF9-5D92-4DE3-A334-265CCB21FF71}.Debug|Any CPU.ActiveCfg = Debug|Any CPU
		{795CBAF9-5D92-4DE3-A334-265CCB21FF71}.Debug|Any CPU.Build.0 = Debug|Any CPU
		{795CBAF9-5D92-4DE3-A334-265CCB21FF71}.Debug|ARM.ActiveCfg = Debug|ARM
		{795CBAF9-5D92-4DE3-A334-265CCB21FF71}.Debug|ARM.Build.0 = Debug|ARM
		{795CBAF9-5D92-4DE3-A334-265CCB21FF71}.Debug|x64.ActiveCfg = Debug|Any CPU
		{795CBAF9-5D92-4DE3-A334-265CCB21FF71}.Debug|x64.Build.0 = Debug|Any CPU
		{795CBAF9-5D92-4DE3-A334-265CCB21FF71}.Debug|x86.ActiveCfg = Debug|x86
		{795CBAF9-5D92-4DE3-A334-265CCB21FF71}.Debug|x86.Build.0 = Debug|x86
		{795CBAF9-5D92-4DE3-A334-265CCB21FF71}.Release|Any CPU.ActiveCfg = Release|Any CPU
		{795CBAF9-5D92-4DE3-A334-265CCB21FF71}.Release|Any CPU.Build.0 = Release|Any CPU
		{795CBAF9-5D92-4DE3-A334-265CCB21FF71}.Release|ARM.ActiveCfg = Release|ARM
		{795CBAF9-5D92-4DE3-A334-265CCB21FF71}.Release|ARM.Build.0 = Release|ARM
		{795CBAF9-5D92-4DE3-A334-265CCB21FF71}.Release|x64.ActiveCfg = Release|Any CPU
		{795CBAF9-5D92-4DE3-A334-265CCB21FF71}.Release|x64.Build.0 = Release|Any CPU
		{795CBAF9-5D92-4DE3-A334-265CCB21FF71}.Release|x86.ActiveCfg = Release|x86
		{795CBAF9-5D92-4DE3-A334-265CCB21FF71}.Release|x86.Build.0 = Release|x86
		{B027C56F-8AAA-4647-8FA4-D20358C98333}.AppStore|Any CPU.ActiveCfg = Release|Any CPU
		{B027C56F-8AAA-4647-8FA4-D20358C98333}.AppStore|Any CPU.Build.0 = Release|Any CPU
		{B027C56F-8AAA-4647-8FA4-D20358C98333}.AppStore|ARM.ActiveCfg = Release|ARM
		{B027C56F-8AAA-4647-8FA4-D20358C98333}.AppStore|ARM.Build.0 = Release|ARM
		{B027C56F-8AAA-4647-8FA4-D20358C98333}.AppStore|x64.ActiveCfg = Release|x64
		{B027C56F-8AAA-4647-8FA4-D20358C98333}.AppStore|x64.Build.0 = Release|x64
		{B027C56F-8AAA-4647-8FA4-D20358C98333}.AppStore|x86.ActiveCfg = Release|x86
		{B027C56F-8AAA-4647-8FA4-D20358C98333}.AppStore|x86.Build.0 = Release|x86
		{B027C56F-8AAA-4647-8FA4-D20358C98333}.Debug|Any CPU.ActiveCfg = Debug|Any CPU
		{B027C56F-8AAA-4647-8FA4-D20358C98333}.Debug|Any CPU.Build.0 = Debug|Any CPU
		{B027C56F-8AAA-4647-8FA4-D20358C98333}.Debug|ARM.ActiveCfg = Debug|ARM
		{B027C56F-8AAA-4647-8FA4-D20358C98333}.Debug|ARM.Build.0 = Debug|ARM
		{B027C56F-8AAA-4647-8FA4-D20358C98333}.Debug|x64.ActiveCfg = Debug|x64
		{B027C56F-8AAA-4647-8FA4-D20358C98333}.Debug|x64.Build.0 = Debug|x64
		{B027C56F-8AAA-4647-8FA4-D20358C98333}.Debug|x86.ActiveCfg = Debug|x86
		{B027C56F-8AAA-4647-8FA4-D20358C98333}.Debug|x86.Build.0 = Debug|x86
		{B027C56F-8AAA-4647-8FA4-D20358C98333}.Release|Any CPU.ActiveCfg = Release|Any CPU
		{B027C56F-8AAA-4647-8FA4-D20358C98333}.Release|Any CPU.Build.0 = Release|Any CPU
		{B027C56F-8AAA-4647-8FA4-D20358C98333}.Release|ARM.ActiveCfg = Release|ARM
		{B027C56F-8AAA-4647-8FA4-D20358C98333}.Release|ARM.Build.0 = Release|ARM
		{B027C56F-8AAA-4647-8FA4-D20358C98333}.Release|x64.ActiveCfg = Release|x64
		{B027C56F-8AAA-4647-8FA4-D20358C98333}.Release|x64.Build.0 = Release|x64
		{B027C56F-8AAA-4647-8FA4-D20358C98333}.Release|x86.ActiveCfg = Release|x86
		{B027C56F-8AAA-4647-8FA4-D20358C98333}.Release|x86.Build.0 = Release|x86
		{A1006F2F-E26B-4296-8717-914364A91789}.AppStore|Any CPU.ActiveCfg = Release|Any CPU
		{A1006F2F-E26B-4296-8717-914364A91789}.AppStore|Any CPU.Build.0 = Release|Any CPU
		{A1006F2F-E26B-4296-8717-914364A91789}.AppStore|ARM.ActiveCfg = Release|ARM
		{A1006F2F-E26B-4296-8717-914364A91789}.AppStore|ARM.Build.0 = Release|ARM
		{A1006F2F-E26B-4296-8717-914364A91789}.AppStore|x64.ActiveCfg = Release|x64
		{A1006F2F-E26B-4296-8717-914364A91789}.AppStore|x64.Build.0 = Release|x64
		{A1006F2F-E26B-4296-8717-914364A91789}.AppStore|x86.ActiveCfg = Release|x86
		{A1006F2F-E26B-4296-8717-914364A91789}.AppStore|x86.Build.0 = Release|x86
		{A1006F2F-E26B-4296-8717-914364A91789}.Debug|Any CPU.ActiveCfg = Debug|Any CPU
		{A1006F2F-E26B-4296-8717-914364A91789}.Debug|Any CPU.Build.0 = Debug|Any CPU
		{A1006F2F-E26B-4296-8717-914364A91789}.Debug|ARM.ActiveCfg = Debug|ARM
		{A1006F2F-E26B-4296-8717-914364A91789}.Debug|ARM.Build.0 = Debug|ARM
		{A1006F2F-E26B-4296-8717-914364A91789}.Debug|x64.ActiveCfg = Debug|x64
		{A1006F2F-E26B-4296-8717-914364A91789}.Debug|x64.Build.0 = Debug|x64
		{A1006F2F-E26B-4296-8717-914364A91789}.Debug|x86.ActiveCfg = Debug|x86
		{A1006F2F-E26B-4296-8717-914364A91789}.Debug|x86.Build.0 = Debug|x86
		{A1006F2F-E26B-4296-8717-914364A91789}.Release|Any CPU.ActiveCfg = Release|Any CPU
		{A1006F2F-E26B-4296-8717-914364A91789}.Release|Any CPU.Build.0 = Release|Any CPU
		{A1006F2F-E26B-4296-8717-914364A91789}.Release|ARM.ActiveCfg = Release|ARM
		{A1006F2F-E26B-4296-8717-914364A91789}.Release|ARM.Build.0 = Release|ARM
		{A1006F2F-E26B-4296-8717-914364A91789}.Release|x64.ActiveCfg = Release|x64
		{A1006F2F-E26B-4296-8717-914364A91789}.Release|x64.Build.0 = Release|x64
		{A1006F2F-E26B-4296-8717-914364A91789}.Release|x86.ActiveCfg = Release|x86
		{A1006F2F-E26B-4296-8717-914364A91789}.Release|x86.Build.0 = Release|x86
		{A6FCEF44-D2BA-42C7-B3CB-13667BCD7B54}.AppStore|Any CPU.ActiveCfg = Release|Any CPU
		{A6FCEF44-D2BA-42C7-B3CB-13667BCD7B54}.AppStore|Any CPU.Build.0 = Release|Any CPU
		{A6FCEF44-D2BA-42C7-B3CB-13667BCD7B54}.AppStore|ARM.ActiveCfg = Release|Any CPU
		{A6FCEF44-D2BA-42C7-B3CB-13667BCD7B54}.AppStore|ARM.Build.0 = Release|Any CPU
		{A6FCEF44-D2BA-42C7-B3CB-13667BCD7B54}.AppStore|x64.ActiveCfg = Release|Any CPU
		{A6FCEF44-D2BA-42C7-B3CB-13667BCD7B54}.AppStore|x64.Build.0 = Release|Any CPU
		{A6FCEF44-D2BA-42C7-B3CB-13667BCD7B54}.AppStore|x86.ActiveCfg = Release|Any CPU
		{A6FCEF44-D2BA-42C7-B3CB-13667BCD7B54}.AppStore|x86.Build.0 = Release|Any CPU
		{A6FCEF44-D2BA-42C7-B3CB-13667BCD7B54}.Debug|Any CPU.ActiveCfg = Debug|Any CPU
		{A6FCEF44-D2BA-42C7-B3CB-13667BCD7B54}.Debug|Any CPU.Build.0 = Debug|Any CPU
		{A6FCEF44-D2BA-42C7-B3CB-13667BCD7B54}.Debug|ARM.ActiveCfg = Debug|Any CPU
		{A6FCEF44-D2BA-42C7-B3CB-13667BCD7B54}.Debug|ARM.Build.0 = Debug|Any CPU
		{A6FCEF44-D2BA-42C7-B3CB-13667BCD7B54}.Debug|x64.ActiveCfg = Debug|Any CPU
		{A6FCEF44-D2BA-42C7-B3CB-13667BCD7B54}.Debug|x64.Build.0 = Debug|Any CPU
		{A6FCEF44-D2BA-42C7-B3CB-13667BCD7B54}.Debug|x86.ActiveCfg = Debug|Any CPU
		{A6FCEF44-D2BA-42C7-B3CB-13667BCD7B54}.Debug|x86.Build.0 = Debug|Any CPU
		{A6FCEF44-D2BA-42C7-B3CB-13667BCD7B54}.Release|Any CPU.ActiveCfg = Release|Any CPU
		{A6FCEF44-D2BA-42C7-B3CB-13667BCD7B54}.Release|Any CPU.Build.0 = Release|Any CPU
		{A6FCEF44-D2BA-42C7-B3CB-13667BCD7B54}.Release|ARM.ActiveCfg = Release|Any CPU
		{A6FCEF44-D2BA-42C7-B3CB-13667BCD7B54}.Release|ARM.Build.0 = Release|Any CPU
		{A6FCEF44-D2BA-42C7-B3CB-13667BCD7B54}.Release|x64.ActiveCfg = Release|Any CPU
		{A6FCEF44-D2BA-42C7-B3CB-13667BCD7B54}.Release|x64.Build.0 = Release|Any CPU
		{A6FCEF44-D2BA-42C7-B3CB-13667BCD7B54}.Release|x86.ActiveCfg = Release|Any CPU
		{A6FCEF44-D2BA-42C7-B3CB-13667BCD7B54}.Release|x86.Build.0 = Release|Any CPU
		{6EDB0588-FFC5-4EF5-8A99-9E241D0F878D}.AppStore|Any CPU.ActiveCfg = Release|Any CPU
		{6EDB0588-FFC5-4EF5-8A99-9E241D0F878D}.AppStore|Any CPU.Build.0 = Release|Any CPU
		{6EDB0588-FFC5-4EF5-8A99-9E241D0F878D}.AppStore|ARM.ActiveCfg = Release|Any CPU
		{6EDB0588-FFC5-4EF5-8A99-9E241D0F878D}.AppStore|ARM.Build.0 = Release|Any CPU
		{6EDB0588-FFC5-4EF5-8A99-9E241D0F878D}.AppStore|x64.ActiveCfg = Release|Any CPU
		{6EDB0588-FFC5-4EF5-8A99-9E241D0F878D}.AppStore|x64.Build.0 = Release|Any CPU
		{6EDB0588-FFC5-4EF5-8A99-9E241D0F878D}.AppStore|x86.ActiveCfg = Release|Any CPU
		{6EDB0588-FFC5-4EF5-8A99-9E241D0F878D}.AppStore|x86.Build.0 = Release|Any CPU
		{6EDB0588-FFC5-4EF5-8A99-9E241D0F878D}.Debug|Any CPU.ActiveCfg = Debug|Any CPU
		{6EDB0588-FFC5-4EF5-8A99-9E241D0F878D}.Debug|Any CPU.Build.0 = Debug|Any CPU
		{6EDB0588-FFC5-4EF5-8A99-9E241D0F878D}.Debug|ARM.ActiveCfg = Debug|Any CPU
		{6EDB0588-FFC5-4EF5-8A99-9E241D0F878D}.Debug|ARM.Build.0 = Debug|Any CPU
		{6EDB0588-FFC5-4EF5-8A99-9E241D0F878D}.Debug|x64.ActiveCfg = Debug|Any CPU
		{6EDB0588-FFC5-4EF5-8A99-9E241D0F878D}.Debug|x64.Build.0 = Debug|Any CPU
		{6EDB0588-FFC5-4EF5-8A99-9E241D0F878D}.Debug|x86.ActiveCfg = Debug|Any CPU
		{6EDB0588-FFC5-4EF5-8A99-9E241D0F878D}.Debug|x86.Build.0 = Debug|Any CPU
		{6EDB0588-FFC5-4EF5-8A99-9E241D0F878D}.Release|Any CPU.ActiveCfg = Release|Any CPU
		{6EDB0588-FFC5-4EF5-8A99-9E241D0F878D}.Release|Any CPU.Build.0 = Release|Any CPU
		{6EDB0588-FFC5-4EF5-8A99-9E241D0F878D}.Release|ARM.ActiveCfg = Release|Any CPU
		{6EDB0588-FFC5-4EF5-8A99-9E241D0F878D}.Release|ARM.Build.0 = Release|Any CPU
		{6EDB0588-FFC5-4EF5-8A99-9E241D0F878D}.Release|x64.ActiveCfg = Release|Any CPU
		{6EDB0588-FFC5-4EF5-8A99-9E241D0F878D}.Release|x64.Build.0 = Release|Any CPU
		{6EDB0588-FFC5-4EF5-8A99-9E241D0F878D}.Release|x86.ActiveCfg = Release|Any CPU
		{6EDB0588-FFC5-4EF5-8A99-9E241D0F878D}.Release|x86.Build.0 = Release|Any CPU
		{2882AEEB-D4CD-4EB9-8A6C-6653B33681F0}.AppStore|Any CPU.ActiveCfg = Release|Any CPU
		{2882AEEB-D4CD-4EB9-8A6C-6653B33681F0}.AppStore|Any CPU.Build.0 = Release|Any CPU
		{2882AEEB-D4CD-4EB9-8A6C-6653B33681F0}.AppStore|ARM.ActiveCfg = Release|Any CPU
		{2882AEEB-D4CD-4EB9-8A6C-6653B33681F0}.AppStore|ARM.Build.0 = Release|Any CPU
		{2882AEEB-D4CD-4EB9-8A6C-6653B33681F0}.AppStore|x64.ActiveCfg = Release|Any CPU
		{2882AEEB-D4CD-4EB9-8A6C-6653B33681F0}.AppStore|x64.Build.0 = Release|Any CPU
		{2882AEEB-D4CD-4EB9-8A6C-6653B33681F0}.AppStore|x86.ActiveCfg = Release|Any CPU
		{2882AEEB-D4CD-4EB9-8A6C-6653B33681F0}.AppStore|x86.Build.0 = Release|Any CPU
		{2882AEEB-D4CD-4EB9-8A6C-6653B33681F0}.Debug|Any CPU.ActiveCfg = Debug|Any CPU
		{2882AEEB-D4CD-4EB9-8A6C-6653B33681F0}.Debug|Any CPU.Build.0 = Debug|Any CPU
		{2882AEEB-D4CD-4EB9-8A6C-6653B33681F0}.Debug|ARM.ActiveCfg = Debug|Any CPU
		{2882AEEB-D4CD-4EB9-8A6C-6653B33681F0}.Debug|ARM.Build.0 = Debug|Any CPU
		{2882AEEB-D4CD-4EB9-8A6C-6653B33681F0}.Debug|x64.ActiveCfg = Debug|Any CPU
		{2882AEEB-D4CD-4EB9-8A6C-6653B33681F0}.Debug|x64.Build.0 = Debug|Any CPU
		{2882AEEB-D4CD-4EB9-8A6C-6653B33681F0}.Debug|x86.ActiveCfg = Debug|Any CPU
		{2882AEEB-D4CD-4EB9-8A6C-6653B33681F0}.Debug|x86.Build.0 = Debug|Any CPU
		{2882AEEB-D4CD-4EB9-8A6C-6653B33681F0}.Release|Any CPU.ActiveCfg = Release|Any CPU
		{2882AEEB-D4CD-4EB9-8A6C-6653B33681F0}.Release|Any CPU.Build.0 = Release|Any CPU
		{2882AEEB-D4CD-4EB9-8A6C-6653B33681F0}.Release|ARM.ActiveCfg = Release|Any CPU
		{2882AEEB-D4CD-4EB9-8A6C-6653B33681F0}.Release|ARM.Build.0 = Release|Any CPU
		{2882AEEB-D4CD-4EB9-8A6C-6653B33681F0}.Release|x64.ActiveCfg = Release|Any CPU
		{2882AEEB-D4CD-4EB9-8A6C-6653B33681F0}.Release|x64.Build.0 = Release|Any CPU
		{2882AEEB-D4CD-4EB9-8A6C-6653B33681F0}.Release|x86.ActiveCfg = Release|Any CPU
		{2882AEEB-D4CD-4EB9-8A6C-6653B33681F0}.Release|x86.Build.0 = Release|Any CPU
		{56A56F17-7DE1-4CA1-9617-BF32E971AC84}.AppStore|Any CPU.ActiveCfg = Release|Any CPU
		{56A56F17-7DE1-4CA1-9617-BF32E971AC84}.AppStore|Any CPU.Build.0 = Release|Any CPU
		{56A56F17-7DE1-4CA1-9617-BF32E971AC84}.AppStore|ARM.ActiveCfg = Release|Any CPU
		{56A56F17-7DE1-4CA1-9617-BF32E971AC84}.AppStore|ARM.Build.0 = Release|Any CPU
		{56A56F17-7DE1-4CA1-9617-BF32E971AC84}.AppStore|x64.ActiveCfg = Release|Any CPU
		{56A56F17-7DE1-4CA1-9617-BF32E971AC84}.AppStore|x64.Build.0 = Release|Any CPU
		{56A56F17-7DE1-4CA1-9617-BF32E971AC84}.AppStore|x86.ActiveCfg = Release|Any CPU
		{56A56F17-7DE1-4CA1-9617-BF32E971AC84}.AppStore|x86.Build.0 = Release|Any CPU
		{56A56F17-7DE1-4CA1-9617-BF32E971AC84}.Debug|Any CPU.ActiveCfg = Debug|Any CPU
		{56A56F17-7DE1-4CA1-9617-BF32E971AC84}.Debug|Any CPU.Build.0 = Debug|Any CPU
		{56A56F17-7DE1-4CA1-9617-BF32E971AC84}.Debug|ARM.ActiveCfg = Debug|Any CPU
		{56A56F17-7DE1-4CA1-9617-BF32E971AC84}.Debug|ARM.Build.0 = Debug|Any CPU
		{56A56F17-7DE1-4CA1-9617-BF32E971AC84}.Debug|x64.ActiveCfg = Debug|Any CPU
		{56A56F17-7DE1-4CA1-9617-BF32E971AC84}.Debug|x64.Build.0 = Debug|Any CPU
		{56A56F17-7DE1-4CA1-9617-BF32E971AC84}.Debug|x86.ActiveCfg = Debug|Any CPU
		{56A56F17-7DE1-4CA1-9617-BF32E971AC84}.Debug|x86.Build.0 = Debug|Any CPU
		{56A56F17-7DE1-4CA1-9617-BF32E971AC84}.Release|Any CPU.ActiveCfg = Release|Any CPU
		{56A56F17-7DE1-4CA1-9617-BF32E971AC84}.Release|Any CPU.Build.0 = Release|Any CPU
		{56A56F17-7DE1-4CA1-9617-BF32E971AC84}.Release|ARM.ActiveCfg = Release|Any CPU
		{56A56F17-7DE1-4CA1-9617-BF32E971AC84}.Release|ARM.Build.0 = Release|Any CPU
		{56A56F17-7DE1-4CA1-9617-BF32E971AC84}.Release|x64.ActiveCfg = Release|Any CPU
		{56A56F17-7DE1-4CA1-9617-BF32E971AC84}.Release|x64.Build.0 = Release|Any CPU
		{56A56F17-7DE1-4CA1-9617-BF32E971AC84}.Release|x86.ActiveCfg = Release|Any CPU
		{56A56F17-7DE1-4CA1-9617-BF32E971AC84}.Release|x86.Build.0 = Release|Any CPU
		{5876144B-47DD-4C4E-B421-BC03F191B996}.AppStore|Any CPU.ActiveCfg = Release|Any CPU
		{5876144B-47DD-4C4E-B421-BC03F191B996}.AppStore|Any CPU.Build.0 = Release|Any CPU
		{5876144B-47DD-4C4E-B421-BC03F191B996}.AppStore|ARM.ActiveCfg = Release|ARM
		{5876144B-47DD-4C4E-B421-BC03F191B996}.AppStore|ARM.Build.0 = Release|ARM
		{5876144B-47DD-4C4E-B421-BC03F191B996}.AppStore|x64.ActiveCfg = Release|Any CPU
		{5876144B-47DD-4C4E-B421-BC03F191B996}.AppStore|x64.Build.0 = Release|Any CPU
		{5876144B-47DD-4C4E-B421-BC03F191B996}.AppStore|x86.ActiveCfg = Release|x86
		{5876144B-47DD-4C4E-B421-BC03F191B996}.AppStore|x86.Build.0 = Release|x86
		{5876144B-47DD-4C4E-B421-BC03F191B996}.Debug|Any CPU.ActiveCfg = Debug|Any CPU
		{5876144B-47DD-4C4E-B421-BC03F191B996}.Debug|Any CPU.Build.0 = Debug|Any CPU
		{5876144B-47DD-4C4E-B421-BC03F191B996}.Debug|ARM.ActiveCfg = Debug|ARM
		{5876144B-47DD-4C4E-B421-BC03F191B996}.Debug|ARM.Build.0 = Debug|ARM
		{5876144B-47DD-4C4E-B421-BC03F191B996}.Debug|x64.ActiveCfg = Debug|Any CPU
		{5876144B-47DD-4C4E-B421-BC03F191B996}.Debug|x64.Build.0 = Debug|Any CPU
		{5876144B-47DD-4C4E-B421-BC03F191B996}.Debug|x86.ActiveCfg = Debug|x86
		{5876144B-47DD-4C4E-B421-BC03F191B996}.Debug|x86.Build.0 = Debug|x86
		{5876144B-47DD-4C4E-B421-BC03F191B996}.Release|Any CPU.ActiveCfg = Release|Any CPU
		{5876144B-47DD-4C4E-B421-BC03F191B996}.Release|Any CPU.Build.0 = Release|Any CPU
		{5876144B-47DD-4C4E-B421-BC03F191B996}.Release|ARM.ActiveCfg = Release|ARM
		{5876144B-47DD-4C4E-B421-BC03F191B996}.Release|ARM.Build.0 = Release|ARM
		{5876144B-47DD-4C4E-B421-BC03F191B996}.Release|x64.ActiveCfg = Release|Any CPU
		{5876144B-47DD-4C4E-B421-BC03F191B996}.Release|x64.Build.0 = Release|Any CPU
		{5876144B-47DD-4C4E-B421-BC03F191B996}.Release|x86.ActiveCfg = Release|x86
		{5876144B-47DD-4C4E-B421-BC03F191B996}.Release|x86.Build.0 = Release|x86
		{7169373F-0B82-4E5D-9129-7CC3065B90FA}.AppStore|Any CPU.ActiveCfg = Release|Any CPU
		{7169373F-0B82-4E5D-9129-7CC3065B90FA}.AppStore|Any CPU.Build.0 = Release|Any CPU
		{7169373F-0B82-4E5D-9129-7CC3065B90FA}.AppStore|ARM.ActiveCfg = Release|ARM
		{7169373F-0B82-4E5D-9129-7CC3065B90FA}.AppStore|ARM.Build.0 = Release|ARM
		{7169373F-0B82-4E5D-9129-7CC3065B90FA}.AppStore|x64.ActiveCfg = Release|Any CPU
		{7169373F-0B82-4E5D-9129-7CC3065B90FA}.AppStore|x64.Build.0 = Release|Any CPU
		{7169373F-0B82-4E5D-9129-7CC3065B90FA}.AppStore|x86.ActiveCfg = Release|x86
		{7169373F-0B82-4E5D-9129-7CC3065B90FA}.AppStore|x86.Build.0 = Release|x86
		{7169373F-0B82-4E5D-9129-7CC3065B90FA}.Debug|Any CPU.ActiveCfg = Debug|Any CPU
		{7169373F-0B82-4E5D-9129-7CC3065B90FA}.Debug|Any CPU.Build.0 = Debug|Any CPU
		{7169373F-0B82-4E5D-9129-7CC3065B90FA}.Debug|ARM.ActiveCfg = Debug|ARM
		{7169373F-0B82-4E5D-9129-7CC3065B90FA}.Debug|ARM.Build.0 = Debug|ARM
		{7169373F-0B82-4E5D-9129-7CC3065B90FA}.Debug|x64.ActiveCfg = Debug|Any CPU
		{7169373F-0B82-4E5D-9129-7CC3065B90FA}.Debug|x64.Build.0 = Debug|Any CPU
		{7169373F-0B82-4E5D-9129-7CC3065B90FA}.Debug|x86.ActiveCfg = Debug|x86
		{7169373F-0B82-4E5D-9129-7CC3065B90FA}.Debug|x86.Build.0 = Debug|x86
		{7169373F-0B82-4E5D-9129-7CC3065B90FA}.Release|Any CPU.ActiveCfg = Release|Any CPU
		{7169373F-0B82-4E5D-9129-7CC3065B90FA}.Release|Any CPU.Build.0 = Release|Any CPU
		{7169373F-0B82-4E5D-9129-7CC3065B90FA}.Release|ARM.ActiveCfg = Release|ARM
		{7169373F-0B82-4E5D-9129-7CC3065B90FA}.Release|ARM.Build.0 = Release|ARM
		{7169373F-0B82-4E5D-9129-7CC3065B90FA}.Release|x64.ActiveCfg = Release|Any CPU
		{7169373F-0B82-4E5D-9129-7CC3065B90FA}.Release|x64.Build.0 = Release|Any CPU
		{7169373F-0B82-4E5D-9129-7CC3065B90FA}.Release|x86.ActiveCfg = Release|x86
		{7169373F-0B82-4E5D-9129-7CC3065B90FA}.Release|x86.Build.0 = Release|x86
		{ED9A4CA1-C04C-457D-9A2E-7995CCF12356}.AppStore|Any CPU.ActiveCfg = Release|Any CPU
		{ED9A4CA1-C04C-457D-9A2E-7995CCF12356}.AppStore|Any CPU.Build.0 = Release|Any CPU
		{ED9A4CA1-C04C-457D-9A2E-7995CCF12356}.AppStore|ARM.ActiveCfg = Release|ARM
		{ED9A4CA1-C04C-457D-9A2E-7995CCF12356}.AppStore|ARM.Build.0 = Release|ARM
		{ED9A4CA1-C04C-457D-9A2E-7995CCF12356}.AppStore|x64.ActiveCfg = Release|x64
		{ED9A4CA1-C04C-457D-9A2E-7995CCF12356}.AppStore|x64.Build.0 = Release|x64
		{ED9A4CA1-C04C-457D-9A2E-7995CCF12356}.AppStore|x86.ActiveCfg = Release|x86
		{ED9A4CA1-C04C-457D-9A2E-7995CCF12356}.AppStore|x86.Build.0 = Release|x86
		{ED9A4CA1-C04C-457D-9A2E-7995CCF12356}.Debug|Any CPU.ActiveCfg = Debug|Any CPU
		{ED9A4CA1-C04C-457D-9A2E-7995CCF12356}.Debug|Any CPU.Build.0 = Debug|Any CPU
		{ED9A4CA1-C04C-457D-9A2E-7995CCF12356}.Debug|ARM.ActiveCfg = Debug|ARM
		{ED9A4CA1-C04C-457D-9A2E-7995CCF12356}.Debug|ARM.Build.0 = Debug|ARM
		{ED9A4CA1-C04C-457D-9A2E-7995CCF12356}.Debug|x64.ActiveCfg = Debug|x64
		{ED9A4CA1-C04C-457D-9A2E-7995CCF12356}.Debug|x64.Build.0 = Debug|x64
		{ED9A4CA1-C04C-457D-9A2E-7995CCF12356}.Debug|x86.ActiveCfg = Debug|x86
		{ED9A4CA1-C04C-457D-9A2E-7995CCF12356}.Debug|x86.Build.0 = Debug|x86
		{ED9A4CA1-C04C-457D-9A2E-7995CCF12356}.Release|Any CPU.ActiveCfg = Release|Any CPU
		{ED9A4CA1-C04C-457D-9A2E-7995CCF12356}.Release|Any CPU.Build.0 = Release|Any CPU
		{ED9A4CA1-C04C-457D-9A2E-7995CCF12356}.Release|ARM.ActiveCfg = Release|ARM
		{ED9A4CA1-C04C-457D-9A2E-7995CCF12356}.Release|ARM.Build.0 = Release|ARM
		{ED9A4CA1-C04C-457D-9A2E-7995CCF12356}.Release|x64.ActiveCfg = Release|x64
		{ED9A4CA1-C04C-457D-9A2E-7995CCF12356}.Release|x64.Build.0 = Release|x64
		{ED9A4CA1-C04C-457D-9A2E-7995CCF12356}.Release|x86.ActiveCfg = Release|x86
		{ED9A4CA1-C04C-457D-9A2E-7995CCF12356}.Release|x86.Build.0 = Release|x86
		{E34B516D-C0D8-450F-9DB0-BB6A5B04AEF1}.AppStore|Any CPU.ActiveCfg = Release|Any CPU
		{E34B516D-C0D8-450F-9DB0-BB6A5B04AEF1}.AppStore|Any CPU.Build.0 = Release|Any CPU
		{E34B516D-C0D8-450F-9DB0-BB6A5B04AEF1}.AppStore|ARM.ActiveCfg = Release|ARM
		{E34B516D-C0D8-450F-9DB0-BB6A5B04AEF1}.AppStore|ARM.Build.0 = Release|ARM
		{E34B516D-C0D8-450F-9DB0-BB6A5B04AEF1}.AppStore|x64.ActiveCfg = Release|x64
		{E34B516D-C0D8-450F-9DB0-BB6A5B04AEF1}.AppStore|x64.Build.0 = Release|x64
		{E34B516D-C0D8-450F-9DB0-BB6A5B04AEF1}.AppStore|x86.ActiveCfg = Release|x86
		{E34B516D-C0D8-450F-9DB0-BB6A5B04AEF1}.AppStore|x86.Build.0 = Release|x86
		{E34B516D-C0D8-450F-9DB0-BB6A5B04AEF1}.Debug|Any CPU.ActiveCfg = Debug|Any CPU
		{E34B516D-C0D8-450F-9DB0-BB6A5B04AEF1}.Debug|Any CPU.Build.0 = Debug|Any CPU
		{E34B516D-C0D8-450F-9DB0-BB6A5B04AEF1}.Debug|ARM.ActiveCfg = Debug|ARM
		{E34B516D-C0D8-450F-9DB0-BB6A5B04AEF1}.Debug|ARM.Build.0 = Debug|ARM
		{E34B516D-C0D8-450F-9DB0-BB6A5B04AEF1}.Debug|x64.ActiveCfg = Debug|x64
		{E34B516D-C0D8-450F-9DB0-BB6A5B04AEF1}.Debug|x64.Build.0 = Debug|x64
		{E34B516D-C0D8-450F-9DB0-BB6A5B04AEF1}.Debug|x86.ActiveCfg = Debug|x86
		{E34B516D-C0D8-450F-9DB0-BB6A5B04AEF1}.Debug|x86.Build.0 = Debug|x86
		{E34B516D-C0D8-450F-9DB0-BB6A5B04AEF1}.Release|Any CPU.ActiveCfg = Release|Any CPU
		{E34B516D-C0D8-450F-9DB0-BB6A5B04AEF1}.Release|Any CPU.Build.0 = Release|Any CPU
		{E34B516D-C0D8-450F-9DB0-BB6A5B04AEF1}.Release|ARM.ActiveCfg = Release|ARM
		{E34B516D-C0D8-450F-9DB0-BB6A5B04AEF1}.Release|ARM.Build.0 = Release|ARM
		{E34B516D-C0D8-450F-9DB0-BB6A5B04AEF1}.Release|x64.ActiveCfg = Release|x64
		{E34B516D-C0D8-450F-9DB0-BB6A5B04AEF1}.Release|x64.Build.0 = Release|x64
		{E34B516D-C0D8-450F-9DB0-BB6A5B04AEF1}.Release|x86.ActiveCfg = Release|x86
		{E34B516D-C0D8-450F-9DB0-BB6A5B04AEF1}.Release|x86.Build.0 = Release|x86
		{5FFBA81C-9E4B-4292-818E-A16F31965C4B}.AppStore|Any CPU.ActiveCfg = Release|Any CPU
		{5FFBA81C-9E4B-4292-818E-A16F31965C4B}.AppStore|Any CPU.Build.0 = Release|Any CPU
		{5FFBA81C-9E4B-4292-818E-A16F31965C4B}.AppStore|ARM.ActiveCfg = Release|Any CPU
		{5FFBA81C-9E4B-4292-818E-A16F31965C4B}.AppStore|ARM.Build.0 = Release|Any CPU
		{5FFBA81C-9E4B-4292-818E-A16F31965C4B}.AppStore|x64.ActiveCfg = Release|Any CPU
		{5FFBA81C-9E4B-4292-818E-A16F31965C4B}.AppStore|x64.Build.0 = Release|Any CPU
		{5FFBA81C-9E4B-4292-818E-A16F31965C4B}.AppStore|x86.ActiveCfg = Release|Any CPU
		{5FFBA81C-9E4B-4292-818E-A16F31965C4B}.AppStore|x86.Build.0 = Release|Any CPU
		{5FFBA81C-9E4B-4292-818E-A16F31965C4B}.Debug|Any CPU.ActiveCfg = Debug|Any CPU
		{5FFBA81C-9E4B-4292-818E-A16F31965C4B}.Debug|Any CPU.Build.0 = Debug|Any CPU
		{5FFBA81C-9E4B-4292-818E-A16F31965C4B}.Debug|ARM.ActiveCfg = Debug|Any CPU
		{5FFBA81C-9E4B-4292-818E-A16F31965C4B}.Debug|ARM.Build.0 = Debug|Any CPU
		{5FFBA81C-9E4B-4292-818E-A16F31965C4B}.Debug|x64.ActiveCfg = Debug|Any CPU
		{5FFBA81C-9E4B-4292-818E-A16F31965C4B}.Debug|x64.Build.0 = Debug|Any CPU
		{5FFBA81C-9E4B-4292-818E-A16F31965C4B}.Debug|x86.ActiveCfg = Debug|Any CPU
		{5FFBA81C-9E4B-4292-818E-A16F31965C4B}.Debug|x86.Build.0 = Debug|Any CPU
		{5FFBA81C-9E4B-4292-818E-A16F31965C4B}.Release|Any CPU.ActiveCfg = Release|Any CPU
		{5FFBA81C-9E4B-4292-818E-A16F31965C4B}.Release|Any CPU.Build.0 = Release|Any CPU
		{5FFBA81C-9E4B-4292-818E-A16F31965C4B}.Release|ARM.ActiveCfg = Release|Any CPU
		{5FFBA81C-9E4B-4292-818E-A16F31965C4B}.Release|ARM.Build.0 = Release|Any CPU
		{5FFBA81C-9E4B-4292-818E-A16F31965C4B}.Release|x64.ActiveCfg = Release|Any CPU
		{5FFBA81C-9E4B-4292-818E-A16F31965C4B}.Release|x64.Build.0 = Release|Any CPU
		{5FFBA81C-9E4B-4292-818E-A16F31965C4B}.Release|x86.ActiveCfg = Release|Any CPU
		{5FFBA81C-9E4B-4292-818E-A16F31965C4B}.Release|x86.Build.0 = Release|Any CPU
		{829C860C-A35F-4CE6-A0AA-886EF62D0690}.AppStore|Any CPU.ActiveCfg = Release|Any CPU
		{829C860C-A35F-4CE6-A0AA-886EF62D0690}.AppStore|Any CPU.Build.0 = Release|Any CPU
		{829C860C-A35F-4CE6-A0AA-886EF62D0690}.AppStore|ARM.ActiveCfg = Release|Any CPU
		{829C860C-A35F-4CE6-A0AA-886EF62D0690}.AppStore|ARM.Build.0 = Release|Any CPU
		{829C860C-A35F-4CE6-A0AA-886EF62D0690}.AppStore|x64.ActiveCfg = Release|Any CPU
		{829C860C-A35F-4CE6-A0AA-886EF62D0690}.AppStore|x64.Build.0 = Release|Any CPU
		{829C860C-A35F-4CE6-A0AA-886EF62D0690}.AppStore|x86.ActiveCfg = Release|Any CPU
		{829C860C-A35F-4CE6-A0AA-886EF62D0690}.AppStore|x86.Build.0 = Release|Any CPU
		{829C860C-A35F-4CE6-A0AA-886EF62D0690}.Debug|Any CPU.ActiveCfg = Debug|Any CPU
		{829C860C-A35F-4CE6-A0AA-886EF62D0690}.Debug|Any CPU.Build.0 = Debug|Any CPU
		{829C860C-A35F-4CE6-A0AA-886EF62D0690}.Debug|ARM.ActiveCfg = Debug|Any CPU
		{829C860C-A35F-4CE6-A0AA-886EF62D0690}.Debug|ARM.Build.0 = Debug|Any CPU
		{829C860C-A35F-4CE6-A0AA-886EF62D0690}.Debug|x64.ActiveCfg = Debug|Any CPU
		{829C860C-A35F-4CE6-A0AA-886EF62D0690}.Debug|x64.Build.0 = Debug|Any CPU
		{829C860C-A35F-4CE6-A0AA-886EF62D0690}.Debug|x86.ActiveCfg = Debug|Any CPU
		{829C860C-A35F-4CE6-A0AA-886EF62D0690}.Debug|x86.Build.0 = Debug|Any CPU
		{829C860C-A35F-4CE6-A0AA-886EF62D0690}.Release|Any CPU.ActiveCfg = Release|Any CPU
		{829C860C-A35F-4CE6-A0AA-886EF62D0690}.Release|Any CPU.Build.0 = Release|Any CPU
		{829C860C-A35F-4CE6-A0AA-886EF62D0690}.Release|ARM.ActiveCfg = Release|Any CPU
		{829C860C-A35F-4CE6-A0AA-886EF62D0690}.Release|ARM.Build.0 = Release|Any CPU
		{829C860C-A35F-4CE6-A0AA-886EF62D0690}.Release|x64.ActiveCfg = Release|Any CPU
		{829C860C-A35F-4CE6-A0AA-886EF62D0690}.Release|x64.Build.0 = Release|Any CPU
		{829C860C-A35F-4CE6-A0AA-886EF62D0690}.Release|x86.ActiveCfg = Release|Any CPU
		{829C860C-A35F-4CE6-A0AA-886EF62D0690}.Release|x86.Build.0 = Release|Any CPU
		{0FEF6C58-6EFF-4B10-9EF0-ACF80FE624B6}.AppStore|Any CPU.ActiveCfg = Release|Any CPU
		{0FEF6C58-6EFF-4B10-9EF0-ACF80FE624B6}.AppStore|Any CPU.Build.0 = Release|Any CPU
		{0FEF6C58-6EFF-4B10-9EF0-ACF80FE624B6}.AppStore|ARM.ActiveCfg = Release|Any CPU
		{0FEF6C58-6EFF-4B10-9EF0-ACF80FE624B6}.AppStore|ARM.Build.0 = Release|Any CPU
		{0FEF6C58-6EFF-4B10-9EF0-ACF80FE624B6}.AppStore|x64.ActiveCfg = Release|Any CPU
		{0FEF6C58-6EFF-4B10-9EF0-ACF80FE624B6}.AppStore|x64.Build.0 = Release|Any CPU
		{0FEF6C58-6EFF-4B10-9EF0-ACF80FE624B6}.AppStore|x86.ActiveCfg = Release|Any CPU
		{0FEF6C58-6EFF-4B10-9EF0-ACF80FE624B6}.AppStore|x86.Build.0 = Release|Any CPU
		{0FEF6C58-6EFF-4B10-9EF0-ACF80FE624B6}.Debug|Any CPU.ActiveCfg = Debug|Any CPU
		{0FEF6C58-6EFF-4B10-9EF0-ACF80FE624B6}.Debug|Any CPU.Build.0 = Debug|Any CPU
		{0FEF6C58-6EFF-4B10-9EF0-ACF80FE624B6}.Debug|ARM.ActiveCfg = Debug|Any CPU
		{0FEF6C58-6EFF-4B10-9EF0-ACF80FE624B6}.Debug|ARM.Build.0 = Debug|Any CPU
		{0FEF6C58-6EFF-4B10-9EF0-ACF80FE624B6}.Debug|x64.ActiveCfg = Debug|Any CPU
		{0FEF6C58-6EFF-4B10-9EF0-ACF80FE624B6}.Debug|x64.Build.0 = Debug|Any CPU
		{0FEF6C58-6EFF-4B10-9EF0-ACF80FE624B6}.Debug|x86.ActiveCfg = Debug|Any CPU
		{0FEF6C58-6EFF-4B10-9EF0-ACF80FE624B6}.Debug|x86.Build.0 = Debug|Any CPU
		{0FEF6C58-6EFF-4B10-9EF0-ACF80FE624B6}.Release|Any CPU.ActiveCfg = Release|Any CPU
		{0FEF6C58-6EFF-4B10-9EF0-ACF80FE624B6}.Release|Any CPU.Build.0 = Release|Any CPU
		{0FEF6C58-6EFF-4B10-9EF0-ACF80FE624B6}.Release|ARM.ActiveCfg = Release|Any CPU
		{0FEF6C58-6EFF-4B10-9EF0-ACF80FE624B6}.Release|ARM.Build.0 = Release|Any CPU
		{0FEF6C58-6EFF-4B10-9EF0-ACF80FE624B6}.Release|x64.ActiveCfg = Release|Any CPU
		{0FEF6C58-6EFF-4B10-9EF0-ACF80FE624B6}.Release|x64.Build.0 = Release|Any CPU
		{0FEF6C58-6EFF-4B10-9EF0-ACF80FE624B6}.Release|x86.ActiveCfg = Release|Any CPU
		{0FEF6C58-6EFF-4B10-9EF0-ACF80FE624B6}.Release|x86.Build.0 = Release|Any CPU
		{B973E0AC-1D06-44BF-8BB7-167536CD5D48}.AppStore|Any CPU.ActiveCfg = Release|Any CPU
		{B973E0AC-1D06-44BF-8BB7-167536CD5D48}.AppStore|Any CPU.Build.0 = Release|Any CPU
		{B973E0AC-1D06-44BF-8BB7-167536CD5D48}.AppStore|ARM.ActiveCfg = Release|Any CPU
		{B973E0AC-1D06-44BF-8BB7-167536CD5D48}.AppStore|ARM.Build.0 = Release|Any CPU
		{B973E0AC-1D06-44BF-8BB7-167536CD5D48}.AppStore|x64.ActiveCfg = Release|Any CPU
		{B973E0AC-1D06-44BF-8BB7-167536CD5D48}.AppStore|x64.Build.0 = Release|Any CPU
		{B973E0AC-1D06-44BF-8BB7-167536CD5D48}.AppStore|x86.ActiveCfg = Release|Any CPU
		{B973E0AC-1D06-44BF-8BB7-167536CD5D48}.AppStore|x86.Build.0 = Release|Any CPU
		{B973E0AC-1D06-44BF-8BB7-167536CD5D48}.Debug|Any CPU.ActiveCfg = Debug|Any CPU
		{B973E0AC-1D06-44BF-8BB7-167536CD5D48}.Debug|Any CPU.Build.0 = Debug|Any CPU
		{B973E0AC-1D06-44BF-8BB7-167536CD5D48}.Debug|ARM.ActiveCfg = Debug|Any CPU
		{B973E0AC-1D06-44BF-8BB7-167536CD5D48}.Debug|ARM.Build.0 = Debug|Any CPU
		{B973E0AC-1D06-44BF-8BB7-167536CD5D48}.Debug|x64.ActiveCfg = Debug|Any CPU
		{B973E0AC-1D06-44BF-8BB7-167536CD5D48}.Debug|x64.Build.0 = Debug|Any CPU
		{B973E0AC-1D06-44BF-8BB7-167536CD5D48}.Debug|x86.ActiveCfg = Debug|Any CPU
		{B973E0AC-1D06-44BF-8BB7-167536CD5D48}.Debug|x86.Build.0 = Debug|Any CPU
		{B973E0AC-1D06-44BF-8BB7-167536CD5D48}.Release|Any CPU.ActiveCfg = Release|Any CPU
		{B973E0AC-1D06-44BF-8BB7-167536CD5D48}.Release|Any CPU.Build.0 = Release|Any CPU
		{B973E0AC-1D06-44BF-8BB7-167536CD5D48}.Release|ARM.ActiveCfg = Release|Any CPU
		{B973E0AC-1D06-44BF-8BB7-167536CD5D48}.Release|ARM.Build.0 = Release|Any CPU
		{B973E0AC-1D06-44BF-8BB7-167536CD5D48}.Release|x64.ActiveCfg = Release|Any CPU
		{B973E0AC-1D06-44BF-8BB7-167536CD5D48}.Release|x64.Build.0 = Release|Any CPU
		{B973E0AC-1D06-44BF-8BB7-167536CD5D48}.Release|x86.ActiveCfg = Release|Any CPU
		{B973E0AC-1D06-44BF-8BB7-167536CD5D48}.Release|x86.Build.0 = Release|Any CPU
		{1D05DB15-7576-439C-8B23-B06EE2E70F94}.AppStore|Any CPU.ActiveCfg = Release|Any CPU
		{1D05DB15-7576-439C-8B23-B06EE2E70F94}.AppStore|Any CPU.Build.0 = Release|Any CPU
		{1D05DB15-7576-439C-8B23-B06EE2E70F94}.AppStore|ARM.ActiveCfg = Release|Any CPU
		{1D05DB15-7576-439C-8B23-B06EE2E70F94}.AppStore|ARM.Build.0 = Release|Any CPU
		{1D05DB15-7576-439C-8B23-B06EE2E70F94}.AppStore|x64.ActiveCfg = Release|Any CPU
		{1D05DB15-7576-439C-8B23-B06EE2E70F94}.AppStore|x64.Build.0 = Release|Any CPU
		{1D05DB15-7576-439C-8B23-B06EE2E70F94}.AppStore|x86.ActiveCfg = Release|Any CPU
		{1D05DB15-7576-439C-8B23-B06EE2E70F94}.AppStore|x86.Build.0 = Release|Any CPU
		{1D05DB15-7576-439C-8B23-B06EE2E70F94}.Debug|Any CPU.ActiveCfg = Debug|Any CPU
		{1D05DB15-7576-439C-8B23-B06EE2E70F94}.Debug|Any CPU.Build.0 = Debug|Any CPU
		{1D05DB15-7576-439C-8B23-B06EE2E70F94}.Debug|ARM.ActiveCfg = Debug|Any CPU
		{1D05DB15-7576-439C-8B23-B06EE2E70F94}.Debug|ARM.Build.0 = Debug|Any CPU
		{1D05DB15-7576-439C-8B23-B06EE2E70F94}.Debug|x64.ActiveCfg = Debug|Any CPU
		{1D05DB15-7576-439C-8B23-B06EE2E70F94}.Debug|x64.Build.0 = Debug|Any CPU
		{1D05DB15-7576-439C-8B23-B06EE2E70F94}.Debug|x86.ActiveCfg = Debug|Any CPU
		{1D05DB15-7576-439C-8B23-B06EE2E70F94}.Debug|x86.Build.0 = Debug|Any CPU
		{1D05DB15-7576-439C-8B23-B06EE2E70F94}.Release|Any CPU.ActiveCfg = Release|Any CPU
		{1D05DB15-7576-439C-8B23-B06EE2E70F94}.Release|Any CPU.Build.0 = Release|Any CPU
		{1D05DB15-7576-439C-8B23-B06EE2E70F94}.Release|ARM.ActiveCfg = Release|Any CPU
		{1D05DB15-7576-439C-8B23-B06EE2E70F94}.Release|ARM.Build.0 = Release|Any CPU
		{1D05DB15-7576-439C-8B23-B06EE2E70F94}.Release|x64.ActiveCfg = Release|Any CPU
		{1D05DB15-7576-439C-8B23-B06EE2E70F94}.Release|x64.Build.0 = Release|Any CPU
		{1D05DB15-7576-439C-8B23-B06EE2E70F94}.Release|x86.ActiveCfg = Release|Any CPU
		{1D05DB15-7576-439C-8B23-B06EE2E70F94}.Release|x86.Build.0 = Release|Any CPU
		{7BAFAF37-952D-45DE-AF2A-07A271334B09}.AppStore|Any CPU.ActiveCfg = Release|Any CPU
		{7BAFAF37-952D-45DE-AF2A-07A271334B09}.AppStore|Any CPU.Build.0 = Release|Any CPU
		{7BAFAF37-952D-45DE-AF2A-07A271334B09}.AppStore|ARM.ActiveCfg = Release|Any CPU
		{7BAFAF37-952D-45DE-AF2A-07A271334B09}.AppStore|ARM.Build.0 = Release|Any CPU
		{7BAFAF37-952D-45DE-AF2A-07A271334B09}.AppStore|x64.ActiveCfg = Release|Any CPU
		{7BAFAF37-952D-45DE-AF2A-07A271334B09}.AppStore|x64.Build.0 = Release|Any CPU
		{7BAFAF37-952D-45DE-AF2A-07A271334B09}.AppStore|x86.ActiveCfg = Release|Any CPU
		{7BAFAF37-952D-45DE-AF2A-07A271334B09}.AppStore|x86.Build.0 = Release|Any CPU
		{7BAFAF37-952D-45DE-AF2A-07A271334B09}.Debug|Any CPU.ActiveCfg = Debug|Any CPU
		{7BAFAF37-952D-45DE-AF2A-07A271334B09}.Debug|Any CPU.Build.0 = Debug|Any CPU
		{7BAFAF37-952D-45DE-AF2A-07A271334B09}.Debug|ARM.ActiveCfg = Debug|Any CPU
		{7BAFAF37-952D-45DE-AF2A-07A271334B09}.Debug|ARM.Build.0 = Debug|Any CPU
		{7BAFAF37-952D-45DE-AF2A-07A271334B09}.Debug|x64.ActiveCfg = Debug|Any CPU
		{7BAFAF37-952D-45DE-AF2A-07A271334B09}.Debug|x64.Build.0 = Debug|Any CPU
		{7BAFAF37-952D-45DE-AF2A-07A271334B09}.Debug|x86.ActiveCfg = Debug|Any CPU
		{7BAFAF37-952D-45DE-AF2A-07A271334B09}.Debug|x86.Build.0 = Debug|Any CPU
		{7BAFAF37-952D-45DE-AF2A-07A271334B09}.Release|Any CPU.ActiveCfg = Release|Any CPU
		{7BAFAF37-952D-45DE-AF2A-07A271334B09}.Release|Any CPU.Build.0 = Release|Any CPU
		{7BAFAF37-952D-45DE-AF2A-07A271334B09}.Release|ARM.ActiveCfg = Release|Any CPU
		{7BAFAF37-952D-45DE-AF2A-07A271334B09}.Release|ARM.Build.0 = Release|Any CPU
		{7BAFAF37-952D-45DE-AF2A-07A271334B09}.Release|x64.ActiveCfg = Release|Any CPU
		{7BAFAF37-952D-45DE-AF2A-07A271334B09}.Release|x64.Build.0 = Release|Any CPU
		{7BAFAF37-952D-45DE-AF2A-07A271334B09}.Release|x86.ActiveCfg = Release|Any CPU
		{7BAFAF37-952D-45DE-AF2A-07A271334B09}.Release|x86.Build.0 = Release|Any CPU
		{D986E0BF-1C9D-4F3C-9A2C-27BD877186D7}.AppStore|Any CPU.ActiveCfg = Release|Any CPU
		{D986E0BF-1C9D-4F3C-9A2C-27BD877186D7}.AppStore|Any CPU.Build.0 = Release|Any CPU
		{D986E0BF-1C9D-4F3C-9A2C-27BD877186D7}.AppStore|ARM.ActiveCfg = Release|Any CPU
		{D986E0BF-1C9D-4F3C-9A2C-27BD877186D7}.AppStore|ARM.Build.0 = Release|Any CPU
		{D986E0BF-1C9D-4F3C-9A2C-27BD877186D7}.AppStore|x64.ActiveCfg = Release|Any CPU
		{D986E0BF-1C9D-4F3C-9A2C-27BD877186D7}.AppStore|x64.Build.0 = Release|Any CPU
		{D986E0BF-1C9D-4F3C-9A2C-27BD877186D7}.AppStore|x86.ActiveCfg = Release|Any CPU
		{D986E0BF-1C9D-4F3C-9A2C-27BD877186D7}.AppStore|x86.Build.0 = Release|Any CPU
		{D986E0BF-1C9D-4F3C-9A2C-27BD877186D7}.Debug|Any CPU.ActiveCfg = Debug|Any CPU
		{D986E0BF-1C9D-4F3C-9A2C-27BD877186D7}.Debug|Any CPU.Build.0 = Debug|Any CPU
		{D986E0BF-1C9D-4F3C-9A2C-27BD877186D7}.Debug|ARM.ActiveCfg = Debug|Any CPU
		{D986E0BF-1C9D-4F3C-9A2C-27BD877186D7}.Debug|ARM.Build.0 = Debug|Any CPU
		{D986E0BF-1C9D-4F3C-9A2C-27BD877186D7}.Debug|x64.ActiveCfg = Debug|Any CPU
		{D986E0BF-1C9D-4F3C-9A2C-27BD877186D7}.Debug|x64.Build.0 = Debug|Any CPU
		{D986E0BF-1C9D-4F3C-9A2C-27BD877186D7}.Debug|x86.ActiveCfg = Debug|Any CPU
		{D986E0BF-1C9D-4F3C-9A2C-27BD877186D7}.Debug|x86.Build.0 = Debug|Any CPU
		{D986E0BF-1C9D-4F3C-9A2C-27BD877186D7}.Release|Any CPU.ActiveCfg = Release|Any CPU
		{D986E0BF-1C9D-4F3C-9A2C-27BD877186D7}.Release|Any CPU.Build.0 = Release|Any CPU
		{D986E0BF-1C9D-4F3C-9A2C-27BD877186D7}.Release|ARM.ActiveCfg = Release|Any CPU
		{D986E0BF-1C9D-4F3C-9A2C-27BD877186D7}.Release|ARM.Build.0 = Release|Any CPU
		{D986E0BF-1C9D-4F3C-9A2C-27BD877186D7}.Release|x64.ActiveCfg = Release|Any CPU
		{D986E0BF-1C9D-4F3C-9A2C-27BD877186D7}.Release|x64.Build.0 = Release|Any CPU
		{D986E0BF-1C9D-4F3C-9A2C-27BD877186D7}.Release|x86.ActiveCfg = Release|Any CPU
		{D986E0BF-1C9D-4F3C-9A2C-27BD877186D7}.Release|x86.Build.0 = Release|Any CPU
		{B47242E0-CB02-45B6-B92D-B9B395FC8F9F}.AppStore|Any CPU.ActiveCfg = Release|Any CPU
		{B47242E0-CB02-45B6-B92D-B9B395FC8F9F}.AppStore|Any CPU.Build.0 = Release|Any CPU
		{B47242E0-CB02-45B6-B92D-B9B395FC8F9F}.AppStore|ARM.ActiveCfg = Release|ARM
		{B47242E0-CB02-45B6-B92D-B9B395FC8F9F}.AppStore|ARM.Build.0 = Release|ARM
		{B47242E0-CB02-45B6-B92D-B9B395FC8F9F}.AppStore|x64.ActiveCfg = Release|Any CPU
		{B47242E0-CB02-45B6-B92D-B9B395FC8F9F}.AppStore|x64.Build.0 = Release|Any CPU
		{B47242E0-CB02-45B6-B92D-B9B395FC8F9F}.AppStore|x86.ActiveCfg = Release|x86
		{B47242E0-CB02-45B6-B92D-B9B395FC8F9F}.AppStore|x86.Build.0 = Release|x86
		{B47242E0-CB02-45B6-B92D-B9B395FC8F9F}.Debug|Any CPU.ActiveCfg = Debug|Any CPU
		{B47242E0-CB02-45B6-B92D-B9B395FC8F9F}.Debug|Any CPU.Build.0 = Debug|Any CPU
		{B47242E0-CB02-45B6-B92D-B9B395FC8F9F}.Debug|ARM.ActiveCfg = Debug|ARM
		{B47242E0-CB02-45B6-B92D-B9B395FC8F9F}.Debug|ARM.Build.0 = Debug|ARM
		{B47242E0-CB02-45B6-B92D-B9B395FC8F9F}.Debug|x64.ActiveCfg = Debug|Any CPU
		{B47242E0-CB02-45B6-B92D-B9B395FC8F9F}.Debug|x64.Build.0 = Debug|Any CPU
		{B47242E0-CB02-45B6-B92D-B9B395FC8F9F}.Debug|x86.ActiveCfg = Debug|x86
		{B47242E0-CB02-45B6-B92D-B9B395FC8F9F}.Debug|x86.Build.0 = Debug|x86
		{B47242E0-CB02-45B6-B92D-B9B395FC8F9F}.Release|Any CPU.ActiveCfg = Release|Any CPU
		{B47242E0-CB02-45B6-B92D-B9B395FC8F9F}.Release|Any CPU.Build.0 = Release|Any CPU
		{B47242E0-CB02-45B6-B92D-B9B395FC8F9F}.Release|ARM.ActiveCfg = Release|ARM
		{B47242E0-CB02-45B6-B92D-B9B395FC8F9F}.Release|ARM.Build.0 = Release|ARM
		{B47242E0-CB02-45B6-B92D-B9B395FC8F9F}.Release|x64.ActiveCfg = Release|Any CPU
		{B47242E0-CB02-45B6-B92D-B9B395FC8F9F}.Release|x64.Build.0 = Release|Any CPU
		{B47242E0-CB02-45B6-B92D-B9B395FC8F9F}.Release|x86.ActiveCfg = Release|x86
		{B47242E0-CB02-45B6-B92D-B9B395FC8F9F}.Release|x86.Build.0 = Release|x86
		{B39E6926-D582-4785-BBAA-0A9C47617487}.AppStore|Any CPU.ActiveCfg = Release|Any CPU
		{B39E6926-D582-4785-BBAA-0A9C47617487}.AppStore|Any CPU.Build.0 = Release|Any CPU
		{B39E6926-D582-4785-BBAA-0A9C47617487}.AppStore|ARM.ActiveCfg = Release|ARM
		{B39E6926-D582-4785-BBAA-0A9C47617487}.AppStore|ARM.Build.0 = Release|ARM
		{B39E6926-D582-4785-BBAA-0A9C47617487}.AppStore|x64.ActiveCfg = Release|Any CPU
		{B39E6926-D582-4785-BBAA-0A9C47617487}.AppStore|x64.Build.0 = Release|Any CPU
		{B39E6926-D582-4785-BBAA-0A9C47617487}.AppStore|x86.ActiveCfg = Release|x86
		{B39E6926-D582-4785-BBAA-0A9C47617487}.AppStore|x86.Build.0 = Release|x86
		{B39E6926-D582-4785-BBAA-0A9C47617487}.Debug|Any CPU.ActiveCfg = Debug|Any CPU
		{B39E6926-D582-4785-BBAA-0A9C47617487}.Debug|Any CPU.Build.0 = Debug|Any CPU
		{B39E6926-D582-4785-BBAA-0A9C47617487}.Debug|ARM.ActiveCfg = Debug|ARM
		{B39E6926-D582-4785-BBAA-0A9C47617487}.Debug|ARM.Build.0 = Debug|ARM
		{B39E6926-D582-4785-BBAA-0A9C47617487}.Debug|x64.ActiveCfg = Debug|Any CPU
		{B39E6926-D582-4785-BBAA-0A9C47617487}.Debug|x64.Build.0 = Debug|Any CPU
		{B39E6926-D582-4785-BBAA-0A9C47617487}.Debug|x86.ActiveCfg = Debug|x86
		{B39E6926-D582-4785-BBAA-0A9C47617487}.Debug|x86.Build.0 = Debug|x86
		{B39E6926-D582-4785-BBAA-0A9C47617487}.Release|Any CPU.ActiveCfg = Release|Any CPU
		{B39E6926-D582-4785-BBAA-0A9C47617487}.Release|Any CPU.Build.0 = Release|Any CPU
		{B39E6926-D582-4785-BBAA-0A9C47617487}.Release|ARM.ActiveCfg = Release|ARM
		{B39E6926-D582-4785-BBAA-0A9C47617487}.Release|ARM.Build.0 = Release|ARM
		{B39E6926-D582-4785-BBAA-0A9C47617487}.Release|x64.ActiveCfg = Release|Any CPU
		{B39E6926-D582-4785-BBAA-0A9C47617487}.Release|x64.Build.0 = Release|Any CPU
		{B39E6926-D582-4785-BBAA-0A9C47617487}.Release|x86.ActiveCfg = Release|x86
		{B39E6926-D582-4785-BBAA-0A9C47617487}.Release|x86.Build.0 = Release|x86
		{1C5C1AB7-1F20-401F-8B3E-482FBF34A133}.AppStore|Any CPU.ActiveCfg = Release|Any CPU
		{1C5C1AB7-1F20-401F-8B3E-482FBF34A133}.AppStore|Any CPU.Build.0 = Release|Any CPU
		{1C5C1AB7-1F20-401F-8B3E-482FBF34A133}.AppStore|ARM.ActiveCfg = Release|ARM
		{1C5C1AB7-1F20-401F-8B3E-482FBF34A133}.AppStore|ARM.Build.0 = Release|ARM
		{1C5C1AB7-1F20-401F-8B3E-482FBF34A133}.AppStore|x64.ActiveCfg = Release|x64
		{1C5C1AB7-1F20-401F-8B3E-482FBF34A133}.AppStore|x64.Build.0 = Release|x64
		{1C5C1AB7-1F20-401F-8B3E-482FBF34A133}.AppStore|x86.ActiveCfg = Release|x86
		{1C5C1AB7-1F20-401F-8B3E-482FBF34A133}.AppStore|x86.Build.0 = Release|x86
		{1C5C1AB7-1F20-401F-8B3E-482FBF34A133}.Debug|Any CPU.ActiveCfg = Debug|Any CPU
		{1C5C1AB7-1F20-401F-8B3E-482FBF34A133}.Debug|Any CPU.Build.0 = Debug|Any CPU
		{1C5C1AB7-1F20-401F-8B3E-482FBF34A133}.Debug|ARM.ActiveCfg = Debug|ARM
		{1C5C1AB7-1F20-401F-8B3E-482FBF34A133}.Debug|ARM.Build.0 = Debug|ARM
		{1C5C1AB7-1F20-401F-8B3E-482FBF34A133}.Debug|x64.ActiveCfg = Debug|x64
		{1C5C1AB7-1F20-401F-8B3E-482FBF34A133}.Debug|x64.Build.0 = Debug|x64
		{1C5C1AB7-1F20-401F-8B3E-482FBF34A133}.Debug|x86.ActiveCfg = Debug|x86
		{1C5C1AB7-1F20-401F-8B3E-482FBF34A133}.Debug|x86.Build.0 = Debug|x86
		{1C5C1AB7-1F20-401F-8B3E-482FBF34A133}.Release|Any CPU.ActiveCfg = Release|Any CPU
		{1C5C1AB7-1F20-401F-8B3E-482FBF34A133}.Release|Any CPU.Build.0 = Release|Any CPU
		{1C5C1AB7-1F20-401F-8B3E-482FBF34A133}.Release|ARM.ActiveCfg = Release|ARM
		{1C5C1AB7-1F20-401F-8B3E-482FBF34A133}.Release|ARM.Build.0 = Release|ARM
		{1C5C1AB7-1F20-401F-8B3E-482FBF34A133}.Release|x64.ActiveCfg = Release|x64
		{1C5C1AB7-1F20-401F-8B3E-482FBF34A133}.Release|x64.Build.0 = Release|x64
		{1C5C1AB7-1F20-401F-8B3E-482FBF34A133}.Release|x86.ActiveCfg = Release|x86
		{1C5C1AB7-1F20-401F-8B3E-482FBF34A133}.Release|x86.Build.0 = Release|x86
		{DE55191A-0EEE-4EF6-AE62-78292BF4B858}.AppStore|Any CPU.ActiveCfg = Release|Any CPU
		{DE55191A-0EEE-4EF6-AE62-78292BF4B858}.AppStore|Any CPU.Build.0 = Release|Any CPU
		{DE55191A-0EEE-4EF6-AE62-78292BF4B858}.AppStore|ARM.ActiveCfg = Release|ARM
		{DE55191A-0EEE-4EF6-AE62-78292BF4B858}.AppStore|ARM.Build.0 = Release|ARM
		{DE55191A-0EEE-4EF6-AE62-78292BF4B858}.AppStore|x64.ActiveCfg = Release|x64
		{DE55191A-0EEE-4EF6-AE62-78292BF4B858}.AppStore|x64.Build.0 = Release|x64
		{DE55191A-0EEE-4EF6-AE62-78292BF4B858}.AppStore|x86.ActiveCfg = Release|x86
		{DE55191A-0EEE-4EF6-AE62-78292BF4B858}.AppStore|x86.Build.0 = Release|x86
		{DE55191A-0EEE-4EF6-AE62-78292BF4B858}.Debug|Any CPU.ActiveCfg = Debug|Any CPU
		{DE55191A-0EEE-4EF6-AE62-78292BF4B858}.Debug|Any CPU.Build.0 = Debug|Any CPU
		{DE55191A-0EEE-4EF6-AE62-78292BF4B858}.Debug|ARM.ActiveCfg = Debug|ARM
		{DE55191A-0EEE-4EF6-AE62-78292BF4B858}.Debug|ARM.Build.0 = Debug|ARM
		{DE55191A-0EEE-4EF6-AE62-78292BF4B858}.Debug|x64.ActiveCfg = Debug|x64
		{DE55191A-0EEE-4EF6-AE62-78292BF4B858}.Debug|x64.Build.0 = Debug|x64
		{DE55191A-0EEE-4EF6-AE62-78292BF4B858}.Debug|x86.ActiveCfg = Debug|x86
		{DE55191A-0EEE-4EF6-AE62-78292BF4B858}.Debug|x86.Build.0 = Debug|x86
		{DE55191A-0EEE-4EF6-AE62-78292BF4B858}.Release|Any CPU.ActiveCfg = Release|Any CPU
		{DE55191A-0EEE-4EF6-AE62-78292BF4B858}.Release|Any CPU.Build.0 = Release|Any CPU
		{DE55191A-0EEE-4EF6-AE62-78292BF4B858}.Release|ARM.ActiveCfg = Release|ARM
		{DE55191A-0EEE-4EF6-AE62-78292BF4B858}.Release|ARM.Build.0 = Release|ARM
		{DE55191A-0EEE-4EF6-AE62-78292BF4B858}.Release|x64.ActiveCfg = Release|x64
		{DE55191A-0EEE-4EF6-AE62-78292BF4B858}.Release|x64.Build.0 = Release|x64
		{DE55191A-0EEE-4EF6-AE62-78292BF4B858}.Release|x86.ActiveCfg = Release|x86
		{DE55191A-0EEE-4EF6-AE62-78292BF4B858}.Release|x86.Build.0 = Release|x86
		{60D9E8FA-9B2F-440D-B12F-1378200A7C1B}.AppStore|Any CPU.ActiveCfg = Release|Any CPU
		{60D9E8FA-9B2F-440D-B12F-1378200A7C1B}.AppStore|Any CPU.Build.0 = Release|Any CPU
		{60D9E8FA-9B2F-440D-B12F-1378200A7C1B}.AppStore|ARM.ActiveCfg = Release|Any CPU
		{60D9E8FA-9B2F-440D-B12F-1378200A7C1B}.AppStore|ARM.Build.0 = Release|Any CPU
		{60D9E8FA-9B2F-440D-B12F-1378200A7C1B}.AppStore|x64.ActiveCfg = Release|Any CPU
		{60D9E8FA-9B2F-440D-B12F-1378200A7C1B}.AppStore|x64.Build.0 = Release|Any CPU
		{60D9E8FA-9B2F-440D-B12F-1378200A7C1B}.AppStore|x86.ActiveCfg = Release|Any CPU
		{60D9E8FA-9B2F-440D-B12F-1378200A7C1B}.AppStore|x86.Build.0 = Release|Any CPU
		{60D9E8FA-9B2F-440D-B12F-1378200A7C1B}.Debug|Any CPU.ActiveCfg = Debug|Any CPU
		{60D9E8FA-9B2F-440D-B12F-1378200A7C1B}.Debug|Any CPU.Build.0 = Debug|Any CPU
		{60D9E8FA-9B2F-440D-B12F-1378200A7C1B}.Debug|ARM.ActiveCfg = Debug|Any CPU
		{60D9E8FA-9B2F-440D-B12F-1378200A7C1B}.Debug|ARM.Build.0 = Debug|Any CPU
		{60D9E8FA-9B2F-440D-B12F-1378200A7C1B}.Debug|x64.ActiveCfg = Debug|Any CPU
		{60D9E8FA-9B2F-440D-B12F-1378200A7C1B}.Debug|x64.Build.0 = Debug|Any CPU
		{60D9E8FA-9B2F-440D-B12F-1378200A7C1B}.Debug|x86.ActiveCfg = Debug|Any CPU
		{60D9E8FA-9B2F-440D-B12F-1378200A7C1B}.Debug|x86.Build.0 = Debug|Any CPU
		{60D9E8FA-9B2F-440D-B12F-1378200A7C1B}.Release|Any CPU.ActiveCfg = Release|Any CPU
		{60D9E8FA-9B2F-440D-B12F-1378200A7C1B}.Release|Any CPU.Build.0 = Release|Any CPU
		{60D9E8FA-9B2F-440D-B12F-1378200A7C1B}.Release|ARM.ActiveCfg = Release|Any CPU
		{60D9E8FA-9B2F-440D-B12F-1378200A7C1B}.Release|ARM.Build.0 = Release|Any CPU
		{60D9E8FA-9B2F-440D-B12F-1378200A7C1B}.Release|x64.ActiveCfg = Release|Any CPU
		{60D9E8FA-9B2F-440D-B12F-1378200A7C1B}.Release|x64.Build.0 = Release|Any CPU
		{60D9E8FA-9B2F-440D-B12F-1378200A7C1B}.Release|x86.ActiveCfg = Release|Any CPU
		{60D9E8FA-9B2F-440D-B12F-1378200A7C1B}.Release|x86.Build.0 = Release|Any CPU
	EndGlobalSection
	GlobalSection(SolutionProperties) = preSolution
		HideSolutionNode = FALSE
	EndGlobalSection
	GlobalSection(NestedProjects) = preSolution
		{54997076-792F-4AAF-82C0-EDE69ADF38DD} = {FE7DB7B3-B057-4FBB-915E-81BCBDD6D9F8}
		{4350F383-2688-4C21-9765-B12E7F95FCD1} = {FE7DB7B3-B057-4FBB-915E-81BCBDD6D9F8}
		{9F927C5D-B675-4053-9953-FB87F95AEB11} = {FE7DB7B3-B057-4FBB-915E-81BCBDD6D9F8}
		{1F8440B4-E939-495E-B380-06580231D7AB} = {FE7DB7B3-B057-4FBB-915E-81BCBDD6D9F8}
		{7F0EC63D-7BAD-4BC5-8052-EC838760C398} = {FE7DB7B3-B057-4FBB-915E-81BCBDD6D9F8}
		{795CBAF9-5D92-4DE3-A334-265CCB21FF71} = {FE7DB7B3-B057-4FBB-915E-81BCBDD6D9F8}
		{B027C56F-8AAA-4647-8FA4-D20358C98333} = {FE7DB7B3-B057-4FBB-915E-81BCBDD6D9F8}
		{A1006F2F-E26B-4296-8717-914364A91789} = {FE7DB7B3-B057-4FBB-915E-81BCBDD6D9F8}
		{A6FCEF44-D2BA-42C7-B3CB-13667BCD7B54} = {48D037E5-6E6E-4C3C-8D70-27000DBD146C}
		{6EDB0588-FFC5-4EF5-8A99-9E241D0F878D} = {48D037E5-6E6E-4C3C-8D70-27000DBD146C}
		{2882AEEB-D4CD-4EB9-8A6C-6653B33681F0} = {48D037E5-6E6E-4C3C-8D70-27000DBD146C}
		{56A56F17-7DE1-4CA1-9617-BF32E971AC84} = {48D037E5-6E6E-4C3C-8D70-27000DBD146C}
		{5876144B-47DD-4C4E-B421-BC03F191B996} = {48D037E5-6E6E-4C3C-8D70-27000DBD146C}
		{7169373F-0B82-4E5D-9129-7CC3065B90FA} = {48D037E5-6E6E-4C3C-8D70-27000DBD146C}
		{ED9A4CA1-C04C-457D-9A2E-7995CCF12356} = {48D037E5-6E6E-4C3C-8D70-27000DBD146C}
		{E34B516D-C0D8-450F-9DB0-BB6A5B04AEF1} = {48D037E5-6E6E-4C3C-8D70-27000DBD146C}
		{FCBDE5FB-820B-4681-B70D-2128C845FD94} = {48D037E5-6E6E-4C3C-8D70-27000DBD146C}
		{B973E0AC-1D06-44BF-8BB7-167536CD5D48} = {8DFE50A4-8AD3-4067-A72D-890C1C356D44}
		{1D05DB15-7576-439C-8B23-B06EE2E70F94} = {8DFE50A4-8AD3-4067-A72D-890C1C356D44}
		{7BAFAF37-952D-45DE-AF2A-07A271334B09} = {8DFE50A4-8AD3-4067-A72D-890C1C356D44}
		{D986E0BF-1C9D-4F3C-9A2C-27BD877186D7} = {8DFE50A4-8AD3-4067-A72D-890C1C356D44}
		{B47242E0-CB02-45B6-B92D-B9B395FC8F9F} = {8DFE50A4-8AD3-4067-A72D-890C1C356D44}
		{B39E6926-D582-4785-BBAA-0A9C47617487} = {8DFE50A4-8AD3-4067-A72D-890C1C356D44}
		{1C5C1AB7-1F20-401F-8B3E-482FBF34A133} = {8DFE50A4-8AD3-4067-A72D-890C1C356D44}
		{DE55191A-0EEE-4EF6-AE62-78292BF4B858} = {8DFE50A4-8AD3-4067-A72D-890C1C356D44}
		{A5797728-5F62-4828-81FF-DD8D62B957A3} = {8DFE50A4-8AD3-4067-A72D-890C1C356D44}
	EndGlobalSection
EndGlobal
