
Microsoft Visual Studio Solution File, Format Version 12.00
# Visual Studio 14
VisualStudioVersion = 14.0.25123.0
MinimumVisualStudioVersion = 10.0.40219.1
Project("{FAE04EC0-301F-11D3-BF4B-00C04F79EFBC}") = "Plugin.XamJam.BugHound", "Plugin.XamJam.BugHound\Plugin.XamJam.BugHound.csproj", "{54997076-792F-4AAF-82C0-EDE69ADF38DD}"
EndProject
Project("{FAE04EC0-301F-11D3-BF4B-00C04F79EFBC}") = "Plugin.XamJam.BugHound.Abstractions", "Plugin.XamJam.BugHound.Abstractions\Plugin.XamJam.BugHound.Abstractions.csproj", "{4350F383-2688-4C21-9765-B12E7F95FCD1}"
EndProject
Project("{FAE04EC0-301F-11D3-BF4B-00C04F79EFBC}") = "Plugin.XamJam.BugHound.iOS", "Plugin.XamJam.BugHound.iOS\Plugin.XamJam.BugHound.iOS.csproj", "{9F927C5D-B675-4053-9953-FB87F95AEB11}"
EndProject
Project("{FAE04EC0-301F-11D3-BF4B-00C04F79EFBC}") = "Plugin.XamJam.BugHound.Android", "Plugin.XamJam.BugHound.Android\Plugin.XamJam.BugHound.Android.csproj", "{1F8440B4-E939-495E-B380-06580231D7AB}"
EndProject
Project("{FAE04EC0-301F-11D3-BF4B-00C04F79EFBC}") = "Plugin.XamJam.BugHound.WindowsPhone8", "Plugin.XamJam.BugHound.WindowsPhone8\Plugin.XamJam.BugHound.WindowsPhone8.csproj", "{7F0EC63D-7BAD-4BC5-8052-EC838760C398}"
EndProject
Project("{FAE04EC0-301F-11D3-BF4B-00C04F79EFBC}") = "Plugin.XamJam.BugHound.WindowsPhone81", "Plugin.XamJam.BugHound.WindowsPhone81\Plugin.XamJam.BugHound.WindowsPhone81.csproj", "{795CBAF9-5D92-4DE3-A334-265CCB21FF71}"
EndProject
Project("{FAE04EC0-301F-11D3-BF4B-00C04F79EFBC}") = "Plugin.XamJam.BugHound.WindowsStore", "Plugin.XamJam.BugHound.WindowsStore\Plugin.XamJam.BugHound.WindowsStore.csproj", "{B027C56F-8AAA-4647-8FA4-D20358C98333}"
EndProject
Project("{FAE04EC0-301F-11D3-BF4B-00C04F79EFBC}") = "Plugin.XamJam.BugHound.UWP", "Plugin.XamJam.BugHound.UWP\Plugin.XamJam.BugHound.UWP.csproj", "{A1006F2F-E26B-4296-8717-914364A91789}"
EndProject
Project("{2150E333-8FDC-42A3-9474-1A3956D46DE8}") = "Solution Items", "Solution Items", "{935AA56D-351E-4812-830E-1196726E07EB}"
	ProjectSection(SolutionItems) = preProject
		icon.png = icon.png
		icon.svg = icon.svg
		Plugin.XamJam.BugHound.nuspec = Plugin.XamJam.BugHound.nuspec
	EndProjectSection
EndProject
Global
	GlobalSection(SolutionConfigurationPlatforms) = preSolution
		AppStore|Any CPU = AppStore|Any CPU
		AppStore|ARM = AppStore|ARM
		AppStore|x64 = AppStore|x64
		AppStore|x86 = AppStore|x86
		Debug|Any CPU = Debug|Any CPU
		Debug|ARM = Debug|ARM
		Debug|x64 = Debug|x64
		Debug|x86 = Debug|x86
		Release|Any CPU = Release|Any CPU
		Release|ARM = Release|ARM
		Release|x64 = Release|x64
		Release|x86 = Release|x86
	EndGlobalSection
	GlobalSection(ProjectConfigurationPlatforms) = postSolution
		{54997076-792F-4AAF-82C0-EDE69ADF38DD}.AppStore|Any CPU.ActiveCfg = Release|Any CPU
		{54997076-792F-4AAF-82C0-EDE69ADF38DD}.AppStore|Any CPU.Build.0 = Release|Any CPU
		{54997076-792F-4AAF-82C0-EDE69ADF38DD}.AppStore|ARM.ActiveCfg = Release|Any CPU
		{54997076-792F-4AAF-82C0-EDE69ADF38DD}.AppStore|ARM.Build.0 = Release|Any CPU
		{54997076-792F-4AAF-82C0-EDE69ADF38DD}.AppStore|x64.ActiveCfg = Release|Any CPU
		{54997076-792F-4AAF-82C0-EDE69ADF38DD}.AppStore|x64.Build.0 = Release|Any CPU
		{54997076-792F-4AAF-82C0-EDE69ADF38DD}.AppStore|x86.ActiveCfg = Release|Any CPU
		{54997076-792F-4AAF-82C0-EDE69ADF38DD}.AppStore|x86.Build.0 = Release|Any CPU
		{54997076-792F-4AAF-82C0-EDE69ADF38DD}.Debug|Any CPU.ActiveCfg = Debug|Any CPU
		{54997076-792F-4AAF-82C0-EDE69ADF38DD}.Debug|Any CPU.Build.0 = Debug|Any CPU
		{54997076-792F-4AAF-82C0-EDE69ADF38DD}.Debug|ARM.ActiveCfg = Debug|Any CPU
		{54997076-792F-4AAF-82C0-EDE69ADF38DD}.Debug|ARM.Build.0 = Debug|Any CPU
		{54997076-792F-4AAF-82C0-EDE69ADF38DD}.Debug|x64.ActiveCfg = Debug|Any CPU
		{54997076-792F-4AAF-82C0-EDE69ADF38DD}.Debug|x64.Build.0 = Debug|Any CPU
		{54997076-792F-4AAF-82C0-EDE69ADF38DD}.Debug|x86.ActiveCfg = Debug|Any CPU
		{54997076-792F-4AAF-82C0-EDE69ADF38DD}.Debug|x86.Build.0 = Debug|Any CPU
		{54997076-792F-4AAF-82C0-EDE69ADF38DD}.Release|Any CPU.ActiveCfg = Release|Any CPU
		{54997076-792F-4AAF-82C0-EDE69ADF38DD}.Release|Any CPU.Build.0 = Release|Any CPU
		{54997076-792F-4AAF-82C0-EDE69ADF38DD}.Release|ARM.ActiveCfg = Release|Any CPU
		{54997076-792F-4AAF-82C0-EDE69ADF38DD}.Release|ARM.Build.0 = Release|Any CPU
		{54997076-792F-4AAF-82C0-EDE69ADF38DD}.Release|x64.ActiveCfg = Release|Any CPU
		{54997076-792F-4AAF-82C0-EDE69ADF38DD}.Release|x64.Build.0 = Release|Any CPU
		{54997076-792F-4AAF-82C0-EDE69ADF38DD}.Release|x86.ActiveCfg = Release|Any CPU
		{54997076-792F-4AAF-82C0-EDE69ADF38DD}.Release|x86.Build.0 = Release|Any CPU
		{4350F383-2688-4C21-9765-B12E7F95FCD1}.AppStore|Any CPU.ActiveCfg = Release|Any CPU
		{4350F383-2688-4C21-9765-B12E7F95FCD1}.AppStore|Any CPU.Build.0 = Release|Any CPU
		{4350F383-2688-4C21-9765-B12E7F95FCD1}.AppStore|ARM.ActiveCfg = Release|Any CPU
		{4350F383-2688-4C21-9765-B12E7F95FCD1}.AppStore|ARM.Build.0 = Release|Any CPU
		{4350F383-2688-4C21-9765-B12E7F95FCD1}.AppStore|x64.ActiveCfg = Release|Any CPU
		{4350F383-2688-4C21-9765-B12E7F95FCD1}.AppStore|x64.Build.0 = Release|Any CPU
		{4350F383-2688-4C21-9765-B12E7F95FCD1}.AppStore|x86.ActiveCfg = Release|Any CPU
		{4350F383-2688-4C21-9765-B12E7F95FCD1}.AppStore|x86.Build.0 = Release|Any CPU
		{4350F383-2688-4C21-9765-B12E7F95FCD1}.Debug|Any CPU.ActiveCfg = Debug|Any CPU
		{4350F383-2688-4C21-9765-B12E7F95FCD1}.Debug|Any CPU.Build.0 = Debug|Any CPU
		{4350F383-2688-4C21-9765-B12E7F95FCD1}.Debug|ARM.ActiveCfg = Debug|Any CPU
		{4350F383-2688-4C21-9765-B12E7F95FCD1}.Debug|ARM.Build.0 = Debug|Any CPU
		{4350F383-2688-4C21-9765-B12E7F95FCD1}.Debug|x64.ActiveCfg = Debug|Any CPU
		{4350F383-2688-4C21-9765-B12E7F95FCD1}.Debug|x64.Build.0 = Debug|Any CPU
		{4350F383-2688-4C21-9765-B12E7F95FCD1}.Debug|x86.ActiveCfg = Debug|Any CPU
		{4350F383-2688-4C21-9765-B12E7F95FCD1}.Debug|x86.Build.0 = Debug|Any CPU
		{4350F383-2688-4C21-9765-B12E7F95FCD1}.Release|Any CPU.ActiveCfg = Release|Any CPU
		{4350F383-2688-4C21-9765-B12E7F95FCD1}.Release|Any CPU.Build.0 = Release|Any CPU
		{4350F383-2688-4C21-9765-B12E7F95FCD1}.Release|ARM.ActiveCfg = Release|Any CPU
		{4350F383-2688-4C21-9765-B12E7F95FCD1}.Release|ARM.Build.0 = Release|Any CPU
		{4350F383-2688-4C21-9765-B12E7F95FCD1}.Release|x64.ActiveCfg = Release|Any CPU
		{4350F383-2688-4C21-9765-B12E7F95FCD1}.Release|x64.Build.0 = Release|Any CPU
		{4350F383-2688-4C21-9765-B12E7F95FCD1}.Release|x86.ActiveCfg = Release|Any CPU
		{4350F383-2688-4C21-9765-B12E7F95FCD1}.Release|x86.Build.0 = Release|Any CPU
		{9F927C5D-B675-4053-9953-FB87F95AEB11}.AppStore|Any CPU.ActiveCfg = AppStore|Any CPU
		{9F927C5D-B675-4053-9953-FB87F95AEB11}.AppStore|Any CPU.Build.0 = AppStore|Any CPU
		{9F927C5D-B675-4053-9953-FB87F95AEB11}.AppStore|ARM.ActiveCfg = AppStore|Any CPU
		{9F927C5D-B675-4053-9953-FB87F95AEB11}.AppStore|ARM.Build.0 = AppStore|Any CPU
		{9F927C5D-B675-4053-9953-FB87F95AEB11}.AppStore|x64.ActiveCfg = AppStore|Any CPU
		{9F927C5D-B675-4053-9953-FB87F95AEB11}.AppStore|x64.Build.0 = AppStore|Any CPU
		{9F927C5D-B675-4053-9953-FB87F95AEB11}.AppStore|x86.ActiveCfg = AppStore|Any CPU
		{9F927C5D-B675-4053-9953-FB87F95AEB11}.AppStore|x86.Build.0 = AppStore|Any CPU
		{9F927C5D-B675-4053-9953-FB87F95AEB11}.Debug|Any CPU.ActiveCfg = Debug|Any CPU
		{9F927C5D-B675-4053-9953-FB87F95AEB11}.Debug|Any CPU.Build.0 = Debug|Any CPU
		{9F927C5D-B675-4053-9953-FB87F95AEB11}.Debug|ARM.ActiveCfg = Debug|Any CPU
		{9F927C5D-B675-4053-9953-FB87F95AEB11}.Debug|ARM.Build.0 = Debug|Any CPU
		{9F927C5D-B675-4053-9953-FB87F95AEB11}.Debug|x64.ActiveCfg = Debug|Any CPU
		{9F927C5D-B675-4053-9953-FB87F95AEB11}.Debug|x64.Build.0 = Debug|Any CPU
		{9F927C5D-B675-4053-9953-FB87F95AEB11}.Debug|x86.ActiveCfg = Debug|Any CPU
		{9F927C5D-B675-4053-9953-FB87F95AEB11}.Debug|x86.Build.0 = Debug|Any CPU
		{9F927C5D-B675-4053-9953-FB87F95AEB11}.Release|Any CPU.ActiveCfg = Release|Any CPU
		{9F927C5D-B675-4053-9953-FB87F95AEB11}.Release|Any CPU.Build.0 = Release|Any CPU
		{9F927C5D-B675-4053-9953-FB87F95AEB11}.Release|ARM.ActiveCfg = Release|Any CPU
		{9F927C5D-B675-4053-9953-FB87F95AEB11}.Release|ARM.Build.0 = Release|Any CPU
		{9F927C5D-B675-4053-9953-FB87F95AEB11}.Release|x64.ActiveCfg = Release|Any CPU
		{9F927C5D-B675-4053-9953-FB87F95AEB11}.Release|x64.Build.0 = Release|Any CPU
		{9F927C5D-B675-4053-9953-FB87F95AEB11}.Release|x86.ActiveCfg = Release|Any CPU
		{9F927C5D-B675-4053-9953-FB87F95AEB11}.Release|x86.Build.0 = Release|Any CPU
		{1F8440B4-E939-495E-B380-06580231D7AB}.AppStore|Any CPU.ActiveCfg = Release|Any CPU
		{1F8440B4-E939-495E-B380-06580231D7AB}.AppStore|Any CPU.Build.0 = Release|Any CPU
		{1F8440B4-E939-495E-B380-06580231D7AB}.AppStore|ARM.ActiveCfg = Release|Any CPU
		{1F8440B4-E939-495E-B380-06580231D7AB}.AppStore|ARM.Build.0 = Release|Any CPU
		{1F8440B4-E939-495E-B380-06580231D7AB}.AppStore|x64.ActiveCfg = Release|Any CPU
		{1F8440B4-E939-495E-B380-06580231D7AB}.AppStore|x64.Build.0 = Release|Any CPU
		{1F8440B4-E939-495E-B380-06580231D7AB}.AppStore|x86.ActiveCfg = Release|Any CPU
		{1F8440B4-E939-495E-B380-06580231D7AB}.AppStore|x86.Build.0 = Release|Any CPU
		{1F8440B4-E939-495E-B380-06580231D7AB}.Debug|Any CPU.ActiveCfg = Debug|Any CPU
		{1F8440B4-E939-495E-B380-06580231D7AB}.Debug|Any CPU.Build.0 = Debug|Any CPU
		{1F8440B4-E939-495E-B380-06580231D7AB}.Debug|ARM.ActiveCfg = Debug|Any CPU
		{1F8440B4-E939-495E-B380-06580231D7AB}.Debug|ARM.Build.0 = Debug|Any CPU
		{1F8440B4-E939-495E-B380-06580231D7AB}.Debug|x64.ActiveCfg = Debug|Any CPU
		{1F8440B4-E939-495E-B380-06580231D7AB}.Debug|x64.Build.0 = Debug|Any CPU
		{1F8440B4-E939-495E-B380-06580231D7AB}.Debug|x86.ActiveCfg = Debug|Any CPU
		{1F8440B4-E939-495E-B380-06580231D7AB}.Debug|x86.Build.0 = Debug|Any CPU
		{1F8440B4-E939-495E-B380-06580231D7AB}.Release|Any CPU.ActiveCfg = Release|Any CPU
		{1F8440B4-E939-495E-B380-06580231D7AB}.Release|Any CPU.Build.0 = Release|Any CPU
		{1F8440B4-E939-495E-B380-06580231D7AB}.Release|ARM.ActiveCfg = Release|Any CPU
		{1F8440B4-E939-495E-B380-06580231D7AB}.Release|ARM.Build.0 = Release|Any CPU
		{1F8440B4-E939-495E-B380-06580231D7AB}.Release|x64.ActiveCfg = Release|Any CPU
		{1F8440B4-E939-495E-B380-06580231D7AB}.Release|x64.Build.0 = Release|Any CPU
		{1F8440B4-E939-495E-B380-06580231D7AB}.Release|x86.ActiveCfg = Release|Any CPU
		{1F8440B4-E939-495E-B380-06580231D7AB}.Release|x86.Build.0 = Release|Any CPU
		{7F0EC63D-7BAD-4BC5-8052-EC838760C398}.AppStore|Any CPU.ActiveCfg = Release|Any CPU
		{7F0EC63D-7BAD-4BC5-8052-EC838760C398}.AppStore|Any CPU.Build.0 = Release|Any CPU
		{7F0EC63D-7BAD-4BC5-8052-EC838760C398}.AppStore|ARM.ActiveCfg = Release|ARM
		{7F0EC63D-7BAD-4BC5-8052-EC838760C398}.AppStore|ARM.Build.0 = Release|ARM
		{7F0EC63D-7BAD-4BC5-8052-EC838760C398}.AppStore|x64.ActiveCfg = Release|Any CPU
		{7F0EC63D-7BAD-4BC5-8052-EC838760C398}.AppStore|x64.Build.0 = Release|Any CPU
		{7F0EC63D-7BAD-4BC5-8052-EC838760C398}.AppStore|x86.ActiveCfg = Release|x86
		{7F0EC63D-7BAD-4BC5-8052-EC838760C398}.AppStore|x86.Build.0 = Release|x86
		{7F0EC63D-7BAD-4BC5-8052-EC838760C398}.Debug|Any CPU.ActiveCfg = Debug|Any CPU
		{7F0EC63D-7BAD-4BC5-8052-EC838760C398}.Debug|Any CPU.Build.0 = Debug|Any CPU
		{7F0EC63D-7BAD-4BC5-8052-EC838760C398}.Debug|ARM.ActiveCfg = Debug|ARM
		{7F0EC63D-7BAD-4BC5-8052-EC838760C398}.Debug|ARM.Build.0 = Debug|ARM
		{7F0EC63D-7BAD-4BC5-8052-EC838760C398}.Debug|x64.ActiveCfg = Debug|Any CPU
		{7F0EC63D-7BAD-4BC5-8052-EC838760C398}.Debug|x64.Build.0 = Debug|Any CPU
		{7F0EC63D-7BAD-4BC5-8052-EC838760C398}.Debug|x86.ActiveCfg = Debug|x86
		{7F0EC63D-7BAD-4BC5-8052-EC838760C398}.Debug|x86.Build.0 = Debug|x86
		{7F0EC63D-7BAD-4BC5-8052-EC838760C398}.Release|Any CPU.ActiveCfg = Release|Any CPU
		{7F0EC63D-7BAD-4BC5-8052-EC838760C398}.Release|Any CPU.Build.0 = Release|Any CPU
		{7F0EC63D-7BAD-4BC5-8052-EC838760C398}.Release|ARM.ActiveCfg = Release|ARM
		{7F0EC63D-7BAD-4BC5-8052-EC838760C398}.Release|ARM.Build.0 = Release|ARM
		{7F0EC63D-7BAD-4BC5-8052-EC838760C398}.Release|x64.ActiveCfg = Release|Any CPU
		{7F0EC63D-7BAD-4BC5-8052-EC838760C398}.Release|x64.Build.0 = Release|Any CPU
		{7F0EC63D-7BAD-4BC5-8052-EC838760C398}.Release|x86.ActiveCfg = Release|x86
		{7F0EC63D-7BAD-4BC5-8052-EC838760C398}.Release|x86.Build.0 = Release|x86
		{795CBAF9-5D92-4DE3-A334-265CCB21FF71}.AppStore|Any CPU.ActiveCfg = Release|Any CPU
		{795CBAF9-5D92-4DE3-A334-265CCB21FF71}.AppStore|Any CPU.Build.0 = Release|Any CPU
		{795CBAF9-5D92-4DE3-A334-265CCB21FF71}.AppStore|ARM.ActiveCfg = Release|ARM
		{795CBAF9-5D92-4DE3-A334-265CCB21FF71}.AppStore|ARM.Build.0 = Release|ARM
		{795CBAF9-5D92-4DE3-A334-265CCB21FF71}.AppStore|x64.ActiveCfg = Release|Any CPU
		{795CBAF9-5D92-4DE3-A334-265CCB21FF71}.AppStore|x64.Build.0 = Release|Any CPU
		{795CBAF9-5D92-4DE3-A334-265CCB21FF71}.AppStore|x86.ActiveCfg = Release|x86
		{795CBAF9-5D92-4DE3-A334-265CCB21FF71}.AppStore|x86.Build.0 = Release|x86
		{795CBAF9-5D92-4DE3-A334-265CCB21FF71}.Debug|Any CPU.ActiveCfg = Debug|Any CPU
		{795CBAF9-5D92-4DE3-A334-265CCB21FF71}.Debug|Any CPU.Build.0 = Debug|Any CPU
		{795CBAF9-5D92-4DE3-A334-265CCB21FF71}.Debug|ARM.ActiveCfg = Debug|ARM
		{795CBAF9-5D92-4DE3-A334-265CCB21FF71}.Debug|ARM.Build.0 = Debug|ARM
		{795CBAF9-5D92-4DE3-A334-265CCB21FF71}.Debug|x64.ActiveCfg = Debug|Any CPU
		{795CBAF9-5D92-4DE3-A334-265CCB21FF71}.Debug|x64.Build.0 = Debug|Any CPU
		{795CBAF9-5D92-4DE3-A334-265CCB21FF71}.Debug|x86.ActiveCfg = Debug|x86
		{795CBAF9-5D92-4DE3-A334-265CCB21FF71}.Debug|x86.Build.0 = Debug|x86
		{795CBAF9-5D92-4DE3-A334-265CCB21FF71}.Release|Any CPU.ActiveCfg = Release|Any CPU
		{795CBAF9-5D92-4DE3-A334-265CCB21FF71}.Release|Any CPU.Build.0 = Release|Any CPU
		{795CBAF9-5D92-4DE3-A334-265CCB21FF71}.Release|ARM.ActiveCfg = Release|ARM
		{795CBAF9-5D92-4DE3-A334-265CCB21FF71}.Release|ARM.Build.0 = Release|ARM
		{795CBAF9-5D92-4DE3-A334-265CCB21FF71}.Release|x64.ActiveCfg = Release|Any CPU
		{795CBAF9-5D92-4DE3-A334-265CCB21FF71}.Release|x64.Build.0 = Release|Any CPU
		{795CBAF9-5D92-4DE3-A334-265CCB21FF71}.Release|x86.ActiveCfg = Release|x86
		{795CBAF9-5D92-4DE3-A334-265CCB21FF71}.Release|x86.Build.0 = Release|x86
		{B027C56F-8AAA-4647-8FA4-D20358C98333}.AppStore|Any CPU.ActiveCfg = Release|Any CPU
		{B027C56F-8AAA-4647-8FA4-D20358C98333}.AppStore|Any CPU.Build.0 = Release|Any CPU
		{B027C56F-8AAA-4647-8FA4-D20358C98333}.AppStore|ARM.ActiveCfg = Release|ARM
		{B027C56F-8AAA-4647-8FA4-D20358C98333}.AppStore|ARM.Build.0 = Release|ARM
		{B027C56F-8AAA-4647-8FA4-D20358C98333}.AppStore|x64.ActiveCfg = Release|x64
		{B027C56F-8AAA-4647-8FA4-D20358C98333}.AppStore|x64.Build.0 = Release|x64
		{B027C56F-8AAA-4647-8FA4-D20358C98333}.AppStore|x86.ActiveCfg = Release|x86
		{B027C56F-8AAA-4647-8FA4-D20358C98333}.AppStore|x86.Build.0 = Release|x86
		{B027C56F-8AAA-4647-8FA4-D20358C98333}.Debug|Any CPU.ActiveCfg = Debug|Any CPU
		{B027C56F-8AAA-4647-8FA4-D20358C98333}.Debug|Any CPU.Build.0 = Debug|Any CPU
		{B027C56F-8AAA-4647-8FA4-D20358C98333}.Debug|ARM.ActiveCfg = Debug|ARM
		{B027C56F-8AAA-4647-8FA4-D20358C98333}.Debug|ARM.Build.0 = Debug|ARM
		{B027C56F-8AAA-4647-8FA4-D20358C98333}.Debug|x64.ActiveCfg = Debug|x64
		{B027C56F-8AAA-4647-8FA4-D20358C98333}.Debug|x64.Build.0 = Debug|x64
		{B027C56F-8AAA-4647-8FA4-D20358C98333}.Debug|x86.ActiveCfg = Debug|x86
		{B027C56F-8AAA-4647-8FA4-D20358C98333}.Debug|x86.Build.0 = Debug|x86
		{B027C56F-8AAA-4647-8FA4-D20358C98333}.Release|Any CPU.ActiveCfg = Release|Any CPU
		{B027C56F-8AAA-4647-8FA4-D20358C98333}.Release|Any CPU.Build.0 = Release|Any CPU
		{B027C56F-8AAA-4647-8FA4-D20358C98333}.Release|ARM.ActiveCfg = Release|ARM
		{B027C56F-8AAA-4647-8FA4-D20358C98333}.Release|ARM.Build.0 = Release|ARM
		{B027C56F-8AAA-4647-8FA4-D20358C98333}.Release|x64.ActiveCfg = Release|x64
		{B027C56F-8AAA-4647-8FA4-D20358C98333}.Release|x64.Build.0 = Release|x64
		{B027C56F-8AAA-4647-8FA4-D20358C98333}.Release|x86.ActiveCfg = Release|x86
		{B027C56F-8AAA-4647-8FA4-D20358C98333}.Release|x86.Build.0 = Release|x86
		{A1006F2F-E26B-4296-8717-914364A91789}.AppStore|Any CPU.ActiveCfg = Release|Any CPU
		{A1006F2F-E26B-4296-8717-914364A91789}.AppStore|Any CPU.Build.0 = Release|Any CPU
		{A1006F2F-E26B-4296-8717-914364A91789}.AppStore|ARM.ActiveCfg = Release|ARM
		{A1006F2F-E26B-4296-8717-914364A91789}.AppStore|ARM.Build.0 = Release|ARM
		{A1006F2F-E26B-4296-8717-914364A91789}.AppStore|x64.ActiveCfg = Release|x64
		{A1006F2F-E26B-4296-8717-914364A91789}.AppStore|x64.Build.0 = Release|x64
		{A1006F2F-E26B-4296-8717-914364A91789}.AppStore|x86.ActiveCfg = Release|x86
		{A1006F2F-E26B-4296-8717-914364A91789}.AppStore|x86.Build.0 = Release|x86
		{A1006F2F-E26B-4296-8717-914364A91789}.Debug|Any CPU.ActiveCfg = Debug|Any CPU
		{A1006F2F-E26B-4296-8717-914364A91789}.Debug|Any CPU.Build.0 = Debug|Any CPU
		{A1006F2F-E26B-4296-8717-914364A91789}.Debug|ARM.ActiveCfg = Debug|ARM
		{A1006F2F-E26B-4296-8717-914364A91789}.Debug|ARM.Build.0 = Debug|ARM
		{A1006F2F-E26B-4296-8717-914364A91789}.Debug|x64.ActiveCfg = Debug|x64
		{A1006F2F-E26B-4296-8717-914364A91789}.Debug|x64.Build.0 = Debug|x64
		{A1006F2F-E26B-4296-8717-914364A91789}.Debug|x86.ActiveCfg = Debug|x86
		{A1006F2F-E26B-4296-8717-914364A91789}.Debug|x86.Build.0 = Debug|x86
		{A1006F2F-E26B-4296-8717-914364A91789}.Release|Any CPU.ActiveCfg = Release|Any CPU
		{A1006F2F-E26B-4296-8717-914364A91789}.Release|Any CPU.Build.0 = Release|Any CPU
		{A1006F2F-E26B-4296-8717-914364A91789}.Release|ARM.ActiveCfg = Release|ARM
		{A1006F2F-E26B-4296-8717-914364A91789}.Release|ARM.Build.0 = Release|ARM
		{A1006F2F-E26B-4296-8717-914364A91789}.Release|x64.ActiveCfg = Release|x64
		{A1006F2F-E26B-4296-8717-914364A91789}.Release|x64.Build.0 = Release|x64
		{A1006F2F-E26B-4296-8717-914364A91789}.Release|x86.ActiveCfg = Release|x86
		{A1006F2F-E26B-4296-8717-914364A91789}.Release|x86.Build.0 = Release|x86
	EndGlobalSection
	GlobalSection(SolutionProperties) = preSolution
		HideSolutionNode = FALSE
	EndGlobalSection
EndGlobal
