
Microsoft Visual Studio Solution File, Format Version 12.00
# Visual Studio 14
VisualStudioVersion = 14.0.25123.0
MinimumVisualStudioVersion = 10.0.40219.1
Project("{FAE04EC0-301F-11D3-BF4B-00C04F79EFBC}") = "XamJam.Pic.Sample.Droid", "XamJam.Pic.Sample\XamJam.Pic.Sample.Droid\XamJam.Pic.Sample.Droid.csproj", "{B9BA4967-E014-4223-A409-B498D8C88CC9}"
EndProject
Project("{FAE04EC0-301F-11D3-BF4B-00C04F79EFBC}") = "XamJam.Pic.Sample.iOS", "XamJam.Pic.Sample\XamJam.Pic.Sample.iOS\XamJam.Pic.Sample.iOS.csproj", "{A787DF23-3792-4886-8B89-C0086C18094A}"
EndProject
Project("{FAE04EC0-301F-11D3-BF4B-00C04F79EFBC}") = "XamJam.Pic.Sample.WinPhone", "XamJam.Pic.Sample\XamJam.Pic.Sample.WinPhone\XamJam.Pic.Sample.WinPhone.csproj", "{9C4EB868-893A-4546-9626-B80AD484C7EB}"
EndProject
Project("{FAE04EC0-301F-11D3-BF4B-00C04F79EFBC}") = "XamJam.Pic.Sample.UWP", "XamJam.Pic.Sample\XamJam.Pic.Sample.UWP\XamJam.Pic.Sample.UWP.csproj", "{E7662FAD-A8E2-45D4-9AFC-80693EED2562}"
EndProject
Project("{FAE04EC0-301F-11D3-BF4B-00C04F79EFBC}") = "XamJam.Pic.Sample.Windows", "XamJam.Pic.Sample\XamJam.Pic.Sample.Windows\XamJam.Pic.Sample.Windows.csproj", "{4D43CFAC-2D29-49D1-BC64-72C772E89299}"
EndProject
Project("{FAE04EC0-301F-11D3-BF4B-00C04F79EFBC}") = "XamJam.Pic.Sample", "XamJam.Pic.Sample\XamJam.Pic.Sample\XamJam.Pic.Sample.csproj", "{A1D325A3-031E-4FD3-BF8D-5E3FE64D2BA7}"
EndProject
Global
	GlobalSection(SolutionConfigurationPlatforms) = preSolution
		Ad-Hoc|Any CPU = Ad-Hoc|Any CPU
		Ad-Hoc|ARM = Ad-Hoc|ARM
		Ad-Hoc|iPhone = Ad-Hoc|iPhone
		Ad-Hoc|iPhoneSimulator = Ad-Hoc|iPhoneSimulator
		Ad-Hoc|x64 = Ad-Hoc|x64
		Ad-Hoc|x86 = Ad-Hoc|x86
		AppStore|Any CPU = AppStore|Any CPU
		AppStore|ARM = AppStore|ARM
		AppStore|iPhone = AppStore|iPhone
		AppStore|iPhoneSimulator = AppStore|iPhoneSimulator
		AppStore|x64 = AppStore|x64
		AppStore|x86 = AppStore|x86
		Debug|Any CPU = Debug|Any CPU
		Debug|ARM = Debug|ARM
		Debug|iPhone = Debug|iPhone
		Debug|iPhoneSimulator = Debug|iPhoneSimulator
		Debug|x64 = Debug|x64
		Debug|x86 = Debug|x86
		Release|Any CPU = Release|Any CPU
		Release|ARM = Release|ARM
		Release|iPhone = Release|iPhone
		Release|iPhoneSimulator = Release|iPhoneSimulator
		Release|x64 = Release|x64
		Release|x86 = Release|x86
	EndGlobalSection
	GlobalSection(ProjectConfigurationPlatforms) = postSolution
		{B9BA4967-E014-4223-A409-B498D8C88CC9}.Ad-Hoc|Any CPU.ActiveCfg = Release|Any CPU
		{B9BA4967-E014-4223-A409-B498D8C88CC9}.Ad-Hoc|Any CPU.Build.0 = Release|Any CPU
		{B9BA4967-E014-4223-A409-B498D8C88CC9}.Ad-Hoc|Any CPU.Deploy.0 = Release|Any CPU
		{B9BA4967-E014-4223-A409-B498D8C88CC9}.Ad-Hoc|ARM.ActiveCfg = Release|Any CPU
		{B9BA4967-E014-4223-A409-B498D8C88CC9}.Ad-Hoc|ARM.Build.0 = Release|Any CPU
		{B9BA4967-E014-4223-A409-B498D8C88CC9}.Ad-Hoc|ARM.Deploy.0 = Release|Any CPU
		{B9BA4967-E014-4223-A409-B498D8C88CC9}.Ad-Hoc|iPhone.ActiveCfg = Release|Any CPU
		{B9BA4967-E014-4223-A409-B498D8C88CC9}.Ad-Hoc|iPhone.Build.0 = Release|Any CPU
		{B9BA4967-E014-4223-A409-B498D8C88CC9}.Ad-Hoc|iPhone.Deploy.0 = Release|Any CPU
		{B9BA4967-E014-4223-A409-B498D8C88CC9}.Ad-Hoc|iPhoneSimulator.ActiveCfg = Release|Any CPU
		{B9BA4967-E014-4223-A409-B498D8C88CC9}.Ad-Hoc|iPhoneSimulator.Build.0 = Release|Any CPU
		{B9BA4967-E014-4223-A409-B498D8C88CC9}.Ad-Hoc|iPhoneSimulator.Deploy.0 = Release|Any CPU
		{B9BA4967-E014-4223-A409-B498D8C88CC9}.Ad-Hoc|x64.ActiveCfg = Release|Any CPU
		{B9BA4967-E014-4223-A409-B498D8C88CC9}.Ad-Hoc|x64.Build.0 = Release|Any CPU
		{B9BA4967-E014-4223-A409-B498D8C88CC9}.Ad-Hoc|x64.Deploy.0 = Release|Any CPU
		{B9BA4967-E014-4223-A409-B498D8C88CC9}.Ad-Hoc|x86.ActiveCfg = Release|Any CPU
		{B9BA4967-E014-4223-A409-B498D8C88CC9}.Ad-Hoc|x86.Build.0 = Release|Any CPU
		{B9BA4967-E014-4223-A409-B498D8C88CC9}.Ad-Hoc|x86.Deploy.0 = Release|Any CPU
		{B9BA4967-E014-4223-A409-B498D8C88CC9}.AppStore|Any CPU.ActiveCfg = Release|Any CPU
		{B9BA4967-E014-4223-A409-B498D8C88CC9}.AppStore|Any CPU.Build.0 = Release|Any CPU
		{B9BA4967-E014-4223-A409-B498D8C88CC9}.AppStore|Any CPU.Deploy.0 = Release|Any CPU
		{B9BA4967-E014-4223-A409-B498D8C88CC9}.AppStore|ARM.ActiveCfg = Release|Any CPU
		{B9BA4967-E014-4223-A409-B498D8C88CC9}.AppStore|ARM.Build.0 = Release|Any CPU
		{B9BA4967-E014-4223-A409-B498D8C88CC9}.AppStore|ARM.Deploy.0 = Release|Any CPU
		{B9BA4967-E014-4223-A409-B498D8C88CC9}.AppStore|iPhone.ActiveCfg = Release|Any CPU
		{B9BA4967-E014-4223-A409-B498D8C88CC9}.AppStore|iPhone.Build.0 = Release|Any CPU
		{B9BA4967-E014-4223-A409-B498D8C88CC9}.AppStore|iPhone.Deploy.0 = Release|Any CPU
		{B9BA4967-E014-4223-A409-B498D8C88CC9}.AppStore|iPhoneSimulator.ActiveCfg = Release|Any CPU
		{B9BA4967-E014-4223-A409-B498D8C88CC9}.AppStore|iPhoneSimulator.Build.0 = Release|Any CPU
		{B9BA4967-E014-4223-A409-B498D8C88CC9}.AppStore|iPhoneSimulator.Deploy.0 = Release|Any CPU
		{B9BA4967-E014-4223-A409-B498D8C88CC9}.AppStore|x64.ActiveCfg = Release|Any CPU
		{B9BA4967-E014-4223-A409-B498D8C88CC9}.AppStore|x64.Build.0 = Release|Any CPU
		{B9BA4967-E014-4223-A409-B498D8C88CC9}.AppStore|x64.Deploy.0 = Release|Any CPU
		{B9BA4967-E014-4223-A409-B498D8C88CC9}.AppStore|x86.ActiveCfg = Release|Any CPU
		{B9BA4967-E014-4223-A409-B498D8C88CC9}.AppStore|x86.Build.0 = Release|Any CPU
		{B9BA4967-E014-4223-A409-B498D8C88CC9}.AppStore|x86.Deploy.0 = Release|Any CPU
		{B9BA4967-E014-4223-A409-B498D8C88CC9}.Debug|Any CPU.ActiveCfg = Debug|Any CPU
		{B9BA4967-E014-4223-A409-B498D8C88CC9}.Debug|Any CPU.Build.0 = Debug|Any CPU
		{B9BA4967-E014-4223-A409-B498D8C88CC9}.Debug|Any CPU.Deploy.0 = Debug|Any CPU
		{B9BA4967-E014-4223-A409-B498D8C88CC9}.Debug|ARM.ActiveCfg = Debug|Any CPU
		{B9BA4967-E014-4223-A409-B498D8C88CC9}.Debug|ARM.Build.0 = Debug|Any CPU
		{B9BA4967-E014-4223-A409-B498D8C88CC9}.Debug|ARM.Deploy.0 = Debug|Any CPU
		{B9BA4967-E014-4223-A409-B498D8C88CC9}.Debug|iPhone.ActiveCfg = Debug|Any CPU
		{B9BA4967-E014-4223-A409-B498D8C88CC9}.Debug|iPhone.Build.0 = Debug|Any CPU
		{B9BA4967-E014-4223-A409-B498D8C88CC9}.Debug|iPhone.Deploy.0 = Debug|Any CPU
		{B9BA4967-E014-4223-A409-B498D8C88CC9}.Debug|iPhoneSimulator.ActiveCfg = Debug|Any CPU
		{B9BA4967-E014-4223-A409-B498D8C88CC9}.Debug|iPhoneSimulator.Build.0 = Debug|Any CPU
		{B9BA4967-E014-4223-A409-B498D8C88CC9}.Debug|iPhoneSimulator.Deploy.0 = Debug|Any CPU
		{B9BA4967-E014-4223-A409-B498D8C88CC9}.Debug|x64.ActiveCfg = Debug|Any CPU
		{B9BA4967-E014-4223-A409-B498D8C88CC9}.Debug|x64.Build.0 = Debug|Any CPU
		{B9BA4967-E014-4223-A409-B498D8C88CC9}.Debug|x64.Deploy.0 = Debug|Any CPU
		{B9BA4967-E014-4223-A409-B498D8C88CC9}.Debug|x86.ActiveCfg = Debug|Any CPU
		{B9BA4967-E014-4223-A409-B498D8C88CC9}.Debug|x86.Build.0 = Debug|Any CPU
		{B9BA4967-E014-4223-A409-B498D8C88CC9}.Debug|x86.Deploy.0 = Debug|Any CPU
		{B9BA4967-E014-4223-A409-B498D8C88CC9}.Release|Any CPU.ActiveCfg = Release|Any CPU
		{B9BA4967-E014-4223-A409-B498D8C88CC9}.Release|Any CPU.Build.0 = Release|Any CPU
		{B9BA4967-E014-4223-A409-B498D8C88CC9}.Release|Any CPU.Deploy.0 = Release|Any CPU
		{B9BA4967-E014-4223-A409-B498D8C88CC9}.Release|ARM.ActiveCfg = Release|Any CPU
		{B9BA4967-E014-4223-A409-B498D8C88CC9}.Release|ARM.Build.0 = Release|Any CPU
		{B9BA4967-E014-4223-A409-B498D8C88CC9}.Release|ARM.Deploy.0 = Release|Any CPU
		{B9BA4967-E014-4223-A409-B498D8C88CC9}.Release|iPhone.ActiveCfg = Release|Any CPU
		{B9BA4967-E014-4223-A409-B498D8C88CC9}.Release|iPhone.Build.0 = Release|Any CPU
		{B9BA4967-E014-4223-A409-B498D8C88CC9}.Release|iPhone.Deploy.0 = Release|Any CPU
		{B9BA4967-E014-4223-A409-B498D8C88CC9}.Release|iPhoneSimulator.ActiveCfg = Release|Any CPU
		{B9BA4967-E014-4223-A409-B498D8C88CC9}.Release|iPhoneSimulator.Build.0 = Release|Any CPU
		{B9BA4967-E014-4223-A409-B498D8C88CC9}.Release|iPhoneSimulator.Deploy.0 = Release|Any CPU
		{B9BA4967-E014-4223-A409-B498D8C88CC9}.Release|x64.ActiveCfg = Release|Any CPU
		{B9BA4967-E014-4223-A409-B498D8C88CC9}.Release|x64.Build.0 = Release|Any CPU
		{B9BA4967-E014-4223-A409-B498D8C88CC9}.Release|x64.Deploy.0 = Release|Any CPU
		{B9BA4967-E014-4223-A409-B498D8C88CC9}.Release|x86.ActiveCfg = Release|Any CPU
		{B9BA4967-E014-4223-A409-B498D8C88CC9}.Release|x86.Build.0 = Release|Any CPU
		{B9BA4967-E014-4223-A409-B498D8C88CC9}.Release|x86.Deploy.0 = Release|Any CPU
		{A787DF23-3792-4886-8B89-C0086C18094A}.Ad-Hoc|Any CPU.ActiveCfg = Ad-Hoc|iPhone
		{A787DF23-3792-4886-8B89-C0086C18094A}.Ad-Hoc|ARM.ActiveCfg = Ad-Hoc|iPhone
		{A787DF23-3792-4886-8B89-C0086C18094A}.Ad-Hoc|iPhone.ActiveCfg = Ad-Hoc|iPhone
		{A787DF23-3792-4886-8B89-C0086C18094A}.Ad-Hoc|iPhone.Build.0 = Ad-Hoc|iPhone
		{A787DF23-3792-4886-8B89-C0086C18094A}.Ad-Hoc|iPhoneSimulator.ActiveCfg = Ad-Hoc|iPhoneSimulator
		{A787DF23-3792-4886-8B89-C0086C18094A}.Ad-Hoc|iPhoneSimulator.Build.0 = Ad-Hoc|iPhoneSimulator
		{A787DF23-3792-4886-8B89-C0086C18094A}.Ad-Hoc|x64.ActiveCfg = Ad-Hoc|iPhone
		{A787DF23-3792-4886-8B89-C0086C18094A}.Ad-Hoc|x86.ActiveCfg = Ad-Hoc|iPhone
		{A787DF23-3792-4886-8B89-C0086C18094A}.AppStore|Any CPU.ActiveCfg = AppStore|iPhone
		{A787DF23-3792-4886-8B89-C0086C18094A}.AppStore|ARM.ActiveCfg = AppStore|iPhone
		{A787DF23-3792-4886-8B89-C0086C18094A}.AppStore|iPhone.ActiveCfg = AppStore|iPhone
		{A787DF23-3792-4886-8B89-C0086C18094A}.AppStore|iPhone.Build.0 = AppStore|iPhone
		{A787DF23-3792-4886-8B89-C0086C18094A}.AppStore|iPhoneSimulator.ActiveCfg = AppStore|iPhoneSimulator
		{A787DF23-3792-4886-8B89-C0086C18094A}.AppStore|iPhoneSimulator.Build.0 = AppStore|iPhoneSimulator
		{A787DF23-3792-4886-8B89-C0086C18094A}.AppStore|x64.ActiveCfg = AppStore|iPhone
		{A787DF23-3792-4886-8B89-C0086C18094A}.AppStore|x86.ActiveCfg = AppStore|iPhone
		{A787DF23-3792-4886-8B89-C0086C18094A}.Debug|Any CPU.ActiveCfg = Debug|iPhone
		{A787DF23-3792-4886-8B89-C0086C18094A}.Debug|ARM.ActiveCfg = Debug|iPhone
		{A787DF23-3792-4886-8B89-C0086C18094A}.Debug|iPhone.ActiveCfg = Debug|iPhone
		{A787DF23-3792-4886-8B89-C0086C18094A}.Debug|iPhone.Build.0 = Debug|iPhone
		{A787DF23-3792-4886-8B89-C0086C18094A}.Debug|iPhoneSimulator.ActiveCfg = Debug|iPhoneSimulator
		{A787DF23-3792-4886-8B89-C0086C18094A}.Debug|iPhoneSimulator.Build.0 = Debug|iPhoneSimulator
		{A787DF23-3792-4886-8B89-C0086C18094A}.Debug|x64.ActiveCfg = Debug|iPhone
		{A787DF23-3792-4886-8B89-C0086C18094A}.Debug|x86.ActiveCfg = Debug|iPhone
		{A787DF23-3792-4886-8B89-C0086C18094A}.Release|Any CPU.ActiveCfg = Release|iPhone
		{A787DF23-3792-4886-8B89-C0086C18094A}.Release|ARM.ActiveCfg = Release|iPhone
		{A787DF23-3792-4886-8B89-C0086C18094A}.Release|iPhone.ActiveCfg = Release|iPhone
		{A787DF23-3792-4886-8B89-C0086C18094A}.Release|iPhone.Build.0 = Release|iPhone
		{A787DF23-3792-4886-8B89-C0086C18094A}.Release|iPhoneSimulator.ActiveCfg = Release|iPhoneSimulator
		{A787DF23-3792-4886-8B89-C0086C18094A}.Release|iPhoneSimulator.Build.0 = Release|iPhoneSimulator
		{A787DF23-3792-4886-8B89-C0086C18094A}.Release|x64.ActiveCfg = Release|iPhone
		{A787DF23-3792-4886-8B89-C0086C18094A}.Release|x86.ActiveCfg = Release|iPhone
		{9C4EB868-893A-4546-9626-B80AD484C7EB}.Ad-Hoc|Any CPU.ActiveCfg = Release|Any CPU
		{9C4EB868-893A-4546-9626-B80AD484C7EB}.Ad-Hoc|Any CPU.Build.0 = Release|Any CPU
		{9C4EB868-893A-4546-9626-B80AD484C7EB}.Ad-Hoc|Any CPU.Deploy.0 = Release|Any CPU
		{9C4EB868-893A-4546-9626-B80AD484C7EB}.Ad-Hoc|ARM.ActiveCfg = Release|ARM
		{9C4EB868-893A-4546-9626-B80AD484C7EB}.Ad-Hoc|ARM.Build.0 = Release|ARM
		{9C4EB868-893A-4546-9626-B80AD484C7EB}.Ad-Hoc|ARM.Deploy.0 = Release|ARM
		{9C4EB868-893A-4546-9626-B80AD484C7EB}.Ad-Hoc|iPhone.ActiveCfg = Release|Any CPU
		{9C4EB868-893A-4546-9626-B80AD484C7EB}.Ad-Hoc|iPhone.Build.0 = Release|Any CPU
		{9C4EB868-893A-4546-9626-B80AD484C7EB}.Ad-Hoc|iPhone.Deploy.0 = Release|Any CPU
		{9C4EB868-893A-4546-9626-B80AD484C7EB}.Ad-Hoc|iPhoneSimulator.ActiveCfg = Release|Any CPU
		{9C4EB868-893A-4546-9626-B80AD484C7EB}.Ad-Hoc|iPhoneSimulator.Build.0 = Release|Any CPU
		{9C4EB868-893A-4546-9626-B80AD484C7EB}.Ad-Hoc|iPhoneSimulator.Deploy.0 = Release|Any CPU
		{9C4EB868-893A-4546-9626-B80AD484C7EB}.Ad-Hoc|x64.ActiveCfg = Release|Any CPU
		{9C4EB868-893A-4546-9626-B80AD484C7EB}.Ad-Hoc|x64.Build.0 = Release|Any CPU
		{9C4EB868-893A-4546-9626-B80AD484C7EB}.Ad-Hoc|x64.Deploy.0 = Release|Any CPU
		{9C4EB868-893A-4546-9626-B80AD484C7EB}.Ad-Hoc|x86.ActiveCfg = Release|x86
		{9C4EB868-893A-4546-9626-B80AD484C7EB}.Ad-Hoc|x86.Build.0 = Release|x86
		{9C4EB868-893A-4546-9626-B80AD484C7EB}.Ad-Hoc|x86.Deploy.0 = Release|x86
		{9C4EB868-893A-4546-9626-B80AD484C7EB}.AppStore|Any CPU.ActiveCfg = Release|Any CPU
		{9C4EB868-893A-4546-9626-B80AD484C7EB}.AppStore|Any CPU.Build.0 = Release|Any CPU
		{9C4EB868-893A-4546-9626-B80AD484C7EB}.AppStore|Any CPU.Deploy.0 = Release|Any CPU
		{9C4EB868-893A-4546-9626-B80AD484C7EB}.AppStore|ARM.ActiveCfg = Release|ARM
		{9C4EB868-893A-4546-9626-B80AD484C7EB}.AppStore|ARM.Build.0 = Release|ARM
		{9C4EB868-893A-4546-9626-B80AD484C7EB}.AppStore|ARM.Deploy.0 = Release|ARM
		{9C4EB868-893A-4546-9626-B80AD484C7EB}.AppStore|iPhone.ActiveCfg = Release|Any CPU
		{9C4EB868-893A-4546-9626-B80AD484C7EB}.AppStore|iPhone.Build.0 = Release|Any CPU
		{9C4EB868-893A-4546-9626-B80AD484C7EB}.AppStore|iPhone.Deploy.0 = Release|Any CPU
		{9C4EB868-893A-4546-9626-B80AD484C7EB}.AppStore|iPhoneSimulator.ActiveCfg = Release|Any CPU
		{9C4EB868-893A-4546-9626-B80AD484C7EB}.AppStore|iPhoneSimulator.Build.0 = Release|Any CPU
		{9C4EB868-893A-4546-9626-B80AD484C7EB}.AppStore|iPhoneSimulator.Deploy.0 = Release|Any CPU
		{9C4EB868-893A-4546-9626-B80AD484C7EB}.AppStore|x64.ActiveCfg = Release|Any CPU
		{9C4EB868-893A-4546-9626-B80AD484C7EB}.AppStore|x64.Build.0 = Release|Any CPU
		{9C4EB868-893A-4546-9626-B80AD484C7EB}.AppStore|x64.Deploy.0 = Release|Any CPU
		{9C4EB868-893A-4546-9626-B80AD484C7EB}.AppStore|x86.ActiveCfg = Release|x86
		{9C4EB868-893A-4546-9626-B80AD484C7EB}.AppStore|x86.Build.0 = Release|x86
		{9C4EB868-893A-4546-9626-B80AD484C7EB}.AppStore|x86.Deploy.0 = Release|x86
		{9C4EB868-893A-4546-9626-B80AD484C7EB}.Debug|Any CPU.ActiveCfg = Debug|Any CPU
		{9C4EB868-893A-4546-9626-B80AD484C7EB}.Debug|Any CPU.Build.0 = Debug|Any CPU
		{9C4EB868-893A-4546-9626-B80AD484C7EB}.Debug|Any CPU.Deploy.0 = Debug|Any CPU
		{9C4EB868-893A-4546-9626-B80AD484C7EB}.Debug|ARM.ActiveCfg = Debug|ARM
		{9C4EB868-893A-4546-9626-B80AD484C7EB}.Debug|ARM.Build.0 = Debug|ARM
		{9C4EB868-893A-4546-9626-B80AD484C7EB}.Debug|ARM.Deploy.0 = Debug|ARM
		{9C4EB868-893A-4546-9626-B80AD484C7EB}.Debug|iPhone.ActiveCfg = Debug|Any CPU
		{9C4EB868-893A-4546-9626-B80AD484C7EB}.Debug|iPhone.Build.0 = Debug|Any CPU
		{9C4EB868-893A-4546-9626-B80AD484C7EB}.Debug|iPhone.Deploy.0 = Debug|Any CPU
		{9C4EB868-893A-4546-9626-B80AD484C7EB}.Debug|iPhoneSimulator.ActiveCfg = Debug|Any CPU
		{9C4EB868-893A-4546-9626-B80AD484C7EB}.Debug|iPhoneSimulator.Build.0 = Debug|Any CPU
		{9C4EB868-893A-4546-9626-B80AD484C7EB}.Debug|iPhoneSimulator.Deploy.0 = Debug|Any CPU
		{9C4EB868-893A-4546-9626-B80AD484C7EB}.Debug|x64.ActiveCfg = Debug|Any CPU
		{9C4EB868-893A-4546-9626-B80AD484C7EB}.Debug|x64.Build.0 = Debug|Any CPU
		{9C4EB868-893A-4546-9626-B80AD484C7EB}.Debug|x64.Deploy.0 = Debug|Any CPU
		{9C4EB868-893A-4546-9626-B80AD484C7EB}.Debug|x86.ActiveCfg = Debug|x86
		{9C4EB868-893A-4546-9626-B80AD484C7EB}.Debug|x86.Build.0 = Debug|x86
		{9C4EB868-893A-4546-9626-B80AD484C7EB}.Debug|x86.Deploy.0 = Debug|x86
		{9C4EB868-893A-4546-9626-B80AD484C7EB}.Release|Any CPU.ActiveCfg = Release|Any CPU
		{9C4EB868-893A-4546-9626-B80AD484C7EB}.Release|Any CPU.Build.0 = Release|Any CPU
		{9C4EB868-893A-4546-9626-B80AD484C7EB}.Release|Any CPU.Deploy.0 = Release|Any CPU
		{9C4EB868-893A-4546-9626-B80AD484C7EB}.Release|ARM.ActiveCfg = Release|ARM
		{9C4EB868-893A-4546-9626-B80AD484C7EB}.Release|ARM.Build.0 = Release|ARM
		{9C4EB868-893A-4546-9626-B80AD484C7EB}.Release|ARM.Deploy.0 = Release|ARM
		{9C4EB868-893A-4546-9626-B80AD484C7EB}.Release|iPhone.ActiveCfg = Release|Any CPU
		{9C4EB868-893A-4546-9626-B80AD484C7EB}.Release|iPhone.Build.0 = Release|Any CPU
		{9C4EB868-893A-4546-9626-B80AD484C7EB}.Release|iPhone.Deploy.0 = Release|Any CPU
		{9C4EB868-893A-4546-9626-B80AD484C7EB}.Release|iPhoneSimulator.ActiveCfg = Release|Any CPU
		{9C4EB868-893A-4546-9626-B80AD484C7EB}.Release|iPhoneSimulator.Build.0 = Release|Any CPU
		{9C4EB868-893A-4546-9626-B80AD484C7EB}.Release|iPhoneSimulator.Deploy.0 = Release|Any CPU
		{9C4EB868-893A-4546-9626-B80AD484C7EB}.Release|x64.ActiveCfg = Release|Any CPU
		{9C4EB868-893A-4546-9626-B80AD484C7EB}.Release|x64.Build.0 = Release|Any CPU
		{9C4EB868-893A-4546-9626-B80AD484C7EB}.Release|x64.Deploy.0 = Release|Any CPU
		{9C4EB868-893A-4546-9626-B80AD484C7EB}.Release|x86.ActiveCfg = Release|x86
		{9C4EB868-893A-4546-9626-B80AD484C7EB}.Release|x86.Build.0 = Release|x86
		{9C4EB868-893A-4546-9626-B80AD484C7EB}.Release|x86.Deploy.0 = Release|x86
		{E7662FAD-A8E2-45D4-9AFC-80693EED2562}.Ad-Hoc|Any CPU.ActiveCfg = Release|x86
		{E7662FAD-A8E2-45D4-9AFC-80693EED2562}.Ad-Hoc|Any CPU.Build.0 = Release|x86
		{E7662FAD-A8E2-45D4-9AFC-80693EED2562}.Ad-Hoc|Any CPU.Deploy.0 = Release|x86
		{E7662FAD-A8E2-45D4-9AFC-80693EED2562}.Ad-Hoc|ARM.ActiveCfg = Release|ARM
		{E7662FAD-A8E2-45D4-9AFC-80693EED2562}.Ad-Hoc|ARM.Build.0 = Release|ARM
		{E7662FAD-A8E2-45D4-9AFC-80693EED2562}.Ad-Hoc|ARM.Deploy.0 = Release|ARM
		{E7662FAD-A8E2-45D4-9AFC-80693EED2562}.Ad-Hoc|iPhone.ActiveCfg = Release|x86
		{E7662FAD-A8E2-45D4-9AFC-80693EED2562}.Ad-Hoc|iPhone.Build.0 = Release|x86
		{E7662FAD-A8E2-45D4-9AFC-80693EED2562}.Ad-Hoc|iPhone.Deploy.0 = Release|x86
		{E7662FAD-A8E2-45D4-9AFC-80693EED2562}.Ad-Hoc|iPhoneSimulator.ActiveCfg = Release|x86
		{E7662FAD-A8E2-45D4-9AFC-80693EED2562}.Ad-Hoc|iPhoneSimulator.Build.0 = Release|x86
		{E7662FAD-A8E2-45D4-9AFC-80693EED2562}.Ad-Hoc|iPhoneSimulator.Deploy.0 = Release|x86
		{E7662FAD-A8E2-45D4-9AFC-80693EED2562}.Ad-Hoc|x64.ActiveCfg = Release|x64
		{E7662FAD-A8E2-45D4-9AFC-80693EED2562}.Ad-Hoc|x64.Build.0 = Release|x64
		{E7662FAD-A8E2-45D4-9AFC-80693EED2562}.Ad-Hoc|x64.Deploy.0 = Release|x64
		{E7662FAD-A8E2-45D4-9AFC-80693EED2562}.Ad-Hoc|x86.ActiveCfg = Release|x86
		{E7662FAD-A8E2-45D4-9AFC-80693EED2562}.Ad-Hoc|x86.Build.0 = Release|x86
		{E7662FAD-A8E2-45D4-9AFC-80693EED2562}.Ad-Hoc|x86.Deploy.0 = Release|x86
		{E7662FAD-A8E2-45D4-9AFC-80693EED2562}.AppStore|Any CPU.ActiveCfg = Release|x86
		{E7662FAD-A8E2-45D4-9AFC-80693EED2562}.AppStore|Any CPU.Build.0 = Release|x86
		{E7662FAD-A8E2-45D4-9AFC-80693EED2562}.AppStore|Any CPU.Deploy.0 = Release|x86
		{E7662FAD-A8E2-45D4-9AFC-80693EED2562}.AppStore|ARM.ActiveCfg = Release|ARM
		{E7662FAD-A8E2-45D4-9AFC-80693EED2562}.AppStore|ARM.Build.0 = Release|ARM
		{E7662FAD-A8E2-45D4-9AFC-80693EED2562}.AppStore|ARM.Deploy.0 = Release|ARM
		{E7662FAD-A8E2-45D4-9AFC-80693EED2562}.AppStore|iPhone.ActiveCfg = Release|x86
		{E7662FAD-A8E2-45D4-9AFC-80693EED2562}.AppStore|iPhone.Build.0 = Release|x86
		{E7662FAD-A8E2-45D4-9AFC-80693EED2562}.AppStore|iPhone.Deploy.0 = Release|x86
		{E7662FAD-A8E2-45D4-9AFC-80693EED2562}.AppStore|iPhoneSimulator.ActiveCfg = Release|x86
		{E7662FAD-A8E2-45D4-9AFC-80693EED2562}.AppStore|iPhoneSimulator.Build.0 = Release|x86
		{E7662FAD-A8E2-45D4-9AFC-80693EED2562}.AppStore|iPhoneSimulator.Deploy.0 = Release|x86
		{E7662FAD-A8E2-45D4-9AFC-80693EED2562}.AppStore|x64.ActiveCfg = Release|x64
		{E7662FAD-A8E2-45D4-9AFC-80693EED2562}.AppStore|x64.Build.0 = Release|x64
		{E7662FAD-A8E2-45D4-9AFC-80693EED2562}.AppStore|x64.Deploy.0 = Release|x64
		{E7662FAD-A8E2-45D4-9AFC-80693EED2562}.AppStore|x86.ActiveCfg = Release|x86
		{E7662FAD-A8E2-45D4-9AFC-80693EED2562}.AppStore|x86.Build.0 = Release|x86
		{E7662FAD-A8E2-45D4-9AFC-80693EED2562}.AppStore|x86.Deploy.0 = Release|x86
		{E7662FAD-A8E2-45D4-9AFC-80693EED2562}.Debug|Any CPU.ActiveCfg = Debug|x86
		{E7662FAD-A8E2-45D4-9AFC-80693EED2562}.Debug|Any CPU.Build.0 = Debug|x86
		{E7662FAD-A8E2-45D4-9AFC-80693EED2562}.Debug|Any CPU.Deploy.0 = Debug|x86
		{E7662FAD-A8E2-45D4-9AFC-80693EED2562}.Debug|ARM.ActiveCfg = Debug|ARM
		{E7662FAD-A8E2-45D4-9AFC-80693EED2562}.Debug|ARM.Build.0 = Debug|ARM
		{E7662FAD-A8E2-45D4-9AFC-80693EED2562}.Debug|ARM.Deploy.0 = Debug|ARM
		{E7662FAD-A8E2-45D4-9AFC-80693EED2562}.Debug|iPhone.ActiveCfg = Debug|x86
		{E7662FAD-A8E2-45D4-9AFC-80693EED2562}.Debug|iPhoneSimulator.ActiveCfg = Debug|x86
		{E7662FAD-A8E2-45D4-9AFC-80693EED2562}.Debug|x64.ActiveCfg = Debug|x64
		{E7662FAD-A8E2-45D4-9AFC-80693EED2562}.Debug|x64.Build.0 = Debug|x64
		{E7662FAD-A8E2-45D4-9AFC-80693EED2562}.Debug|x64.Deploy.0 = Debug|x64
		{E7662FAD-A8E2-45D4-9AFC-80693EED2562}.Debug|x86.ActiveCfg = Debug|x86
		{E7662FAD-A8E2-45D4-9AFC-80693EED2562}.Debug|x86.Build.0 = Debug|x86
		{E7662FAD-A8E2-45D4-9AFC-80693EED2562}.Debug|x86.Deploy.0 = Debug|x86
		{E7662FAD-A8E2-45D4-9AFC-80693EED2562}.Release|Any CPU.ActiveCfg = Release|x86
		{E7662FAD-A8E2-45D4-9AFC-80693EED2562}.Release|ARM.ActiveCfg = Release|ARM
		{E7662FAD-A8E2-45D4-9AFC-80693EED2562}.Release|ARM.Build.0 = Release|ARM
		{E7662FAD-A8E2-45D4-9AFC-80693EED2562}.Release|ARM.Deploy.0 = Release|ARM
		{E7662FAD-A8E2-45D4-9AFC-80693EED2562}.Release|iPhone.ActiveCfg = Release|x86
		{E7662FAD-A8E2-45D4-9AFC-80693EED2562}.Release|iPhoneSimulator.ActiveCfg = Release|x86
		{E7662FAD-A8E2-45D4-9AFC-80693EED2562}.Release|x64.ActiveCfg = Release|x64
		{E7662FAD-A8E2-45D4-9AFC-80693EED2562}.Release|x64.Build.0 = Release|x64
		{E7662FAD-A8E2-45D4-9AFC-80693EED2562}.Release|x64.Deploy.0 = Release|x64
		{E7662FAD-A8E2-45D4-9AFC-80693EED2562}.Release|x86.ActiveCfg = Release|x86
		{E7662FAD-A8E2-45D4-9AFC-80693EED2562}.Release|x86.Build.0 = Release|x86
		{E7662FAD-A8E2-45D4-9AFC-80693EED2562}.Release|x86.Deploy.0 = Release|x86
		{4D43CFAC-2D29-49D1-BC64-72C772E89299}.Ad-Hoc|Any CPU.ActiveCfg = Release|Any CPU
		{4D43CFAC-2D29-49D1-BC64-72C772E89299}.Ad-Hoc|Any CPU.Build.0 = Release|Any CPU
		{4D43CFAC-2D29-49D1-BC64-72C772E89299}.Ad-Hoc|Any CPU.Deploy.0 = Release|Any CPU
		{4D43CFAC-2D29-49D1-BC64-72C772E89299}.Ad-Hoc|ARM.ActiveCfg = Release|ARM
		{4D43CFAC-2D29-49D1-BC64-72C772E89299}.Ad-Hoc|ARM.Build.0 = Release|ARM
		{4D43CFAC-2D29-49D1-BC64-72C772E89299}.Ad-Hoc|ARM.Deploy.0 = Release|ARM
		{4D43CFAC-2D29-49D1-BC64-72C772E89299}.Ad-Hoc|iPhone.ActiveCfg = Release|Any CPU
		{4D43CFAC-2D29-49D1-BC64-72C772E89299}.Ad-Hoc|iPhone.Build.0 = Release|Any CPU
		{4D43CFAC-2D29-49D1-BC64-72C772E89299}.Ad-Hoc|iPhone.Deploy.0 = Release|Any CPU
		{4D43CFAC-2D29-49D1-BC64-72C772E89299}.Ad-Hoc|iPhoneSimulator.ActiveCfg = Release|Any CPU
		{4D43CFAC-2D29-49D1-BC64-72C772E89299}.Ad-Hoc|iPhoneSimulator.Build.0 = Release|Any CPU
		{4D43CFAC-2D29-49D1-BC64-72C772E89299}.Ad-Hoc|iPhoneSimulator.Deploy.0 = Release|Any CPU
		{4D43CFAC-2D29-49D1-BC64-72C772E89299}.Ad-Hoc|x64.ActiveCfg = Release|x64
		{4D43CFAC-2D29-49D1-BC64-72C772E89299}.Ad-Hoc|x64.Build.0 = Release|x64
		{4D43CFAC-2D29-49D1-BC64-72C772E89299}.Ad-Hoc|x64.Deploy.0 = Release|x64
		{4D43CFAC-2D29-49D1-BC64-72C772E89299}.Ad-Hoc|x86.ActiveCfg = Release|x86
		{4D43CFAC-2D29-49D1-BC64-72C772E89299}.Ad-Hoc|x86.Build.0 = Release|x86
		{4D43CFAC-2D29-49D1-BC64-72C772E89299}.Ad-Hoc|x86.Deploy.0 = Release|x86
		{4D43CFAC-2D29-49D1-BC64-72C772E89299}.AppStore|Any CPU.ActiveCfg = Release|Any CPU
		{4D43CFAC-2D29-49D1-BC64-72C772E89299}.AppStore|Any CPU.Build.0 = Release|Any CPU
		{4D43CFAC-2D29-49D1-BC64-72C772E89299}.AppStore|Any CPU.Deploy.0 = Release|Any CPU
		{4D43CFAC-2D29-49D1-BC64-72C772E89299}.AppStore|ARM.ActiveCfg = Release|ARM
		{4D43CFAC-2D29-49D1-BC64-72C772E89299}.AppStore|ARM.Build.0 = Release|ARM
		{4D43CFAC-2D29-49D1-BC64-72C772E89299}.AppStore|ARM.Deploy.0 = Release|ARM
		{4D43CFAC-2D29-49D1-BC64-72C772E89299}.AppStore|iPhone.ActiveCfg = Release|Any CPU
		{4D43CFAC-2D29-49D1-BC64-72C772E89299}.AppStore|iPhone.Build.0 = Release|Any CPU
		{4D43CFAC-2D29-49D1-BC64-72C772E89299}.AppStore|iPhone.Deploy.0 = Release|Any CPU
		{4D43CFAC-2D29-49D1-BC64-72C772E89299}.AppStore|iPhoneSimulator.ActiveCfg = Release|Any CPU
		{4D43CFAC-2D29-49D1-BC64-72C772E89299}.AppStore|iPhoneSimulator.Build.0 = Release|Any CPU
		{4D43CFAC-2D29-49D1-BC64-72C772E89299}.AppStore|iPhoneSimulator.Deploy.0 = Release|Any CPU
		{4D43CFAC-2D29-49D1-BC64-72C772E89299}.AppStore|x64.ActiveCfg = Release|x64
		{4D43CFAC-2D29-49D1-BC64-72C772E89299}.AppStore|x64.Build.0 = Release|x64
		{4D43CFAC-2D29-49D1-BC64-72C772E89299}.AppStore|x64.Deploy.0 = Release|x64
		{4D43CFAC-2D29-49D1-BC64-72C772E89299}.AppStore|x86.ActiveCfg = Release|x86
		{4D43CFAC-2D29-49D1-BC64-72C772E89299}.AppStore|x86.Build.0 = Release|x86
		{4D43CFAC-2D29-49D1-BC64-72C772E89299}.AppStore|x86.Deploy.0 = Release|x86
		{4D43CFAC-2D29-49D1-BC64-72C772E89299}.Debug|Any CPU.ActiveCfg = Debug|Any CPU
		{4D43CFAC-2D29-49D1-BC64-72C772E89299}.Debug|Any CPU.Build.0 = Debug|Any CPU
		{4D43CFAC-2D29-49D1-BC64-72C772E89299}.Debug|Any CPU.Deploy.0 = Debug|Any CPU
		{4D43CFAC-2D29-49D1-BC64-72C772E89299}.Debug|ARM.ActiveCfg = Debug|ARM
		{4D43CFAC-2D29-49D1-BC64-72C772E89299}.Debug|ARM.Build.0 = Debug|ARM
		{4D43CFAC-2D29-49D1-BC64-72C772E89299}.Debug|ARM.Deploy.0 = Debug|ARM
		{4D43CFAC-2D29-49D1-BC64-72C772E89299}.Debug|iPhone.ActiveCfg = Debug|Any CPU
		{4D43CFAC-2D29-49D1-BC64-72C772E89299}.Debug|iPhone.Build.0 = Debug|Any CPU
		{4D43CFAC-2D29-49D1-BC64-72C772E89299}.Debug|iPhone.Deploy.0 = Debug|Any CPU
		{4D43CFAC-2D29-49D1-BC64-72C772E89299}.Debug|iPhoneSimulator.ActiveCfg = Debug|Any CPU
		{4D43CFAC-2D29-49D1-BC64-72C772E89299}.Debug|iPhoneSimulator.Build.0 = Debug|Any CPU
		{4D43CFAC-2D29-49D1-BC64-72C772E89299}.Debug|iPhoneSimulator.Deploy.0 = Debug|Any CPU
		{4D43CFAC-2D29-49D1-BC64-72C772E89299}.Debug|x64.ActiveCfg = Debug|x64
		{4D43CFAC-2D29-49D1-BC64-72C772E89299}.Debug|x64.Build.0 = Debug|x64
		{4D43CFAC-2D29-49D1-BC64-72C772E89299}.Debug|x64.Deploy.0 = Debug|x64
		{4D43CFAC-2D29-49D1-BC64-72C772E89299}.Debug|x86.ActiveCfg = Debug|x86
		{4D43CFAC-2D29-49D1-BC64-72C772E89299}.Debug|x86.Build.0 = Debug|x86
		{4D43CFAC-2D29-49D1-BC64-72C772E89299}.Debug|x86.Deploy.0 = Debug|x86
		{4D43CFAC-2D29-49D1-BC64-72C772E89299}.Release|Any CPU.ActiveCfg = Release|Any CPU
		{4D43CFAC-2D29-49D1-BC64-72C772E89299}.Release|Any CPU.Build.0 = Release|Any CPU
		{4D43CFAC-2D29-49D1-BC64-72C772E89299}.Release|Any CPU.Deploy.0 = Release|Any CPU
		{4D43CFAC-2D29-49D1-BC64-72C772E89299}.Release|ARM.ActiveCfg = Release|ARM
		{4D43CFAC-2D29-49D1-BC64-72C772E89299}.Release|ARM.Build.0 = Release|ARM
		{4D43CFAC-2D29-49D1-BC64-72C772E89299}.Release|ARM.Deploy.0 = Release|ARM
		{4D43CFAC-2D29-49D1-BC64-72C772E89299}.Release|iPhone.ActiveCfg = Release|Any CPU
		{4D43CFAC-2D29-49D1-BC64-72C772E89299}.Release|iPhone.Build.0 = Release|Any CPU
		{4D43CFAC-2D29-49D1-BC64-72C772E89299}.Release|iPhone.Deploy.0 = Release|Any CPU
		{4D43CFAC-2D29-49D1-BC64-72C772E89299}.Release|iPhoneSimulator.ActiveCfg = Release|Any CPU
		{4D43CFAC-2D29-49D1-BC64-72C772E89299}.Release|iPhoneSimulator.Build.0 = Release|Any CPU
		{4D43CFAC-2D29-49D1-BC64-72C772E89299}.Release|iPhoneSimulator.Deploy.0 = Release|Any CPU
		{4D43CFAC-2D29-49D1-BC64-72C772E89299}.Release|x64.ActiveCfg = Release|x64
		{4D43CFAC-2D29-49D1-BC64-72C772E89299}.Release|x64.Build.0 = Release|x64
		{4D43CFAC-2D29-49D1-BC64-72C772E89299}.Release|x64.Deploy.0 = Release|x64
		{4D43CFAC-2D29-49D1-BC64-72C772E89299}.Release|x86.ActiveCfg = Release|x86
		{4D43CFAC-2D29-49D1-BC64-72C772E89299}.Release|x86.Build.0 = Release|x86
		{4D43CFAC-2D29-49D1-BC64-72C772E89299}.Release|x86.Deploy.0 = Release|x86
		{A1D325A3-031E-4FD3-BF8D-5E3FE64D2BA7}.Ad-Hoc|Any CPU.ActiveCfg = Release|Any CPU
		{A1D325A3-031E-4FD3-BF8D-5E3FE64D2BA7}.Ad-Hoc|Any CPU.Build.0 = Release|Any CPU
		{A1D325A3-031E-4FD3-BF8D-5E3FE64D2BA7}.Ad-Hoc|ARM.ActiveCfg = Release|Any CPU
		{A1D325A3-031E-4FD3-BF8D-5E3FE64D2BA7}.Ad-Hoc|ARM.Build.0 = Release|Any CPU
		{A1D325A3-031E-4FD3-BF8D-5E3FE64D2BA7}.Ad-Hoc|iPhone.ActiveCfg = Release|Any CPU
		{A1D325A3-031E-4FD3-BF8D-5E3FE64D2BA7}.Ad-Hoc|iPhone.Build.0 = Release|Any CPU
		{A1D325A3-031E-4FD3-BF8D-5E3FE64D2BA7}.Ad-Hoc|iPhoneSimulator.ActiveCfg = Release|Any CPU
		{A1D325A3-031E-4FD3-BF8D-5E3FE64D2BA7}.Ad-Hoc|iPhoneSimulator.Build.0 = Release|Any CPU
		{A1D325A3-031E-4FD3-BF8D-5E3FE64D2BA7}.Ad-Hoc|x64.ActiveCfg = Release|Any CPU
		{A1D325A3-031E-4FD3-BF8D-5E3FE64D2BA7}.Ad-Hoc|x64.Build.0 = Release|Any CPU
		{A1D325A3-031E-4FD3-BF8D-5E3FE64D2BA7}.Ad-Hoc|x86.ActiveCfg = Release|Any CPU
		{A1D325A3-031E-4FD3-BF8D-5E3FE64D2BA7}.Ad-Hoc|x86.Build.0 = Release|Any CPU
		{A1D325A3-031E-4FD3-BF8D-5E3FE64D2BA7}.AppStore|Any CPU.ActiveCfg = Release|Any CPU
		{A1D325A3-031E-4FD3-BF8D-5E3FE64D2BA7}.AppStore|Any CPU.Build.0 = Release|Any CPU
		{A1D325A3-031E-4FD3-BF8D-5E3FE64D2BA7}.AppStore|ARM.ActiveCfg = Release|Any CPU
		{A1D325A3-031E-4FD3-BF8D-5E3FE64D2BA7}.AppStore|ARM.Build.0 = Release|Any CPU
		{A1D325A3-031E-4FD3-BF8D-5E3FE64D2BA7}.AppStore|iPhone.ActiveCfg = Release|Any CPU
		{A1D325A3-031E-4FD3-BF8D-5E3FE64D2BA7}.AppStore|iPhone.Build.0 = Release|Any CPU
		{A1D325A3-031E-4FD3-BF8D-5E3FE64D2BA7}.AppStore|iPhoneSimulator.ActiveCfg = Release|Any CPU
		{A1D325A3-031E-4FD3-BF8D-5E3FE64D2BA7}.AppStore|iPhoneSimulator.Build.0 = Release|Any CPU
		{A1D325A3-031E-4FD3-BF8D-5E3FE64D2BA7}.AppStore|x64.ActiveCfg = Release|Any CPU
		{A1D325A3-031E-4FD3-BF8D-5E3FE64D2BA7}.AppStore|x64.Build.0 = Release|Any CPU
		{A1D325A3-031E-4FD3-BF8D-5E3FE64D2BA7}.AppStore|x86.ActiveCfg = Release|Any CPU
		{A1D325A3-031E-4FD3-BF8D-5E3FE64D2BA7}.AppStore|x86.Build.0 = Release|Any CPU
		{A1D325A3-031E-4FD3-BF8D-5E3FE64D2BA7}.Debug|Any CPU.ActiveCfg = Debug|Any CPU
		{A1D325A3-031E-4FD3-BF8D-5E3FE64D2BA7}.Debug|Any CPU.Build.0 = Debug|Any CPU
		{A1D325A3-031E-4FD3-BF8D-5E3FE64D2BA7}.Debug|Any CPU.Deploy.0 = Debug|Any CPU
		{A1D325A3-031E-4FD3-BF8D-5E3FE64D2BA7}.Debug|ARM.ActiveCfg = Debug|Any CPU
		{A1D325A3-031E-4FD3-BF8D-5E3FE64D2BA7}.Debug|ARM.Build.0 = Debug|Any CPU
		{A1D325A3-031E-4FD3-BF8D-5E3FE64D2BA7}.Debug|iPhone.ActiveCfg = Debug|Any CPU
		{A1D325A3-031E-4FD3-BF8D-5E3FE64D2BA7}.Debug|iPhone.Build.0 = Debug|Any CPU
		{A1D325A3-031E-4FD3-BF8D-5E3FE64D2BA7}.Debug|iPhoneSimulator.ActiveCfg = Debug|Any CPU
		{A1D325A3-031E-4FD3-BF8D-5E3FE64D2BA7}.Debug|iPhoneSimulator.Build.0 = Debug|Any CPU
		{A1D325A3-031E-4FD3-BF8D-5E3FE64D2BA7}.Debug|x64.ActiveCfg = Debug|Any CPU
		{A1D325A3-031E-4FD3-BF8D-5E3FE64D2BA7}.Debug|x64.Build.0 = Debug|Any CPU
		{A1D325A3-031E-4FD3-BF8D-5E3FE64D2BA7}.Debug|x86.ActiveCfg = Debug|Any CPU
		{A1D325A3-031E-4FD3-BF8D-5E3FE64D2BA7}.Debug|x86.Build.0 = Debug|Any CPU
		{A1D325A3-031E-4FD3-BF8D-5E3FE64D2BA7}.Release|Any CPU.ActiveCfg = Release|Any CPU
		{A1D325A3-031E-4FD3-BF8D-5E3FE64D2BA7}.Release|Any CPU.Build.0 = Release|Any CPU
		{A1D325A3-031E-4FD3-BF8D-5E3FE64D2BA7}.Release|ARM.ActiveCfg = Release|Any CPU
		{A1D325A3-031E-4FD3-BF8D-5E3FE64D2BA7}.Release|ARM.Build.0 = Release|Any CPU
		{A1D325A3-031E-4FD3-BF8D-5E3FE64D2BA7}.Release|iPhone.ActiveCfg = Release|Any CPU
		{A1D325A3-031E-4FD3-BF8D-5E3FE64D2BA7}.Release|iPhone.Build.0 = Release|Any CPU
		{A1D325A3-031E-4FD3-BF8D-5E3FE64D2BA7}.Release|iPhoneSimulator.ActiveCfg = Release|Any CPU
		{A1D325A3-031E-4FD3-BF8D-5E3FE64D2BA7}.Release|iPhoneSimulator.Build.0 = Release|Any CPU
		{A1D325A3-031E-4FD3-BF8D-5E3FE64D2BA7}.Release|x64.ActiveCfg = Release|Any CPU
		{A1D325A3-031E-4FD3-BF8D-5E3FE64D2BA7}.Release|x64.Build.0 = Release|Any CPU
		{A1D325A3-031E-4FD3-BF8D-5E3FE64D2BA7}.Release|x86.ActiveCfg = Release|Any CPU
		{A1D325A3-031E-4FD3-BF8D-5E3FE64D2BA7}.Release|x86.Build.0 = Release|Any CPU
	EndGlobalSection
	GlobalSection(SolutionProperties) = preSolution
		HideSolutionNode = FALSE
	EndGlobalSection
EndGlobal
