
Microsoft Visual Studio Solution File, Format Version 12.00
# Visual Studio 14
VisualStudioVersion = 14.0.25123.0
MinimumVisualStudioVersion = 10.0.40219.1
Project("{FAE04EC0-301F-11D3-BF4B-00C04F79EFBC}") = "XamJam.RatingsSample.Droid", "XamJam.RatingsSample.Droid\XamJam.RatingsSample.Droid.csproj", "{E0703B3D-1E51-4EC7-BA5C-984555B9E588}"
EndProject
Project("{FAE04EC0-301F-11D3-BF4B-00C04F79EFBC}") = "XamJam.RatingsSample.iOS", "XamJam.RatingsSample.iOS\XamJam.RatingsSample.iOS.csproj", "{4B48632F-119E-4835-A669-DDCE85727A6A}"
EndProject
Project("{FAE04EC0-301F-11D3-BF4B-00C04F79EFBC}") = "XamJam.RatingsSample.WinPhone", "XamJam.RatingsSample.WinPhone\XamJam.RatingsSample.WinPhone.csproj", "{7D2D1234-53E9-4CDB-BC63-78200B0B7DE8}"
EndProject
Project("{FAE04EC0-301F-11D3-BF4B-00C04F79EFBC}") = "XamJam.RatingsSample.UWP", "XamJam.RatingsSample.UWP\XamJam.RatingsSample.UWP.csproj", "{65187ED1-BA7C-4F52-9D21-8BC79279FD60}"
EndProject
Project("{FAE04EC0-301F-11D3-BF4B-00C04F79EFBC}") = "XamJam.RatingsSample.Windows", "XamJam.RatingsSample.Windows\XamJam.RatingsSample.Windows.csproj", "{F52F2622-9364-4BFD-AC24-B753AE5C238E}"
EndProject
Project("{FAE04EC0-301F-11D3-BF4B-00C04F79EFBC}") = "XamJam.RatingsSample", "XamJam.RatingsSample\XamJam.RatingsSample.csproj", "{FE2B3E19-0096-4083-A573-E55B54519916}"
EndProject
Project("{FAE04EC0-301F-11D3-BF4B-00C04F79EFBC}") = "XamJam.Ratings", "XamJam.Ratings\XamJam.Ratings.csproj", "{67F9D3A8-F71E-4428-913F-C37AE82CDB24}"
EndProject
Global
	GlobalSection(SolutionConfigurationPlatforms) = preSolution
		Ad-Hoc|Any CPU = Ad-Hoc|Any CPU
		Ad-Hoc|ARM = Ad-Hoc|ARM
		Ad-Hoc|iPhone = Ad-Hoc|iPhone
		Ad-Hoc|iPhoneSimulator = Ad-Hoc|iPhoneSimulator
		Ad-Hoc|x64 = Ad-Hoc|x64
		Ad-Hoc|x86 = Ad-Hoc|x86
		AppStore|Any CPU = AppStore|Any CPU
		AppStore|ARM = AppStore|ARM
		AppStore|iPhone = AppStore|iPhone
		AppStore|iPhoneSimulator = AppStore|iPhoneSimulator
		AppStore|x64 = AppStore|x64
		AppStore|x86 = AppStore|x86
		Debug|Any CPU = Debug|Any CPU
		Debug|ARM = Debug|ARM
		Debug|iPhone = Debug|iPhone
		Debug|iPhoneSimulator = Debug|iPhoneSimulator
		Debug|x64 = Debug|x64
		Debug|x86 = Debug|x86
		Release|Any CPU = Release|Any CPU
		Release|ARM = Release|ARM
		Release|iPhone = Release|iPhone
		Release|iPhoneSimulator = Release|iPhoneSimulator
		Release|x64 = Release|x64
		Release|x86 = Release|x86
	EndGlobalSection
	GlobalSection(ProjectConfigurationPlatforms) = postSolution
		{E0703B3D-1E51-4EC7-BA5C-984555B9E588}.Ad-Hoc|Any CPU.ActiveCfg = Release|Any CPU
		{E0703B3D-1E51-4EC7-BA5C-984555B9E588}.Ad-Hoc|Any CPU.Build.0 = Release|Any CPU
		{E0703B3D-1E51-4EC7-BA5C-984555B9E588}.Ad-Hoc|Any CPU.Deploy.0 = Release|Any CPU
		{E0703B3D-1E51-4EC7-BA5C-984555B9E588}.Ad-Hoc|ARM.ActiveCfg = Release|Any CPU
		{E0703B3D-1E51-4EC7-BA5C-984555B9E588}.Ad-Hoc|ARM.Build.0 = Release|Any CPU
		{E0703B3D-1E51-4EC7-BA5C-984555B9E588}.Ad-Hoc|ARM.Deploy.0 = Release|Any CPU
		{E0703B3D-1E51-4EC7-BA5C-984555B9E588}.Ad-Hoc|iPhone.ActiveCfg = Release|Any CPU
		{E0703B3D-1E51-4EC7-BA5C-984555B9E588}.Ad-Hoc|iPhone.Build.0 = Release|Any CPU
		{E0703B3D-1E51-4EC7-BA5C-984555B9E588}.Ad-Hoc|iPhone.Deploy.0 = Release|Any CPU
		{E0703B3D-1E51-4EC7-BA5C-984555B9E588}.Ad-Hoc|iPhoneSimulator.ActiveCfg = Release|Any CPU
		{E0703B3D-1E51-4EC7-BA5C-984555B9E588}.Ad-Hoc|iPhoneSimulator.Build.0 = Release|Any CPU
		{E0703B3D-1E51-4EC7-BA5C-984555B9E588}.Ad-Hoc|iPhoneSimulator.Deploy.0 = Release|Any CPU
		{E0703B3D-1E51-4EC7-BA5C-984555B9E588}.Ad-Hoc|x64.ActiveCfg = Release|Any CPU
		{E0703B3D-1E51-4EC7-BA5C-984555B9E588}.Ad-Hoc|x64.Build.0 = Release|Any CPU
		{E0703B3D-1E51-4EC7-BA5C-984555B9E588}.Ad-Hoc|x64.Deploy.0 = Release|Any CPU
		{E0703B3D-1E51-4EC7-BA5C-984555B9E588}.Ad-Hoc|x86.ActiveCfg = Release|Any CPU
		{E0703B3D-1E51-4EC7-BA5C-984555B9E588}.Ad-Hoc|x86.Build.0 = Release|Any CPU
		{E0703B3D-1E51-4EC7-BA5C-984555B9E588}.Ad-Hoc|x86.Deploy.0 = Release|Any CPU
		{E0703B3D-1E51-4EC7-BA5C-984555B9E588}.AppStore|Any CPU.ActiveCfg = Release|Any CPU
		{E0703B3D-1E51-4EC7-BA5C-984555B9E588}.AppStore|Any CPU.Build.0 = Release|Any CPU
		{E0703B3D-1E51-4EC7-BA5C-984555B9E588}.AppStore|Any CPU.Deploy.0 = Release|Any CPU
		{E0703B3D-1E51-4EC7-BA5C-984555B9E588}.AppStore|ARM.ActiveCfg = Release|Any CPU
		{E0703B3D-1E51-4EC7-BA5C-984555B9E588}.AppStore|ARM.Build.0 = Release|Any CPU
		{E0703B3D-1E51-4EC7-BA5C-984555B9E588}.AppStore|ARM.Deploy.0 = Release|Any CPU
		{E0703B3D-1E51-4EC7-BA5C-984555B9E588}.AppStore|iPhone.ActiveCfg = Release|Any CPU
		{E0703B3D-1E51-4EC7-BA5C-984555B9E588}.AppStore|iPhone.Build.0 = Release|Any CPU
		{E0703B3D-1E51-4EC7-BA5C-984555B9E588}.AppStore|iPhone.Deploy.0 = Release|Any CPU
		{E0703B3D-1E51-4EC7-BA5C-984555B9E588}.AppStore|iPhoneSimulator.ActiveCfg = Release|Any CPU
		{E0703B3D-1E51-4EC7-BA5C-984555B9E588}.AppStore|iPhoneSimulator.Build.0 = Release|Any CPU
		{E0703B3D-1E51-4EC7-BA5C-984555B9E588}.AppStore|iPhoneSimulator.Deploy.0 = Release|Any CPU
		{E0703B3D-1E51-4EC7-BA5C-984555B9E588}.AppStore|x64.ActiveCfg = Release|Any CPU
		{E0703B3D-1E51-4EC7-BA5C-984555B9E588}.AppStore|x64.Build.0 = Release|Any CPU
		{E0703B3D-1E51-4EC7-BA5C-984555B9E588}.AppStore|x64.Deploy.0 = Release|Any CPU
		{E0703B3D-1E51-4EC7-BA5C-984555B9E588}.AppStore|x86.ActiveCfg = Release|Any CPU
		{E0703B3D-1E51-4EC7-BA5C-984555B9E588}.AppStore|x86.Build.0 = Release|Any CPU
		{E0703B3D-1E51-4EC7-BA5C-984555B9E588}.AppStore|x86.Deploy.0 = Release|Any CPU
		{E0703B3D-1E51-4EC7-BA5C-984555B9E588}.Debug|Any CPU.ActiveCfg = Debug|Any CPU
		{E0703B3D-1E51-4EC7-BA5C-984555B9E588}.Debug|Any CPU.Build.0 = Debug|Any CPU
		{E0703B3D-1E51-4EC7-BA5C-984555B9E588}.Debug|Any CPU.Deploy.0 = Debug|Any CPU
		{E0703B3D-1E51-4EC7-BA5C-984555B9E588}.Debug|ARM.ActiveCfg = Debug|Any CPU
		{E0703B3D-1E51-4EC7-BA5C-984555B9E588}.Debug|ARM.Build.0 = Debug|Any CPU
		{E0703B3D-1E51-4EC7-BA5C-984555B9E588}.Debug|ARM.Deploy.0 = Debug|Any CPU
		{E0703B3D-1E51-4EC7-BA5C-984555B9E588}.Debug|iPhone.ActiveCfg = Debug|Any CPU
		{E0703B3D-1E51-4EC7-BA5C-984555B9E588}.Debug|iPhone.Build.0 = Debug|Any CPU
		{E0703B3D-1E51-4EC7-BA5C-984555B9E588}.Debug|iPhone.Deploy.0 = Debug|Any CPU
		{E0703B3D-1E51-4EC7-BA5C-984555B9E588}.Debug|iPhoneSimulator.ActiveCfg = Debug|Any CPU
		{E0703B3D-1E51-4EC7-BA5C-984555B9E588}.Debug|iPhoneSimulator.Build.0 = Debug|Any CPU
		{E0703B3D-1E51-4EC7-BA5C-984555B9E588}.Debug|iPhoneSimulator.Deploy.0 = Debug|Any CPU
		{E0703B3D-1E51-4EC7-BA5C-984555B9E588}.Debug|x64.ActiveCfg = Debug|Any CPU
		{E0703B3D-1E51-4EC7-BA5C-984555B9E588}.Debug|x64.Build.0 = Debug|Any CPU
		{E0703B3D-1E51-4EC7-BA5C-984555B9E588}.Debug|x64.Deploy.0 = Debug|Any CPU
		{E0703B3D-1E51-4EC7-BA5C-984555B9E588}.Debug|x86.ActiveCfg = Debug|Any CPU
		{E0703B3D-1E51-4EC7-BA5C-984555B9E588}.Debug|x86.Build.0 = Debug|Any CPU
		{E0703B3D-1E51-4EC7-BA5C-984555B9E588}.Debug|x86.Deploy.0 = Debug|Any CPU
		{E0703B3D-1E51-4EC7-BA5C-984555B9E588}.Release|Any CPU.ActiveCfg = Release|Any CPU
		{E0703B3D-1E51-4EC7-BA5C-984555B9E588}.Release|Any CPU.Build.0 = Release|Any CPU
		{E0703B3D-1E51-4EC7-BA5C-984555B9E588}.Release|Any CPU.Deploy.0 = Release|Any CPU
		{E0703B3D-1E51-4EC7-BA5C-984555B9E588}.Release|ARM.ActiveCfg = Release|Any CPU
		{E0703B3D-1E51-4EC7-BA5C-984555B9E588}.Release|ARM.Build.0 = Release|Any CPU
		{E0703B3D-1E51-4EC7-BA5C-984555B9E588}.Release|ARM.Deploy.0 = Release|Any CPU
		{E0703B3D-1E51-4EC7-BA5C-984555B9E588}.Release|iPhone.ActiveCfg = Release|Any CPU
		{E0703B3D-1E51-4EC7-BA5C-984555B9E588}.Release|iPhone.Build.0 = Release|Any CPU
		{E0703B3D-1E51-4EC7-BA5C-984555B9E588}.Release|iPhone.Deploy.0 = Release|Any CPU
		{E0703B3D-1E51-4EC7-BA5C-984555B9E588}.Release|iPhoneSimulator.ActiveCfg = Release|Any CPU
		{E0703B3D-1E51-4EC7-BA5C-984555B9E588}.Release|iPhoneSimulator.Build.0 = Release|Any CPU
		{E0703B3D-1E51-4EC7-BA5C-984555B9E588}.Release|iPhoneSimulator.Deploy.0 = Release|Any CPU
		{E0703B3D-1E51-4EC7-BA5C-984555B9E588}.Release|x64.ActiveCfg = Release|Any CPU
		{E0703B3D-1E51-4EC7-BA5C-984555B9E588}.Release|x64.Build.0 = Release|Any CPU
		{E0703B3D-1E51-4EC7-BA5C-984555B9E588}.Release|x64.Deploy.0 = Release|Any CPU
		{E0703B3D-1E51-4EC7-BA5C-984555B9E588}.Release|x86.ActiveCfg = Release|Any CPU
		{E0703B3D-1E51-4EC7-BA5C-984555B9E588}.Release|x86.Build.0 = Release|Any CPU
		{E0703B3D-1E51-4EC7-BA5C-984555B9E588}.Release|x86.Deploy.0 = Release|Any CPU
		{4B48632F-119E-4835-A669-DDCE85727A6A}.Ad-Hoc|Any CPU.ActiveCfg = Ad-Hoc|iPhone
		{4B48632F-119E-4835-A669-DDCE85727A6A}.Ad-Hoc|ARM.ActiveCfg = Ad-Hoc|iPhone
		{4B48632F-119E-4835-A669-DDCE85727A6A}.Ad-Hoc|iPhone.ActiveCfg = Ad-Hoc|iPhone
		{4B48632F-119E-4835-A669-DDCE85727A6A}.Ad-Hoc|iPhone.Build.0 = Ad-Hoc|iPhone
		{4B48632F-119E-4835-A669-DDCE85727A6A}.Ad-Hoc|iPhoneSimulator.ActiveCfg = Ad-Hoc|iPhoneSimulator
		{4B48632F-119E-4835-A669-DDCE85727A6A}.Ad-Hoc|iPhoneSimulator.Build.0 = Ad-Hoc|iPhoneSimulator
		{4B48632F-119E-4835-A669-DDCE85727A6A}.Ad-Hoc|x64.ActiveCfg = Ad-Hoc|iPhone
		{4B48632F-119E-4835-A669-DDCE85727A6A}.Ad-Hoc|x86.ActiveCfg = Ad-Hoc|iPhone
		{4B48632F-119E-4835-A669-DDCE85727A6A}.AppStore|Any CPU.ActiveCfg = AppStore|iPhone
		{4B48632F-119E-4835-A669-DDCE85727A6A}.AppStore|ARM.ActiveCfg = AppStore|iPhone
		{4B48632F-119E-4835-A669-DDCE85727A6A}.AppStore|iPhone.ActiveCfg = AppStore|iPhone
		{4B48632F-119E-4835-A669-DDCE85727A6A}.AppStore|iPhone.Build.0 = AppStore|iPhone
		{4B48632F-119E-4835-A669-DDCE85727A6A}.AppStore|iPhoneSimulator.ActiveCfg = AppStore|iPhoneSimulator
		{4B48632F-119E-4835-A669-DDCE85727A6A}.AppStore|iPhoneSimulator.Build.0 = AppStore|iPhoneSimulator
		{4B48632F-119E-4835-A669-DDCE85727A6A}.AppStore|x64.ActiveCfg = AppStore|iPhone
		{4B48632F-119E-4835-A669-DDCE85727A6A}.AppStore|x86.ActiveCfg = AppStore|iPhone
		{4B48632F-119E-4835-A669-DDCE85727A6A}.Debug|Any CPU.ActiveCfg = Debug|iPhone
		{4B48632F-119E-4835-A669-DDCE85727A6A}.Debug|ARM.ActiveCfg = Debug|iPhone
		{4B48632F-119E-4835-A669-DDCE85727A6A}.Debug|iPhone.ActiveCfg = Debug|iPhone
		{4B48632F-119E-4835-A669-DDCE85727A6A}.Debug|iPhone.Build.0 = Debug|iPhone
		{4B48632F-119E-4835-A669-DDCE85727A6A}.Debug|iPhoneSimulator.ActiveCfg = Debug|iPhoneSimulator
		{4B48632F-119E-4835-A669-DDCE85727A6A}.Debug|iPhoneSimulator.Build.0 = Debug|iPhoneSimulator
		{4B48632F-119E-4835-A669-DDCE85727A6A}.Debug|x64.ActiveCfg = Debug|iPhone
		{4B48632F-119E-4835-A669-DDCE85727A6A}.Debug|x86.ActiveCfg = Debug|iPhone
		{4B48632F-119E-4835-A669-DDCE85727A6A}.Release|Any CPU.ActiveCfg = Release|iPhone
		{4B48632F-119E-4835-A669-DDCE85727A6A}.Release|ARM.ActiveCfg = Release|iPhone
		{4B48632F-119E-4835-A669-DDCE85727A6A}.Release|iPhone.ActiveCfg = Release|iPhone
		{4B48632F-119E-4835-A669-DDCE85727A6A}.Release|iPhone.Build.0 = Release|iPhone
		{4B48632F-119E-4835-A669-DDCE85727A6A}.Release|iPhoneSimulator.ActiveCfg = Release|iPhoneSimulator
		{4B48632F-119E-4835-A669-DDCE85727A6A}.Release|iPhoneSimulator.Build.0 = Release|iPhoneSimulator
		{4B48632F-119E-4835-A669-DDCE85727A6A}.Release|x64.ActiveCfg = Release|iPhone
		{4B48632F-119E-4835-A669-DDCE85727A6A}.Release|x86.ActiveCfg = Release|iPhone
		{7D2D1234-53E9-4CDB-BC63-78200B0B7DE8}.Ad-Hoc|Any CPU.ActiveCfg = Release|Any CPU
		{7D2D1234-53E9-4CDB-BC63-78200B0B7DE8}.Ad-Hoc|Any CPU.Build.0 = Release|Any CPU
		{7D2D1234-53E9-4CDB-BC63-78200B0B7DE8}.Ad-Hoc|Any CPU.Deploy.0 = Release|Any CPU
		{7D2D1234-53E9-4CDB-BC63-78200B0B7DE8}.Ad-Hoc|ARM.ActiveCfg = Release|ARM
		{7D2D1234-53E9-4CDB-BC63-78200B0B7DE8}.Ad-Hoc|ARM.Build.0 = Release|ARM
		{7D2D1234-53E9-4CDB-BC63-78200B0B7DE8}.Ad-Hoc|ARM.Deploy.0 = Release|ARM
		{7D2D1234-53E9-4CDB-BC63-78200B0B7DE8}.Ad-Hoc|iPhone.ActiveCfg = Release|Any CPU
		{7D2D1234-53E9-4CDB-BC63-78200B0B7DE8}.Ad-Hoc|iPhone.Build.0 = Release|Any CPU
		{7D2D1234-53E9-4CDB-BC63-78200B0B7DE8}.Ad-Hoc|iPhone.Deploy.0 = Release|Any CPU
		{7D2D1234-53E9-4CDB-BC63-78200B0B7DE8}.Ad-Hoc|iPhoneSimulator.ActiveCfg = Release|Any CPU
		{7D2D1234-53E9-4CDB-BC63-78200B0B7DE8}.Ad-Hoc|iPhoneSimulator.Build.0 = Release|Any CPU
		{7D2D1234-53E9-4CDB-BC63-78200B0B7DE8}.Ad-Hoc|iPhoneSimulator.Deploy.0 = Release|Any CPU
		{7D2D1234-53E9-4CDB-BC63-78200B0B7DE8}.Ad-Hoc|x64.ActiveCfg = Release|Any CPU
		{7D2D1234-53E9-4CDB-BC63-78200B0B7DE8}.Ad-Hoc|x64.Build.0 = Release|Any CPU
		{7D2D1234-53E9-4CDB-BC63-78200B0B7DE8}.Ad-Hoc|x64.Deploy.0 = Release|Any CPU
		{7D2D1234-53E9-4CDB-BC63-78200B0B7DE8}.Ad-Hoc|x86.ActiveCfg = Release|x86
		{7D2D1234-53E9-4CDB-BC63-78200B0B7DE8}.Ad-Hoc|x86.Build.0 = Release|x86
		{7D2D1234-53E9-4CDB-BC63-78200B0B7DE8}.Ad-Hoc|x86.Deploy.0 = Release|x86
		{7D2D1234-53E9-4CDB-BC63-78200B0B7DE8}.AppStore|Any CPU.ActiveCfg = Release|Any CPU
		{7D2D1234-53E9-4CDB-BC63-78200B0B7DE8}.AppStore|Any CPU.Build.0 = Release|Any CPU
		{7D2D1234-53E9-4CDB-BC63-78200B0B7DE8}.AppStore|Any CPU.Deploy.0 = Release|Any CPU
		{7D2D1234-53E9-4CDB-BC63-78200B0B7DE8}.AppStore|ARM.ActiveCfg = Release|ARM
		{7D2D1234-53E9-4CDB-BC63-78200B0B7DE8}.AppStore|ARM.Build.0 = Release|ARM
		{7D2D1234-53E9-4CDB-BC63-78200B0B7DE8}.AppStore|ARM.Deploy.0 = Release|ARM
		{7D2D1234-53E9-4CDB-BC63-78200B0B7DE8}.AppStore|iPhone.ActiveCfg = Release|Any CPU
		{7D2D1234-53E9-4CDB-BC63-78200B0B7DE8}.AppStore|iPhone.Build.0 = Release|Any CPU
		{7D2D1234-53E9-4CDB-BC63-78200B0B7DE8}.AppStore|iPhone.Deploy.0 = Release|Any CPU
		{7D2D1234-53E9-4CDB-BC63-78200B0B7DE8}.AppStore|iPhoneSimulator.ActiveCfg = Release|Any CPU
		{7D2D1234-53E9-4CDB-BC63-78200B0B7DE8}.AppStore|iPhoneSimulator.Build.0 = Release|Any CPU
		{7D2D1234-53E9-4CDB-BC63-78200B0B7DE8}.AppStore|iPhoneSimulator.Deploy.0 = Release|Any CPU
		{7D2D1234-53E9-4CDB-BC63-78200B0B7DE8}.AppStore|x64.ActiveCfg = Release|Any CPU
		{7D2D1234-53E9-4CDB-BC63-78200B0B7DE8}.AppStore|x64.Build.0 = Release|Any CPU
		{7D2D1234-53E9-4CDB-BC63-78200B0B7DE8}.AppStore|x64.Deploy.0 = Release|Any CPU
		{7D2D1234-53E9-4CDB-BC63-78200B0B7DE8}.AppStore|x86.ActiveCfg = Release|x86
		{7D2D1234-53E9-4CDB-BC63-78200B0B7DE8}.AppStore|x86.Build.0 = Release|x86
		{7D2D1234-53E9-4CDB-BC63-78200B0B7DE8}.AppStore|x86.Deploy.0 = Release|x86
		{7D2D1234-53E9-4CDB-BC63-78200B0B7DE8}.Debug|Any CPU.ActiveCfg = Debug|Any CPU
		{7D2D1234-53E9-4CDB-BC63-78200B0B7DE8}.Debug|Any CPU.Build.0 = Debug|Any CPU
		{7D2D1234-53E9-4CDB-BC63-78200B0B7DE8}.Debug|Any CPU.Deploy.0 = Debug|Any CPU
		{7D2D1234-53E9-4CDB-BC63-78200B0B7DE8}.Debug|ARM.ActiveCfg = Debug|ARM
		{7D2D1234-53E9-4CDB-BC63-78200B0B7DE8}.Debug|ARM.Build.0 = Debug|ARM
		{7D2D1234-53E9-4CDB-BC63-78200B0B7DE8}.Debug|ARM.Deploy.0 = Debug|ARM
		{7D2D1234-53E9-4CDB-BC63-78200B0B7DE8}.Debug|iPhone.ActiveCfg = Debug|Any CPU
		{7D2D1234-53E9-4CDB-BC63-78200B0B7DE8}.Debug|iPhone.Build.0 = Debug|Any CPU
		{7D2D1234-53E9-4CDB-BC63-78200B0B7DE8}.Debug|iPhone.Deploy.0 = Debug|Any CPU
		{7D2D1234-53E9-4CDB-BC63-78200B0B7DE8}.Debug|iPhoneSimulator.ActiveCfg = Debug|Any CPU
		{7D2D1234-53E9-4CDB-BC63-78200B0B7DE8}.Debug|iPhoneSimulator.Build.0 = Debug|Any CPU
		{7D2D1234-53E9-4CDB-BC63-78200B0B7DE8}.Debug|iPhoneSimulator.Deploy.0 = Debug|Any CPU
		{7D2D1234-53E9-4CDB-BC63-78200B0B7DE8}.Debug|x64.ActiveCfg = Debug|Any CPU
		{7D2D1234-53E9-4CDB-BC63-78200B0B7DE8}.Debug|x64.Build.0 = Debug|Any CPU
		{7D2D1234-53E9-4CDB-BC63-78200B0B7DE8}.Debug|x64.Deploy.0 = Debug|Any CPU
		{7D2D1234-53E9-4CDB-BC63-78200B0B7DE8}.Debug|x86.ActiveCfg = Debug|x86
		{7D2D1234-53E9-4CDB-BC63-78200B0B7DE8}.Debug|x86.Build.0 = Debug|x86
		{7D2D1234-53E9-4CDB-BC63-78200B0B7DE8}.Debug|x86.Deploy.0 = Debug|x86
		{7D2D1234-53E9-4CDB-BC63-78200B0B7DE8}.Release|Any CPU.ActiveCfg = Release|Any CPU
		{7D2D1234-53E9-4CDB-BC63-78200B0B7DE8}.Release|Any CPU.Build.0 = Release|Any CPU
		{7D2D1234-53E9-4CDB-BC63-78200B0B7DE8}.Release|Any CPU.Deploy.0 = Release|Any CPU
		{7D2D1234-53E9-4CDB-BC63-78200B0B7DE8}.Release|ARM.ActiveCfg = Release|ARM
		{7D2D1234-53E9-4CDB-BC63-78200B0B7DE8}.Release|ARM.Build.0 = Release|ARM
		{7D2D1234-53E9-4CDB-BC63-78200B0B7DE8}.Release|ARM.Deploy.0 = Release|ARM
		{7D2D1234-53E9-4CDB-BC63-78200B0B7DE8}.Release|iPhone.ActiveCfg = Release|Any CPU
		{7D2D1234-53E9-4CDB-BC63-78200B0B7DE8}.Release|iPhone.Build.0 = Release|Any CPU
		{7D2D1234-53E9-4CDB-BC63-78200B0B7DE8}.Release|iPhone.Deploy.0 = Release|Any CPU
		{7D2D1234-53E9-4CDB-BC63-78200B0B7DE8}.Release|iPhoneSimulator.ActiveCfg = Release|Any CPU
		{7D2D1234-53E9-4CDB-BC63-78200B0B7DE8}.Release|iPhoneSimulator.Build.0 = Release|Any CPU
		{7D2D1234-53E9-4CDB-BC63-78200B0B7DE8}.Release|iPhoneSimulator.Deploy.0 = Release|Any CPU
		{7D2D1234-53E9-4CDB-BC63-78200B0B7DE8}.Release|x64.ActiveCfg = Release|Any CPU
		{7D2D1234-53E9-4CDB-BC63-78200B0B7DE8}.Release|x64.Build.0 = Release|Any CPU
		{7D2D1234-53E9-4CDB-BC63-78200B0B7DE8}.Release|x64.Deploy.0 = Release|Any CPU
		{7D2D1234-53E9-4CDB-BC63-78200B0B7DE8}.Release|x86.ActiveCfg = Release|x86
		{7D2D1234-53E9-4CDB-BC63-78200B0B7DE8}.Release|x86.Build.0 = Release|x86
		{7D2D1234-53E9-4CDB-BC63-78200B0B7DE8}.Release|x86.Deploy.0 = Release|x86
		{65187ED1-BA7C-4F52-9D21-8BC79279FD60}.Ad-Hoc|Any CPU.ActiveCfg = Release|x86
		{65187ED1-BA7C-4F52-9D21-8BC79279FD60}.Ad-Hoc|Any CPU.Build.0 = Release|x86
		{65187ED1-BA7C-4F52-9D21-8BC79279FD60}.Ad-Hoc|Any CPU.Deploy.0 = Release|x86
		{65187ED1-BA7C-4F52-9D21-8BC79279FD60}.Ad-Hoc|ARM.ActiveCfg = Release|ARM
		{65187ED1-BA7C-4F52-9D21-8BC79279FD60}.Ad-Hoc|ARM.Build.0 = Release|ARM
		{65187ED1-BA7C-4F52-9D21-8BC79279FD60}.Ad-Hoc|ARM.Deploy.0 = Release|ARM
		{65187ED1-BA7C-4F52-9D21-8BC79279FD60}.Ad-Hoc|iPhone.ActiveCfg = Release|x86
		{65187ED1-BA7C-4F52-9D21-8BC79279FD60}.Ad-Hoc|iPhone.Build.0 = Release|x86
		{65187ED1-BA7C-4F52-9D21-8BC79279FD60}.Ad-Hoc|iPhone.Deploy.0 = Release|x86
		{65187ED1-BA7C-4F52-9D21-8BC79279FD60}.Ad-Hoc|iPhoneSimulator.ActiveCfg = Release|x86
		{65187ED1-BA7C-4F52-9D21-8BC79279FD60}.Ad-Hoc|iPhoneSimulator.Build.0 = Release|x86
		{65187ED1-BA7C-4F52-9D21-8BC79279FD60}.Ad-Hoc|iPhoneSimulator.Deploy.0 = Release|x86
		{65187ED1-BA7C-4F52-9D21-8BC79279FD60}.Ad-Hoc|x64.ActiveCfg = Release|x64
		{65187ED1-BA7C-4F52-9D21-8BC79279FD60}.Ad-Hoc|x64.Build.0 = Release|x64
		{65187ED1-BA7C-4F52-9D21-8BC79279FD60}.Ad-Hoc|x64.Deploy.0 = Release|x64
		{65187ED1-BA7C-4F52-9D21-8BC79279FD60}.Ad-Hoc|x86.ActiveCfg = Release|x86
		{65187ED1-BA7C-4F52-9D21-8BC79279FD60}.Ad-Hoc|x86.Build.0 = Release|x86
		{65187ED1-BA7C-4F52-9D21-8BC79279FD60}.Ad-Hoc|x86.Deploy.0 = Release|x86
		{65187ED1-BA7C-4F52-9D21-8BC79279FD60}.AppStore|Any CPU.ActiveCfg = Release|x86
		{65187ED1-BA7C-4F52-9D21-8BC79279FD60}.AppStore|Any CPU.Build.0 = Release|x86
		{65187ED1-BA7C-4F52-9D21-8BC79279FD60}.AppStore|Any CPU.Deploy.0 = Release|x86
		{65187ED1-BA7C-4F52-9D21-8BC79279FD60}.AppStore|ARM.ActiveCfg = Release|ARM
		{65187ED1-BA7C-4F52-9D21-8BC79279FD60}.AppStore|ARM.Build.0 = Release|ARM
		{65187ED1-BA7C-4F52-9D21-8BC79279FD60}.AppStore|ARM.Deploy.0 = Release|ARM
		{65187ED1-BA7C-4F52-9D21-8BC79279FD60}.AppStore|iPhone.ActiveCfg = Release|x86
		{65187ED1-BA7C-4F52-9D21-8BC79279FD60}.AppStore|iPhone.Build.0 = Release|x86
		{65187ED1-BA7C-4F52-9D21-8BC79279FD60}.AppStore|iPhone.Deploy.0 = Release|x86
		{65187ED1-BA7C-4F52-9D21-8BC79279FD60}.AppStore|iPhoneSimulator.ActiveCfg = Release|x86
		{65187ED1-BA7C-4F52-9D21-8BC79279FD60}.AppStore|iPhoneSimulator.Build.0 = Release|x86
		{65187ED1-BA7C-4F52-9D21-8BC79279FD60}.AppStore|iPhoneSimulator.Deploy.0 = Release|x86
		{65187ED1-BA7C-4F52-9D21-8BC79279FD60}.AppStore|x64.ActiveCfg = Release|x64
		{65187ED1-BA7C-4F52-9D21-8BC79279FD60}.AppStore|x64.Build.0 = Release|x64
		{65187ED1-BA7C-4F52-9D21-8BC79279FD60}.AppStore|x64.Deploy.0 = Release|x64
		{65187ED1-BA7C-4F52-9D21-8BC79279FD60}.AppStore|x86.ActiveCfg = Release|x86
		{65187ED1-BA7C-4F52-9D21-8BC79279FD60}.AppStore|x86.Build.0 = Release|x86
		{65187ED1-BA7C-4F52-9D21-8BC79279FD60}.AppStore|x86.Deploy.0 = Release|x86
		{65187ED1-BA7C-4F52-9D21-8BC79279FD60}.Debug|Any CPU.ActiveCfg = Debug|x86
		{65187ED1-BA7C-4F52-9D21-8BC79279FD60}.Debug|ARM.ActiveCfg = Debug|ARM
		{65187ED1-BA7C-4F52-9D21-8BC79279FD60}.Debug|ARM.Build.0 = Debug|ARM
		{65187ED1-BA7C-4F52-9D21-8BC79279FD60}.Debug|ARM.Deploy.0 = Debug|ARM
		{65187ED1-BA7C-4F52-9D21-8BC79279FD60}.Debug|iPhone.ActiveCfg = Debug|x86
		{65187ED1-BA7C-4F52-9D21-8BC79279FD60}.Debug|iPhoneSimulator.ActiveCfg = Debug|x86
		{65187ED1-BA7C-4F52-9D21-8BC79279FD60}.Debug|x64.ActiveCfg = Debug|x64
		{65187ED1-BA7C-4F52-9D21-8BC79279FD60}.Debug|x64.Build.0 = Debug|x64
		{65187ED1-BA7C-4F52-9D21-8BC79279FD60}.Debug|x64.Deploy.0 = Debug|x64
		{65187ED1-BA7C-4F52-9D21-8BC79279FD60}.Debug|x86.ActiveCfg = Debug|x86
		{65187ED1-BA7C-4F52-9D21-8BC79279FD60}.Debug|x86.Build.0 = Debug|x86
		{65187ED1-BA7C-4F52-9D21-8BC79279FD60}.Debug|x86.Deploy.0 = Debug|x86
		{65187ED1-BA7C-4F52-9D21-8BC79279FD60}.Release|Any CPU.ActiveCfg = Release|x86
		{65187ED1-BA7C-4F52-9D21-8BC79279FD60}.Release|ARM.ActiveCfg = Release|ARM
		{65187ED1-BA7C-4F52-9D21-8BC79279FD60}.Release|ARM.Build.0 = Release|ARM
		{65187ED1-BA7C-4F52-9D21-8BC79279FD60}.Release|ARM.Deploy.0 = Release|ARM
		{65187ED1-BA7C-4F52-9D21-8BC79279FD60}.Release|iPhone.ActiveCfg = Release|x86
		{65187ED1-BA7C-4F52-9D21-8BC79279FD60}.Release|iPhoneSimulator.ActiveCfg = Release|x86
		{65187ED1-BA7C-4F52-9D21-8BC79279FD60}.Release|x64.ActiveCfg = Release|x64
		{65187ED1-BA7C-4F52-9D21-8BC79279FD60}.Release|x64.Build.0 = Release|x64
		{65187ED1-BA7C-4F52-9D21-8BC79279FD60}.Release|x64.Deploy.0 = Release|x64
		{65187ED1-BA7C-4F52-9D21-8BC79279FD60}.Release|x86.ActiveCfg = Release|x86
		{65187ED1-BA7C-4F52-9D21-8BC79279FD60}.Release|x86.Build.0 = Release|x86
		{65187ED1-BA7C-4F52-9D21-8BC79279FD60}.Release|x86.Deploy.0 = Release|x86
		{F52F2622-9364-4BFD-AC24-B753AE5C238E}.Ad-Hoc|Any CPU.ActiveCfg = Release|Any CPU
		{F52F2622-9364-4BFD-AC24-B753AE5C238E}.Ad-Hoc|Any CPU.Build.0 = Release|Any CPU
		{F52F2622-9364-4BFD-AC24-B753AE5C238E}.Ad-Hoc|Any CPU.Deploy.0 = Release|Any CPU
		{F52F2622-9364-4BFD-AC24-B753AE5C238E}.Ad-Hoc|ARM.ActiveCfg = Release|ARM
		{F52F2622-9364-4BFD-AC24-B753AE5C238E}.Ad-Hoc|ARM.Build.0 = Release|ARM
		{F52F2622-9364-4BFD-AC24-B753AE5C238E}.Ad-Hoc|ARM.Deploy.0 = Release|ARM
		{F52F2622-9364-4BFD-AC24-B753AE5C238E}.Ad-Hoc|iPhone.ActiveCfg = Release|Any CPU
		{F52F2622-9364-4BFD-AC24-B753AE5C238E}.Ad-Hoc|iPhone.Build.0 = Release|Any CPU
		{F52F2622-9364-4BFD-AC24-B753AE5C238E}.Ad-Hoc|iPhone.Deploy.0 = Release|Any CPU
		{F52F2622-9364-4BFD-AC24-B753AE5C238E}.Ad-Hoc|iPhoneSimulator.ActiveCfg = Release|Any CPU
		{F52F2622-9364-4BFD-AC24-B753AE5C238E}.Ad-Hoc|iPhoneSimulator.Build.0 = Release|Any CPU
		{F52F2622-9364-4BFD-AC24-B753AE5C238E}.Ad-Hoc|iPhoneSimulator.Deploy.0 = Release|Any CPU
		{F52F2622-9364-4BFD-AC24-B753AE5C238E}.Ad-Hoc|x64.ActiveCfg = Release|x64
		{F52F2622-9364-4BFD-AC24-B753AE5C238E}.Ad-Hoc|x64.Build.0 = Release|x64
		{F52F2622-9364-4BFD-AC24-B753AE5C238E}.Ad-Hoc|x64.Deploy.0 = Release|x64
		{F52F2622-9364-4BFD-AC24-B753AE5C238E}.Ad-Hoc|x86.ActiveCfg = Release|x86
		{F52F2622-9364-4BFD-AC24-B753AE5C238E}.Ad-Hoc|x86.Build.0 = Release|x86
		{F52F2622-9364-4BFD-AC24-B753AE5C238E}.Ad-Hoc|x86.Deploy.0 = Release|x86
		{F52F2622-9364-4BFD-AC24-B753AE5C238E}.AppStore|Any CPU.ActiveCfg = Release|Any CPU
		{F52F2622-9364-4BFD-AC24-B753AE5C238E}.AppStore|Any CPU.Build.0 = Release|Any CPU
		{F52F2622-9364-4BFD-AC24-B753AE5C238E}.AppStore|Any CPU.Deploy.0 = Release|Any CPU
		{F52F2622-9364-4BFD-AC24-B753AE5C238E}.AppStore|ARM.ActiveCfg = Release|ARM
		{F52F2622-9364-4BFD-AC24-B753AE5C238E}.AppStore|ARM.Build.0 = Release|ARM
		{F52F2622-9364-4BFD-AC24-B753AE5C238E}.AppStore|ARM.Deploy.0 = Release|ARM
		{F52F2622-9364-4BFD-AC24-B753AE5C238E}.AppStore|iPhone.ActiveCfg = Release|Any CPU
		{F52F2622-9364-4BFD-AC24-B753AE5C238E}.AppStore|iPhone.Build.0 = Release|Any CPU
		{F52F2622-9364-4BFD-AC24-B753AE5C238E}.AppStore|iPhone.Deploy.0 = Release|Any CPU
		{F52F2622-9364-4BFD-AC24-B753AE5C238E}.AppStore|iPhoneSimulator.ActiveCfg = Release|Any CPU
		{F52F2622-9364-4BFD-AC24-B753AE5C238E}.AppStore|iPhoneSimulator.Build.0 = Release|Any CPU
		{F52F2622-9364-4BFD-AC24-B753AE5C238E}.AppStore|iPhoneSimulator.Deploy.0 = Release|Any CPU
		{F52F2622-9364-4BFD-AC24-B753AE5C238E}.AppStore|x64.ActiveCfg = Release|x64
		{F52F2622-9364-4BFD-AC24-B753AE5C238E}.AppStore|x64.Build.0 = Release|x64
		{F52F2622-9364-4BFD-AC24-B753AE5C238E}.AppStore|x64.Deploy.0 = Release|x64
		{F52F2622-9364-4BFD-AC24-B753AE5C238E}.AppStore|x86.ActiveCfg = Release|x86
		{F52F2622-9364-4BFD-AC24-B753AE5C238E}.AppStore|x86.Build.0 = Release|x86
		{F52F2622-9364-4BFD-AC24-B753AE5C238E}.AppStore|x86.Deploy.0 = Release|x86
		{F52F2622-9364-4BFD-AC24-B753AE5C238E}.Debug|Any CPU.ActiveCfg = Debug|Any CPU
		{F52F2622-9364-4BFD-AC24-B753AE5C238E}.Debug|Any CPU.Build.0 = Debug|Any CPU
		{F52F2622-9364-4BFD-AC24-B753AE5C238E}.Debug|Any CPU.Deploy.0 = Debug|Any CPU
		{F52F2622-9364-4BFD-AC24-B753AE5C238E}.Debug|ARM.ActiveCfg = Debug|ARM
		{F52F2622-9364-4BFD-AC24-B753AE5C238E}.Debug|ARM.Build.0 = Debug|ARM
		{F52F2622-9364-4BFD-AC24-B753AE5C238E}.Debug|ARM.Deploy.0 = Debug|ARM
		{F52F2622-9364-4BFD-AC24-B753AE5C238E}.Debug|iPhone.ActiveCfg = Debug|Any CPU
		{F52F2622-9364-4BFD-AC24-B753AE5C238E}.Debug|iPhone.Build.0 = Debug|Any CPU
		{F52F2622-9364-4BFD-AC24-B753AE5C238E}.Debug|iPhone.Deploy.0 = Debug|Any CPU
		{F52F2622-9364-4BFD-AC24-B753AE5C238E}.Debug|iPhoneSimulator.ActiveCfg = Debug|Any CPU
		{F52F2622-9364-4BFD-AC24-B753AE5C238E}.Debug|iPhoneSimulator.Build.0 = Debug|Any CPU
		{F52F2622-9364-4BFD-AC24-B753AE5C238E}.Debug|iPhoneSimulator.Deploy.0 = Debug|Any CPU
		{F52F2622-9364-4BFD-AC24-B753AE5C238E}.Debug|x64.ActiveCfg = Debug|x64
		{F52F2622-9364-4BFD-AC24-B753AE5C238E}.Debug|x64.Build.0 = Debug|x64
		{F52F2622-9364-4BFD-AC24-B753AE5C238E}.Debug|x64.Deploy.0 = Debug|x64
		{F52F2622-9364-4BFD-AC24-B753AE5C238E}.Debug|x86.ActiveCfg = Debug|x86
		{F52F2622-9364-4BFD-AC24-B753AE5C238E}.Debug|x86.Build.0 = Debug|x86
		{F52F2622-9364-4BFD-AC24-B753AE5C238E}.Debug|x86.Deploy.0 = Debug|x86
		{F52F2622-9364-4BFD-AC24-B753AE5C238E}.Release|Any CPU.ActiveCfg = Release|Any CPU
		{F52F2622-9364-4BFD-AC24-B753AE5C238E}.Release|Any CPU.Build.0 = Release|Any CPU
		{F52F2622-9364-4BFD-AC24-B753AE5C238E}.Release|Any CPU.Deploy.0 = Release|Any CPU
		{F52F2622-9364-4BFD-AC24-B753AE5C238E}.Release|ARM.ActiveCfg = Release|ARM
		{F52F2622-9364-4BFD-AC24-B753AE5C238E}.Release|ARM.Build.0 = Release|ARM
		{F52F2622-9364-4BFD-AC24-B753AE5C238E}.Release|ARM.Deploy.0 = Release|ARM
		{F52F2622-9364-4BFD-AC24-B753AE5C238E}.Release|iPhone.ActiveCfg = Release|Any CPU
		{F52F2622-9364-4BFD-AC24-B753AE5C238E}.Release|iPhone.Build.0 = Release|Any CPU
		{F52F2622-9364-4BFD-AC24-B753AE5C238E}.Release|iPhone.Deploy.0 = Release|Any CPU
		{F52F2622-9364-4BFD-AC24-B753AE5C238E}.Release|iPhoneSimulator.ActiveCfg = Release|Any CPU
		{F52F2622-9364-4BFD-AC24-B753AE5C238E}.Release|iPhoneSimulator.Build.0 = Release|Any CPU
		{F52F2622-9364-4BFD-AC24-B753AE5C238E}.Release|iPhoneSimulator.Deploy.0 = Release|Any CPU
		{F52F2622-9364-4BFD-AC24-B753AE5C238E}.Release|x64.ActiveCfg = Release|x64
		{F52F2622-9364-4BFD-AC24-B753AE5C238E}.Release|x64.Build.0 = Release|x64
		{F52F2622-9364-4BFD-AC24-B753AE5C238E}.Release|x64.Deploy.0 = Release|x64
		{F52F2622-9364-4BFD-AC24-B753AE5C238E}.Release|x86.ActiveCfg = Release|x86
		{F52F2622-9364-4BFD-AC24-B753AE5C238E}.Release|x86.Build.0 = Release|x86
		{F52F2622-9364-4BFD-AC24-B753AE5C238E}.Release|x86.Deploy.0 = Release|x86
		{FE2B3E19-0096-4083-A573-E55B54519916}.Ad-Hoc|Any CPU.ActiveCfg = Release|Any CPU
		{FE2B3E19-0096-4083-A573-E55B54519916}.Ad-Hoc|Any CPU.Build.0 = Release|Any CPU
		{FE2B3E19-0096-4083-A573-E55B54519916}.Ad-Hoc|ARM.ActiveCfg = Release|Any CPU
		{FE2B3E19-0096-4083-A573-E55B54519916}.Ad-Hoc|ARM.Build.0 = Release|Any CPU
		{FE2B3E19-0096-4083-A573-E55B54519916}.Ad-Hoc|iPhone.ActiveCfg = Release|Any CPU
		{FE2B3E19-0096-4083-A573-E55B54519916}.Ad-Hoc|iPhone.Build.0 = Release|Any CPU
		{FE2B3E19-0096-4083-A573-E55B54519916}.Ad-Hoc|iPhoneSimulator.ActiveCfg = Release|Any CPU
		{FE2B3E19-0096-4083-A573-E55B54519916}.Ad-Hoc|iPhoneSimulator.Build.0 = Release|Any CPU
		{FE2B3E19-0096-4083-A573-E55B54519916}.Ad-Hoc|x64.ActiveCfg = Release|Any CPU
		{FE2B3E19-0096-4083-A573-E55B54519916}.Ad-Hoc|x64.Build.0 = Release|Any CPU
		{FE2B3E19-0096-4083-A573-E55B54519916}.Ad-Hoc|x86.ActiveCfg = Release|Any CPU
		{FE2B3E19-0096-4083-A573-E55B54519916}.Ad-Hoc|x86.Build.0 = Release|Any CPU
		{FE2B3E19-0096-4083-A573-E55B54519916}.AppStore|Any CPU.ActiveCfg = Release|Any CPU
		{FE2B3E19-0096-4083-A573-E55B54519916}.AppStore|Any CPU.Build.0 = Release|Any CPU
		{FE2B3E19-0096-4083-A573-E55B54519916}.AppStore|ARM.ActiveCfg = Release|Any CPU
		{FE2B3E19-0096-4083-A573-E55B54519916}.AppStore|ARM.Build.0 = Release|Any CPU
		{FE2B3E19-0096-4083-A573-E55B54519916}.AppStore|iPhone.ActiveCfg = Release|Any CPU
		{FE2B3E19-0096-4083-A573-E55B54519916}.AppStore|iPhone.Build.0 = Release|Any CPU
		{FE2B3E19-0096-4083-A573-E55B54519916}.AppStore|iPhoneSimulator.ActiveCfg = Release|Any CPU
		{FE2B3E19-0096-4083-A573-E55B54519916}.AppStore|iPhoneSimulator.Build.0 = Release|Any CPU
		{FE2B3E19-0096-4083-A573-E55B54519916}.AppStore|x64.ActiveCfg = Release|Any CPU
		{FE2B3E19-0096-4083-A573-E55B54519916}.AppStore|x64.Build.0 = Release|Any CPU
		{FE2B3E19-0096-4083-A573-E55B54519916}.AppStore|x86.ActiveCfg = Release|Any CPU
		{FE2B3E19-0096-4083-A573-E55B54519916}.AppStore|x86.Build.0 = Release|Any CPU
		{FE2B3E19-0096-4083-A573-E55B54519916}.Debug|Any CPU.ActiveCfg = Debug|Any CPU
		{FE2B3E19-0096-4083-A573-E55B54519916}.Debug|Any CPU.Build.0 = Debug|Any CPU
		{FE2B3E19-0096-4083-A573-E55B54519916}.Debug|ARM.ActiveCfg = Debug|Any CPU
		{FE2B3E19-0096-4083-A573-E55B54519916}.Debug|ARM.Build.0 = Debug|Any CPU
		{FE2B3E19-0096-4083-A573-E55B54519916}.Debug|iPhone.ActiveCfg = Debug|Any CPU
		{FE2B3E19-0096-4083-A573-E55B54519916}.Debug|iPhone.Build.0 = Debug|Any CPU
		{FE2B3E19-0096-4083-A573-E55B54519916}.Debug|iPhoneSimulator.ActiveCfg = Debug|Any CPU
		{FE2B3E19-0096-4083-A573-E55B54519916}.Debug|iPhoneSimulator.Build.0 = Debug|Any CPU
		{FE2B3E19-0096-4083-A573-E55B54519916}.Debug|x64.ActiveCfg = Debug|Any CPU
		{FE2B3E19-0096-4083-A573-E55B54519916}.Debug|x64.Build.0 = Debug|Any CPU
		{FE2B3E19-0096-4083-A573-E55B54519916}.Debug|x86.ActiveCfg = Debug|Any CPU
		{FE2B3E19-0096-4083-A573-E55B54519916}.Debug|x86.Build.0 = Debug|Any CPU
		{FE2B3E19-0096-4083-A573-E55B54519916}.Release|Any CPU.ActiveCfg = Release|Any CPU
		{FE2B3E19-0096-4083-A573-E55B54519916}.Release|Any CPU.Build.0 = Release|Any CPU
		{FE2B3E19-0096-4083-A573-E55B54519916}.Release|ARM.ActiveCfg = Release|Any CPU
		{FE2B3E19-0096-4083-A573-E55B54519916}.Release|ARM.Build.0 = Release|Any CPU
		{FE2B3E19-0096-4083-A573-E55B54519916}.Release|iPhone.ActiveCfg = Release|Any CPU
		{FE2B3E19-0096-4083-A573-E55B54519916}.Release|iPhone.Build.0 = Release|Any CPU
		{FE2B3E19-0096-4083-A573-E55B54519916}.Release|iPhoneSimulator.ActiveCfg = Release|Any CPU
		{FE2B3E19-0096-4083-A573-E55B54519916}.Release|iPhoneSimulator.Build.0 = Release|Any CPU
		{FE2B3E19-0096-4083-A573-E55B54519916}.Release|x64.ActiveCfg = Release|Any CPU
		{FE2B3E19-0096-4083-A573-E55B54519916}.Release|x64.Build.0 = Release|Any CPU
		{FE2B3E19-0096-4083-A573-E55B54519916}.Release|x86.ActiveCfg = Release|Any CPU
		{FE2B3E19-0096-4083-A573-E55B54519916}.Release|x86.Build.0 = Release|Any CPU
		{67F9D3A8-F71E-4428-913F-C37AE82CDB24}.Ad-Hoc|Any CPU.ActiveCfg = Release|Any CPU
		{67F9D3A8-F71E-4428-913F-C37AE82CDB24}.Ad-Hoc|Any CPU.Build.0 = Release|Any CPU
		{67F9D3A8-F71E-4428-913F-C37AE82CDB24}.Ad-Hoc|ARM.ActiveCfg = Release|Any CPU
		{67F9D3A8-F71E-4428-913F-C37AE82CDB24}.Ad-Hoc|ARM.Build.0 = Release|Any CPU
		{67F9D3A8-F71E-4428-913F-C37AE82CDB24}.Ad-Hoc|iPhone.ActiveCfg = Release|Any CPU
		{67F9D3A8-F71E-4428-913F-C37AE82CDB24}.Ad-Hoc|iPhone.Build.0 = Release|Any CPU
		{67F9D3A8-F71E-4428-913F-C37AE82CDB24}.Ad-Hoc|iPhoneSimulator.ActiveCfg = Release|Any CPU
		{67F9D3A8-F71E-4428-913F-C37AE82CDB24}.Ad-Hoc|iPhoneSimulator.Build.0 = Release|Any CPU
		{67F9D3A8-F71E-4428-913F-C37AE82CDB24}.Ad-Hoc|x64.ActiveCfg = Release|Any CPU
		{67F9D3A8-F71E-4428-913F-C37AE82CDB24}.Ad-Hoc|x64.Build.0 = Release|Any CPU
		{67F9D3A8-F71E-4428-913F-C37AE82CDB24}.Ad-Hoc|x86.ActiveCfg = Release|Any CPU
		{67F9D3A8-F71E-4428-913F-C37AE82CDB24}.Ad-Hoc|x86.Build.0 = Release|Any CPU
		{67F9D3A8-F71E-4428-913F-C37AE82CDB24}.AppStore|Any CPU.ActiveCfg = Release|Any CPU
		{67F9D3A8-F71E-4428-913F-C37AE82CDB24}.AppStore|Any CPU.Build.0 = Release|Any CPU
		{67F9D3A8-F71E-4428-913F-C37AE82CDB24}.AppStore|ARM.ActiveCfg = Release|Any CPU
		{67F9D3A8-F71E-4428-913F-C37AE82CDB24}.AppStore|ARM.Build.0 = Release|Any CPU
		{67F9D3A8-F71E-4428-913F-C37AE82CDB24}.AppStore|iPhone.ActiveCfg = Release|Any CPU
		{67F9D3A8-F71E-4428-913F-C37AE82CDB24}.AppStore|iPhone.Build.0 = Release|Any CPU
		{67F9D3A8-F71E-4428-913F-C37AE82CDB24}.AppStore|iPhoneSimulator.ActiveCfg = Release|Any CPU
		{67F9D3A8-F71E-4428-913F-C37AE82CDB24}.AppStore|iPhoneSimulator.Build.0 = Release|Any CPU
		{67F9D3A8-F71E-4428-913F-C37AE82CDB24}.AppStore|x64.ActiveCfg = Release|Any CPU
		{67F9D3A8-F71E-4428-913F-C37AE82CDB24}.AppStore|x64.Build.0 = Release|Any CPU
		{67F9D3A8-F71E-4428-913F-C37AE82CDB24}.AppStore|x86.ActiveCfg = Release|Any CPU
		{67F9D3A8-F71E-4428-913F-C37AE82CDB24}.AppStore|x86.Build.0 = Release|Any CPU
		{67F9D3A8-F71E-4428-913F-C37AE82CDB24}.Debug|Any CPU.ActiveCfg = Debug|Any CPU
		{67F9D3A8-F71E-4428-913F-C37AE82CDB24}.Debug|Any CPU.Build.0 = Debug|Any CPU
		{67F9D3A8-F71E-4428-913F-C37AE82CDB24}.Debug|ARM.ActiveCfg = Debug|Any CPU
		{67F9D3A8-F71E-4428-913F-C37AE82CDB24}.Debug|ARM.Build.0 = Debug|Any CPU
		{67F9D3A8-F71E-4428-913F-C37AE82CDB24}.Debug|iPhone.ActiveCfg = Debug|Any CPU
		{67F9D3A8-F71E-4428-913F-C37AE82CDB24}.Debug|iPhone.Build.0 = Debug|Any CPU
		{67F9D3A8-F71E-4428-913F-C37AE82CDB24}.Debug|iPhoneSimulator.ActiveCfg = Debug|Any CPU
		{67F9D3A8-F71E-4428-913F-C37AE82CDB24}.Debug|iPhoneSimulator.Build.0 = Debug|Any CPU
		{67F9D3A8-F71E-4428-913F-C37AE82CDB24}.Debug|x64.ActiveCfg = Debug|Any CPU
		{67F9D3A8-F71E-4428-913F-C37AE82CDB24}.Debug|x64.Build.0 = Debug|Any CPU
		{67F9D3A8-F71E-4428-913F-C37AE82CDB24}.Debug|x86.ActiveCfg = Debug|Any CPU
		{67F9D3A8-F71E-4428-913F-C37AE82CDB24}.Debug|x86.Build.0 = Debug|Any CPU
		{67F9D3A8-F71E-4428-913F-C37AE82CDB24}.Release|Any CPU.ActiveCfg = Release|Any CPU
		{67F9D3A8-F71E-4428-913F-C37AE82CDB24}.Release|Any CPU.Build.0 = Release|Any CPU
		{67F9D3A8-F71E-4428-913F-C37AE82CDB24}.Release|ARM.ActiveCfg = Release|Any CPU
		{67F9D3A8-F71E-4428-913F-C37AE82CDB24}.Release|ARM.Build.0 = Release|Any CPU
		{67F9D3A8-F71E-4428-913F-C37AE82CDB24}.Release|iPhone.ActiveCfg = Release|Any CPU
		{67F9D3A8-F71E-4428-913F-C37AE82CDB24}.Release|iPhone.Build.0 = Release|Any CPU
		{67F9D3A8-F71E-4428-913F-C37AE82CDB24}.Release|iPhoneSimulator.ActiveCfg = Release|Any CPU
		{67F9D3A8-F71E-4428-913F-C37AE82CDB24}.Release|iPhoneSimulator.Build.0 = Release|Any CPU
		{67F9D3A8-F71E-4428-913F-C37AE82CDB24}.Release|x64.ActiveCfg = Release|Any CPU
		{67F9D3A8-F71E-4428-913F-C37AE82CDB24}.Release|x64.Build.0 = Release|Any CPU
		{67F9D3A8-F71E-4428-913F-C37AE82CDB24}.Release|x86.ActiveCfg = Release|Any CPU
		{67F9D3A8-F71E-4428-913F-C37AE82CDB24}.Release|x86.Build.0 = Release|Any CPU
	EndGlobalSection
	GlobalSection(SolutionProperties) = preSolution
		HideSolutionNode = FALSE
	EndGlobalSection
EndGlobal
